{
    "version": 3,
    "terraform_version": "0.8.7",
    "serial": 1046,
    "lineage": "7cbba7d9-a71e-4f05-9e2c-554d75c941b4",
    "modules": [
        {
            "path": [
                "root"
            ],
            "outputs": {
                "key_file": {
                    "sensitive": false,
                    "type": "string",
                    "value": "~/.ssh/moio.pem"
                },
                "package_mirror_public_name": {
                    "sensitive": false,
                    "type": "string",
                    "value": "ec2-54-209-95-95.compute-1.amazonaws.com"
                }
            },
            "resources": {},
            "depends_on": []
        },
        {
            "path": [
                "root",
                "payroll"
            ],
            "outputs": {
                "configuration": {
                    "sensitive": false,
                    "type": "map",
                    "value": {
                        "hostname": "payroll.tf.local",
                        "id": "2706246c-797f-489c-ac93-130bdbf996e0"
                    }
                }
            },
            "resources": {},
            "depends_on": []
        },
        {
            "path": [
                "root",
                "credit"
            ],
            "outputs": {
                "configuration": {
                    "sensitive": false,
                    "type": "map",
                    "value": {
                        "hostname": "credit.tf.local",
                        "id": "d34677d7-8cbb-472b-9a8f-a57d25f4d0ce"
                    }
                }
            },
            "resources": {},
            "depends_on": []
        },
        {
            "path": [
                "root",
                "aws_minion"
            ],
            "outputs": {
                "private_names": {
                    "sensitive": false,
                    "type": "list",
                    "value": null
                }
            },
            "resources": {},
            "depends_on": []
        },
        {
            "path": [
                "root",
                "aws_minion_swarm"
            ],
            "outputs": {
                "private_names": {
                    "sensitive": false,
                    "type": "list",
                    "value": [
                        "ip-172-16-140-112.ec2.internal"
                    ]
                }
            },
            "resources": {},
            "depends_on": []
        },
        {
            "path": [
                "root",
                "aws_network"
            ],
            "outputs": {
                "private_security_group_id": {
                    "sensitive": false,
                    "type": "string",
                    "value": "sg-57fa822a"
                },
                "private_subnet_id": {
                    "sensitive": false,
                    "type": "string",
                    "value": "subnet-9ccd6ba0"
                },
                "public_security_group_id": {
                    "sensitive": false,
                    "type": "string",
                    "value": "sg-4cfa8231"
                },
                "public_subnet_id": {
                    "sensitive": false,
                    "type": "string",
                    "value": "subnet-9dcd6ba1"
                }
            },
            "resources": {
                "aws_internet_gateway.main": {
                    "type": "aws_internet_gateway",
                    "depends_on": [
                        "aws_vpc.main"
                    ],
                    "primary": {
                        "id": "igw-818901e6",
                        "attributes": {
                            "id": "igw-818901e6",
                            "tags.%": "1",
                            "tags.Name": "moio-sumaform-internet-gateway",
                            "vpc_id": "vpc-e31edc85"
                        },
                        "meta": {},
                        "tainted": false
                    },
                    "deposed": [],
                    "provider": ""
                },
                "aws_main_route_table_association.vpc_internet": {
                    "type": "aws_main_route_table_association",
                    "depends_on": [
                        "aws_route_table.internet",
                        "aws_vpc.main"
                    ],
                    "primary": {
                        "id": "rtbassoc-98f5f6e1",
                        "attributes": {
                            "id": "rtbassoc-98f5f6e1",
                            "original_route_table_id": "rtb-de122eb8",
                            "route_table_id": "rtb-a1122ec7",
                            "vpc_id": "vpc-e31edc85"
                        },
                        "meta": {},
                        "tainted": false
                    },
                    "deposed": [],
                    "provider": ""
                },
                "aws_route_table.internet": {
                    "type": "aws_route_table",
                    "depends_on": [
                        "aws_internet_gateway.main",
                        "aws_vpc.main"
                    ],
                    "primary": {
                        "id": "rtb-a1122ec7",
                        "attributes": {
                            "id": "rtb-a1122ec7",
                            "propagating_vgws.#": "0",
                            "route.#": "1",
                            "route.3217504432.cidr_block": "0.0.0.0/0",
                            "route.3217504432.gateway_id": "igw-818901e6",
                            "route.3217504432.instance_id": "",
                            "route.3217504432.nat_gateway_id": "",
                            "route.3217504432.network_interface_id": "",
                            "route.3217504432.vpc_peering_connection_id": "",
                            "tags.%": "1",
                            "tags.Name": "moio-sumaform-internet-route-table",
                            "vpc_id": "vpc-e31edc85"
                        },
                        "meta": {},
                        "tainted": false
                    },
                    "deposed": [],
                    "provider": ""
                },
                "aws_security_group.private": {
                    "type": "aws_security_group",
                    "depends_on": [
                        "aws_vpc.main",
                        "aws_vpc.main"
                    ],
                    "primary": {
                        "id": "sg-57fa822a",
                        "attributes": {
                            "description": "Allow all inbound and outbound connections within the VPC",
                            "egress.#": "1",
                            "egress.3438143660.cidr_blocks.#": "1",
                            "egress.3438143660.cidr_blocks.0": "172.16.0.0/16",
                            "egress.3438143660.from_port": "0",
                            "egress.3438143660.prefix_list_ids.#": "0",
                            "egress.3438143660.protocol": "-1",
                            "egress.3438143660.security_groups.#": "0",
                            "egress.3438143660.self": "false",
                            "egress.3438143660.to_port": "0",
                            "id": "sg-57fa822a",
                            "ingress.#": "1",
                            "ingress.3438143660.cidr_blocks.#": "1",
                            "ingress.3438143660.cidr_blocks.0": "172.16.0.0/16",
                            "ingress.3438143660.from_port": "0",
                            "ingress.3438143660.protocol": "-1",
                            "ingress.3438143660.security_groups.#": "0",
                            "ingress.3438143660.self": "false",
                            "ingress.3438143660.to_port": "0",
                            "name": "moio-sumaform-private-security-group",
                            "owner_id": "641080046364",
                            "tags.%": "1",
                            "tags.Name": "moio-sumaform-private-security-group",
                            "vpc_id": "vpc-e31edc85"
                        },
                        "meta": {},
                        "tainted": false
                    },
                    "deposed": [],
                    "provider": ""
                },
                "aws_security_group.public": {
                    "type": "aws_security_group",
                    "depends_on": [
                        "aws_subnet.private",
                        "aws_vpc.main"
                    ],
                    "primary": {
                        "id": "sg-4cfa8231",
                        "attributes": {
                            "description": "Allow inbound connections from the private subnet; allow SSH connections from whitelisted IPs; allow all outbound connections",
                            "egress.#": "1",
                            "egress.482069346.cidr_blocks.#": "1",
                            "egress.482069346.cidr_blocks.0": "0.0.0.0/0",
                            "egress.482069346.from_port": "0",
                            "egress.482069346.prefix_list_ids.#": "0",
                            "egress.482069346.protocol": "-1",
                            "egress.482069346.security_groups.#": "0",
                            "egress.482069346.self": "false",
                            "egress.482069346.to_port": "0",
                            "id": "sg-4cfa8231",
                            "ingress.#": "2",
                            "ingress.1349072501.cidr_blocks.#": "4",
                            "ingress.1349072501.cidr_blocks.0": "213.149.211.225/32",
                            "ingress.1349072501.cidr_blocks.1": "77.244.188.209/32",
                            "ingress.1349072501.cidr_blocks.2": "195.135.221.2/32",
                            "ingress.1349072501.cidr_blocks.3": "2.238.129.13/32",
                            "ingress.1349072501.from_port": "22",
                            "ingress.1349072501.protocol": "tcp",
                            "ingress.1349072501.security_groups.#": "0",
                            "ingress.1349072501.self": "false",
                            "ingress.1349072501.to_port": "22",
                            "ingress.4193484200.cidr_blocks.#": "1",
                            "ingress.4193484200.cidr_blocks.0": "172.16.128.0/17",
                            "ingress.4193484200.from_port": "0",
                            "ingress.4193484200.protocol": "-1",
                            "ingress.4193484200.security_groups.#": "0",
                            "ingress.4193484200.self": "false",
                            "ingress.4193484200.to_port": "0",
                            "name": "moio-sumaform-public-security-group",
                            "owner_id": "641080046364",
                            "tags.%": "1",
                            "tags.Name": "moio-sumaform-public-security-group",
                            "vpc_id": "vpc-e31edc85"
                        },
                        "meta": {},
                        "tainted": false
                    },
                    "deposed": [],
                    "provider": ""
                },
                "aws_subnet.private": {
                    "type": "aws_subnet",
                    "depends_on": [
                        "aws_vpc.main"
                    ],
                    "primary": {
                        "id": "subnet-9ccd6ba0",
                        "attributes": {
                            "availability_zone": "us-east-1e",
                            "cidr_block": "172.16.128.0/17",
                            "id": "subnet-9ccd6ba0",
                            "map_public_ip_on_launch": "false",
                            "tags.%": "1",
                            "tags.Name": "moio-sumaform-private-subnet",
                            "vpc_id": "vpc-e31edc85"
                        },
                        "meta": {},
                        "tainted": false
                    },
                    "deposed": [],
                    "provider": ""
                },
                "aws_subnet.public": {
                    "type": "aws_subnet",
                    "depends_on": [
                        "aws_vpc.main"
                    ],
                    "primary": {
                        "id": "subnet-9dcd6ba1",
                        "attributes": {
                            "availability_zone": "us-east-1e",
                            "cidr_block": "172.16.0.0/17",
                            "id": "subnet-9dcd6ba1",
                            "map_public_ip_on_launch": "true",
                            "tags.%": "1",
                            "tags.Name": "moio-sumaform-public-subnet",
                            "vpc_id": "vpc-e31edc85"
                        },
                        "meta": {},
                        "tainted": false
                    },
                    "deposed": [],
                    "provider": ""
                },
                "aws_vpc.main": {
                    "type": "aws_vpc",
                    "depends_on": [],
                    "primary": {
                        "id": "vpc-e31edc85",
                        "attributes": {
                            "cidr_block": "172.16.0.0/16",
                            "default_network_acl_id": "acl-de850ab8",
                            "default_route_table_id": "rtb-a1122ec7",
                            "default_security_group_id": "sg-68fa8215",
                            "dhcp_options_id": "dopt-bc8990de",
                            "enable_classiclink": "false",
                            "enable_dns_hostnames": "true",
                            "enable_dns_support": "true",
                            "id": "vpc-e31edc85",
                            "instance_tenancy": "default",
                            "main_route_table_id": "rtb-a1122ec7",
                            "tags.%": "1",
                            "tags.Name": "moio-sumaform-vpc"
                        },
                        "meta": {},
                        "tainted": false
                    },
                    "deposed": [],
                    "provider": ""
                }
            },
            "depends_on": []
        },
        {
            "path": [
                "root",
                "aws_package_mirror"
            ],
            "outputs": {
                "private_name": {
                    "sensitive": false,
                    "type": "string",
                    "value": "ip-172-16-103-213.ec2.internal"
                },
                "public_name": {
                    "sensitive": false,
                    "type": "string",
                    "value": "ec2-54-209-95-95.compute-1.amazonaws.com"
                }
            },
            "resources": {
                "aws_ebs_volume.data_disk": {
                    "type": "aws_ebs_volume",
                    "depends_on": [],
                    "primary": {
                        "id": "vol-66a2a5e7",
                        "attributes": {
                            "availability_zone": "us-east-1e",
                            "encrypted": "false",
                            "id": "vol-66a2a5e7",
                            "size": "500",
                            "snapshot_id": "snap-0081c4e2",
                            "tags.%": "1",
                            "tags.Name": "moio-sumaform-package-mirror-data-volume",
                            "type": "sc1"
                        },
                        "meta": {},
                        "tainted": false
                    },
                    "deposed": [],
                    "provider": ""
                },
                "aws_instance.instance": {
                    "type": "aws_instance",
                    "depends_on": [],
                    "primary": {
                        "id": "i-0f0e2cfc0ba40f126",
                        "attributes": {
                            "ami": "ami-33ee1f25",
                            "associate_public_ip_address": "true",
                            "availability_zone": "us-east-1e",
                            "disable_api_termination": "false",
                            "ebs_block_device.#": "1",
                            "ebs_block_device.2372185017.delete_on_termination": "false",
                            "ebs_block_device.2372185017.device_name": "/dev/xvdf",
                            "ebs_block_device.2372185017.encrypted": "false",
                            "ebs_block_device.2372185017.iops": "0",
                            "ebs_block_device.2372185017.snapshot_id": "snap-0081c4e2",
                            "ebs_block_device.2372185017.volume_size": "500",
                            "ebs_block_device.2372185017.volume_type": "sc1",
                            "ebs_optimized": "false",
                            "ephemeral_block_device.#": "0",
                            "iam_instance_profile": "",
                            "id": "i-0f0e2cfc0ba40f126",
                            "instance_state": "running",
                            "instance_type": "t2.small",
                            "key_name": "moio",
                            "monitoring": "false",
                            "network_interface_id": "eni-f01a5618",
                            "private_dns": "ip-172-16-103-213.ec2.internal",
                            "private_ip": "172.16.103.213",
                            "public_dns": "ec2-54-209-95-95.compute-1.amazonaws.com",
                            "public_ip": "54.209.95.95",
                            "root_block_device.#": "1",
                            "root_block_device.0.delete_on_termination": "true",
                            "root_block_device.0.iops": "100",
                            "root_block_device.0.volume_size": "10",
                            "root_block_device.0.volume_type": "gp2",
                            "security_groups.#": "0",
                            "source_dest_check": "true",
                            "subnet_id": "subnet-9dcd6ba1",
                            "tags.%": "1",
                            "tags.Name": "moio-sumaform-package-mirror",
                            "tenancy": "default",
                            "vpc_security_group_ids.#": "1",
                            "vpc_security_group_ids.975290908": "sg-4cfa8231"
                        },
                        "meta": {
                            "schema_version": "1"
                        },
                        "tainted": false
                    },
                    "deposed": [],
                    "provider": ""
                },
                "aws_volume_attachment.data_disk_attachment": {
                    "type": "aws_volume_attachment",
                    "depends_on": [
                        "aws_ebs_volume.data_disk",
                        "aws_instance.instance"
                    ],
                    "primary": {
                        "id": "vai-3447771964",
                        "attributes": {
                            "device_name": "/dev/xvdf",
                            "id": "vai-3447771964",
                            "instance_id": "i-0f0e2cfc0ba40f126",
                            "volume_id": "vol-66a2a5e7"
                        },
                        "meta": {},
                        "tainted": false
                    },
                    "deposed": [],
                    "provider": ""
                },
                "null_resource.package_mirror_salt_configuration": {
                    "type": "null_resource",
                    "depends_on": [
                        "aws_instance.instance",
                        "aws_instance.instance",
                        "aws_instance.instance",
                        "aws_instance.instance",
                        "aws_instance.instance"
                    ],
                    "primary": {
                        "id": "4653719550703059254",
                        "attributes": {
                            "id": "4653719550703059254",
                            "triggers.%": "1",
                            "triggers.instance_id": "i-0f0e2cfc0ba40f126"
                        },
                        "meta": {},
                        "tainted": false
                    },
                    "deposed": [],
                    "provider": ""
                }
            },
            "depends_on": []
        },
        {
            "path": [
                "root",
                "aws_suma3pg"
            ],
            "outputs": {
                "private_names": {
                    "sensitive": false,
                    "type": "list",
                    "value": [
                        "ip-172-16-228-27.ec2.internal"
                    ]
                }
            },
            "resources": {},
            "depends_on": []
        },
        {
            "path": [
                "root",
                "base"
            ],
            "outputs": {
                "configuration": {
                    "sensitive": false,
                    "type": "map",
                    "value": {
                        "bridge": "",
                        "cc_password": "a48210ea39",
                        "cc_username": "UC7",
                        "domain": "tf.local",
                        "name_prefix": "",
                        "network_name": "default",
                        "package_mirror": "package-mirror.tf.local",
                        "pool": "default",
                        "ssh_key_path": "~/.ssh/id_rsa.pub",
                        "timezone": "Europe/Berlin",
                        "use_avahi": "True"
                    }
                }
            },
            "resources": {
                "libvirt_volume.centos7": {
                    "type": "libvirt_volume",
                    "depends_on": [],
                    "primary": {
                        "id": "/var/lib/libvirt/images/centos7",
                        "attributes": {
                            "id": "/var/lib/libvirt/images/centos7",
                            "name": "centos7",
                            "pool": "default",
                            "size": "109951582208",
                            "source": "https://download.host/~user/sumaform-images/centos7_v2.qcow2"
                        },
                        "meta": {},
                        "tainted": false
                    },
                    "deposed": [],
                    "provider": ""
                },
                "libvirt_volume.opensuse422": {
                    "type": "libvirt_volume",
                    "depends_on": [],
                    "primary": {
                        "id": "/var/lib/libvirt/images/opensuse422",
                        "attributes": {
                            "id": "/var/lib/libvirt/images/opensuse422",
                            "name": "opensuse422",
                            "pool": "default",
                            "size": "107374182400",
                            "source": "http://download.opensuse.org/repositories/home:/SilvioMoioli:/Terraform:/Images/images/opensuse422.x86_64.qcow2"
                        },
                        "meta": {},
                        "tainted": false
                    },
                    "deposed": [],
                    "provider": ""
                },
                "libvirt_volume.sles11sp3": {
                    "type": "libvirt_volume",
                    "depends_on": [],
                    "primary": {
                        "id": "/var/lib/libvirt/images/sles11sp3",
                        "attributes": {
                            "id": "/var/lib/libvirt/images/sles11sp3",
                            "name": "sles11sp3",
                            "pool": "default",
                            "size": "107374182400",
                            "source": "http://download.host/ibs/Devel:/Galaxy:/Terraform:/Images/images/sles11sp3.x86_64.qcow2"
                        },
                        "meta": {},
                        "tainted": false
                    },
                    "deposed": [],
                    "provider": ""
                },
                "libvirt_volume.sles11sp4": {
                    "type": "libvirt_volume",
                    "depends_on": [],
                    "primary": {
                        "id": "/var/lib/libvirt/images/sles11sp4",
                        "attributes": {
                            "id": "/var/lib/libvirt/images/sles11sp4",
                            "name": "sles11sp4",
                            "pool": "default",
                            "size": "107374182400",
                            "source": "http://download.host/ibs/Devel:/Galaxy:/Terraform:/Images/images/sles11sp4.x86_64.qcow2"
                        },
                        "meta": {},
                        "tainted": false
                    },
                    "deposed": [],
                    "provider": ""
                },
                "libvirt_volume.sles12": {
                    "type": "libvirt_volume",
                    "depends_on": [],
                    "primary": {
                        "id": "/var/lib/libvirt/images/sles12",
                        "attributes": {
                            "id": "/var/lib/libvirt/images/sles12",
                            "name": "sles12",
                            "pool": "default",
                            "size": "107374182400",
                            "source": "http://download.host/ibs/Devel:/Galaxy:/Terraform:/Images/images/sles12.x86_64.qcow2"
                        },
                        "meta": {},
                        "tainted": false
                    },
                    "deposed": [],
                    "provider": ""
                },
                "libvirt_volume.sles12sp1": {
                    "type": "libvirt_volume",
                    "depends_on": [],
                    "primary": {
                        "id": "/var/lib/libvirt/images/sles12sp1",
                        "attributes": {
                            "id": "/var/lib/libvirt/images/sles12sp1",
                            "name": "sles12sp1",
                            "pool": "default",
                            "size": "107374182400",
                            "source": "http://download.host/ibs/Devel:/Galaxy:/Terraform:/Images/images/sles12sp1.x86_64.qcow2"
                        },
                        "meta": {},
                        "tainted": false
                    },
                    "deposed": [],
                    "provider": ""
                },
                "libvirt_volume.sles12sp2": {
                    "type": "libvirt_volume",
                    "depends_on": [],
                    "primary": {
                        "id": "/var/lib/libvirt/images/sles12sp2",
                        "attributes": {
                            "id": "/var/lib/libvirt/images/sles12sp2",
                            "name": "sles12sp2",
                            "pool": "default",
                            "size": "107374182400",
                            "source": "http://download.host/ibs/Devel:/Galaxy:/Terraform:/Images/images/sles12sp2.x86_64.qcow2"
                        },
                        "meta": {},
                        "tainted": false
                    },
                    "deposed": [],
                    "provider": ""
                }
            },
            "depends_on": []
        },
        {
            "path": [
                "root",
                "nylon"
            ],
            "outputs": {
                "configuration": {
                    "sensitive": false,
                    "type": "map",
                    "value": {
                        "hostname": "nylon.tf.local",
                        "id": "97d85c69-a7ed-4abe-b67a-699eab4c861a"
                    }
                }
            },
            "resources": {},
            "depends_on": []
        },
        {
            "path": [
                "root",
                "c"
            ],
            "outputs": {
                "configuration": {
                    "sensitive": false,
                    "type": "map",
                    "value": {
                        "hostname": "c.tf.local",
                        "id": "9f78af83-ffaa-4e75-aec5-dbc9edafee79"
                    }
                }
            },
            "resources": {},
            "depends_on": []
        },
        {
            "path": [
                "root",
                "cli"
            ],
            "outputs": {
                "configuration": {
                    "sensitive": false,
                    "type": "map",
                    "value": {
                        "hostname": "cli.tf.local",
                        "id": "459d3c5b-6c94-4e0c-bc52-f8abd29bfd59"
                    }
                }
            },
            "resources": {},
            "depends_on": []
        },
        {
            "path": [
                "root",
                "cli2"
            ],
            "outputs": {
                "configuration": {
                    "sensitive": false,
                    "type": "map",
                    "value": {
                        "hostname": "cli2.tf.local",
                        "id": "98479be9-91d9-443d-b2d1-4cc5fd838ca4"
                    }
                }
            },
            "resources": {},
            "depends_on": []
        },
        {
            "path": [
                "root",
                "clisles11sp3"
            ],
            "outputs": {
                "configuration": {
                    "sensitive": false,
                    "type": "map",
                    "value": {
                        "hostname": "clisles11sp3.tf.local",
                        "id": "ca6733aa-c4f7-4e5e-a7d3-d1e60cc33e94"
                    }
                },
                "hostname": {
                    "sensitive": false,
                    "type": "string",
                    "value": "moioclisles11sp3.tf.local"
                }
            },
            "resources": {},
            "depends_on": []
        },
        {
            "path": [
                "root",
                "clisles11sp4"
            ],
            "outputs": {
                "configuration": {
                    "sensitive": false,
                    "type": "map",
                    "value": {
                        "hostname": "clisles11sp4.tf.local",
                        "id": "a6d5a285-2955-46ac-ac68-39947a8fe400"
                    }
                }
            },
            "resources": {},
            "depends_on": []
        },
        {
            "path": [
                "root",
                "clisles12sp1"
            ],
            "outputs": {
                "configuration": {
                    "sensitive": false,
                    "type": "map",
                    "value": {
                        "hostname": "clisles12sp1.tf.local",
                        "id": "06dddb57-9c6a-4588-bc25-2ef6388eeebe"
                    }
                }
            },
            "resources": {},
            "depends_on": []
        },
        {
            "path": [
                "root",
                "clisles12sp2"
            ],
            "outputs": {
                "configuration": {
                    "sensitive": false,
                    "type": "map",
                    "value": {
                        "hostname": "clisles12sp2.tf.local",
                        "id": "c9849b38-e1d3-4401-8253-cc900dfa742f"
                    }
                }
            },
            "resources": {},
            "depends_on": []
        },
        {
            "path": [
                "root",
                "insurance"
            ],
            "outputs": {
                "configuration": {
                    "sensitive": false,
                    "type": "map",
                    "value": {
                        "hostname": "insurance.tf.local",
                        "id": "f27933fa-3659-4013-9fdc-a2e8eae56e05"
                    }
                }
            },
            "resources": {},
            "depends_on": []
        },
        {
            "path": [
                "root",
                "healthsms001"
            ],
            "outputs": {
                "configuration": {
                    "sensitive": false,
                    "type": "map",
                    "value": {
                        "hostname": "healthsms001.tf.local",
                        "id": "013fccb7-4de1-4de8-9b2d-2f78b7e6a4cd"
                    }
                }
            },
            "resources": {},
            "depends_on": []
        },
        {
            "path": [
                "root",
                "iilsuma01"
            ],
            "outputs": {
                "configuration": {
                    "sensitive": false,
                    "type": "map",
                    "value": {
                        "hostname": "iilsuma01.tf.local",
                        "id": "e86c6732-cb3a-4a1a-878d-639e50b8da90"
                    }
                }
            },
            "resources": {},
            "depends_on": []
        },
        {
            "path": [
                "root",
                "images"
            ],
            "outputs": {
                "opensuse421": {
                    "sensitive": false,
                    "type": "string",
                    "value": "/var/lib/libvirt/images/sumaform_opensuse421"
                },
                "sles11sp3": {
                    "sensitive": false,
                    "type": "string",
                    "value": "/var/lib/libvirt/images/sumaform_sles11sp3"
                },
                "sles11sp4": {
                    "sensitive": false,
                    "type": "string",
                    "value": "/var/lib/libvirt/images/sumaform_sles11sp4"
                },
                "sles12": {
                    "sensitive": false,
                    "type": "string",
                    "value": "/var/lib/libvirt/images/sumaform_sles12"
                },
                "sles12sp1": {
                    "sensitive": false,
                    "type": "string",
                    "value": "/var/lib/libvirt/images/sumaform_sles12sp1"
                }
            },
            "resources": {},
            "depends_on": []
        },
        {
            "path": [
                "root",
                "chip"
            ],
            "outputs": {
                "configuration": {
                    "sensitive": false,
                    "type": "map",
                    "value": {
                        "hostname": "chip.tf.local",
                        "id": "e3836ca0-0247-4286-8a49-f5249c8e1d95"
                    }
                }
            },
            "resources": {},
            "depends_on": []
        },
        {
            "path": [
                "root",
                "soup"
            ],
            "outputs": {
                "configuration": {
                    "sensitive": false,
                    "type": "map",
                    "value": {
                        "hostname": "soup.tf.local",
                        "id": "dad0c9fb-a965-4459-a809-5901a3300ab3"
                    }
                }
            },
            "resources": {},
            "depends_on": []
        },
        {
            "path": [
                "root",
                "m"
            ],
            "outputs": {
                "configuration": {
                    "sensitive": false,
                    "type": "map",
                    "value": {
                        "hostname": "m.tf.local",
                        "id": "54df2c11-714a-4b7d-8b22-285da22fa555"
                    }
                }
            },
            "resources": {},
            "depends_on": []
        },
        {
            "path": [
                "root",
                "min"
            ],
            "outputs": {
                "configuration": {
                    "sensitive": false,
                    "type": "map",
                    "value": {
                        "hostname": "min.tf.local",
                        "id": "9bbbfb0e-b42d-4c8f-97fb-c3509d544cf3"
                    }
                }
            },
            "resources": {},
            "depends_on": []
        },
        {
            "path": [
                "root",
                "min2"
            ],
            "outputs": {
                "configuration": {
                    "sensitive": false,
                    "type": "map",
                    "value": {
                        "hostname": "min2.tf.local",
                        "id": "baf1a403-bd9d-42d8-b4d9-f36dd1e9bdde"
                    }
                }
            },
            "resources": {},
            "depends_on": []
        },
        {
            "path": [
                "root",
                "min3"
            ],
            "outputs": {},
            "resources": {},
            "depends_on": []
        },
        {
            "path": [
                "root",
                "min4"
            ],
            "outputs": {
                "configuration": {
                    "sensitive": false,
                    "type": "map",
                    "value": {
                        "hostname": "min4.tf.local",
                        "id": "46e5178b-7504-4f91-93c3-874a916bf69f"
                    }
                }
            },
            "resources": {},
            "depends_on": []
        },
        {
            "path": [
                "root",
                "min41"
            ],
            "outputs": {
                "configuration": {
                    "sensitive": false,
                    "type": "map",
                    "value": {
                        "hostname": "min41.tf.local",
                        "id": "5b85c8b4-d698-4791-bc4d-d1f2a6da6649"
                    }
                }
            },
            "resources": {},
            "depends_on": []
        },
        {
            "path": [
                "root",
                "min5"
            ],
            "outputs": {
                "configuration": {
                    "sensitive": false,
                    "type": "map",
                    "value": {
                        "hostname": "min5.tf.local",
                        "id": "36c24c02-922c-4281-98ec-30d1f78f85d8"
                    }
                }
            },
            "resources": {},
            "depends_on": []
        },
        {
            "path": [
                "root",
                "minion-swarm"
            ],
            "outputs": {
                "configuration": {
                    "sensitive": false,
                    "type": "map",
                    "value": {
                        "hostname": "ms.tf.local",
                        "id": "1a7230be-1d49-4c1f-a98d-27d1bc3f7763"
                    }
                }
            },
            "resources": {},
            "depends_on": []
        },
        {
            "path": [
                "root",
                "minionsles12sp1"
            ],
            "outputs": {
                "hostname": {
                    "sensitive": false,
                    "type": "string",
                    "value": "moiominionsles12sp1.tf.local"
                }
            },
            "resources": {},
            "depends_on": []
        },
        {
            "path": [
                "root",
                "minsles12sp1"
            ],
            "outputs": {
                "configuration": {
                    "sensitive": false,
                    "type": "map",
                    "value": {
                        "hostname": "minsles12sp1.tf.local",
                        "id": "8e88c195-e53f-47b1-b677-0a558b87a5f3"
                    }
                }
            },
            "resources": {},
            "depends_on": []
        },
        {
            "path": [
                "root",
                "network"
            ],
            "outputs": {},
            "resources": {},
            "depends_on": []
        },
        {
            "path": [
                "root",
                "novell"
            ],
            "outputs": {
                "configuration": {
                    "sensitive": false,
                    "type": "map",
                    "value": {
                        "hostname": "novell.tf.local",
                        "id": "0958f8e3-bdf8-4f5b-ac1e-5ed7670a7fd3"
                    }
                }
            },
            "resources": {},
            "depends_on": []
        },
        {
            "path": [
                "root",
                "opensuse421"
            ],
            "outputs": {
                "id": {
                    "sensitive": false,
                    "type": "string",
                    "value": "/var/lib/libvirt/images/moioopensuse421"
                }
            },
            "resources": {},
            "depends_on": []
        },
        {
            "path": [
                "root",
                "package_mirror"
            ],
            "outputs": {},
            "resources": {
                "libvirt_volume.data_disk": {
                    "type": "libvirt_volume",
                    "depends_on": [],
                    "primary": {
                        "id": "/media/silvio/264a475e-bd0b-43bc-a218-bfae225ef24a/images/terraform_package_mirror_data_disk",
                        "attributes": {
                            "id": "/media/silvio/264a475e-bd0b-43bc-a218-bfae225ef24a/images/terraform_package_mirror_data_disk",
                            "name": "terraform_package_mirror_data_disk",
                            "pool": "data",
                            "size": "1099511627776"
                        },
                        "meta": {},
                        "tainted": false
                    },
                    "deposed": [],
                    "provider": ""
                }
            },
            "depends_on": []
        },
        {
            "path": [
                "root",
                "pglsuma01"
            ],
            "outputs": {
                "configuration": {
                    "sensitive": false,
                    "type": "map",
                    "value": {
                        "hostname": "pglsuma01.tf.local",
                        "id": "8cfda9c8-aa26-4d0d-a038-224c33392a45"
                    }
                }
            },
            "resources": {},
            "depends_on": []
        },
        {
            "path": [
                "root",
                "uni"
            ],
            "outputs": {
                "configuration": {
                    "sensitive": false,
                    "type": "map",
                    "value": {
                        "hostname": "uni.tf.local",
                        "id": "e08382fe-a81f-47f0-b10c-78aa62b1188b"
                    }
                }
            },
            "resources": {},
            "depends_on": []
        },
        {
            "path": [
                "root",
                "proxy"
            ],
            "outputs": {
                "configuration": {
                    "sensitive": false,
                    "type": "map",
                    "value": {
                        "hostname": "proxy.tf.local",
                        "id": "128946e1-4abc-48e5-9f46-b775d4561df7"
                    }
                }
            },
            "resources": {},
            "depends_on": []
        },
        {
            "path": [
                "root",
                "proxy1"
            ],
            "outputs": {
                "configuration": {
                    "sensitive": false,
                    "type": "map",
                    "value": {
                        "hostname": "proxy1.tf.local",
                        "id": "36fc996c-4f70-4a18-b6e7-f113e7e46854"
                    }
                }
            },
            "resources": {},
            "depends_on": []
        },
        {
            "path": [
                "root",
                "proxy2"
            ],
            "outputs": {
                "configuration": {
                    "sensitive": false,
                    "type": "map",
                    "value": {
                        "hostname": "proxy2.tf.local",
                        "id": "af0eab21-b356-4976-9843-0b0d5d30a1bc"
                    }
                }
            },
            "resources": {},
            "depends_on": []
        },
        {
            "path": [
                "root",
                "sles11sp3"
            ],
            "outputs": {
                "id": {
                    "sensitive": false,
                    "type": "string",
                    "value": "/var/lib/libvirt/images/moiosles11sp3"
                }
            },
            "resources": {},
            "depends_on": []
        },
        {
            "path": [
                "root",
                "sles12sp1"
            ],
            "outputs": {
                "id": {
                    "sensitive": false,
                    "type": "string",
                    "value": "/var/lib/libvirt/images/moiosles12sp1"
                }
            },
            "resources": {},
            "depends_on": []
        },
        {
            "path": [
                "root",
                "suma"
            ],
            "outputs": {
                "configuration": {
                    "sensitive": false,
                    "type": "map",
                    "value": {
                        "hostname": "suma.tf.local",
                        "id": "d4b66f52-32fa-4f7f-9260-d0b43f427d8c"
                    }
                }
            },
            "resources": {},
            "depends_on": []
        },
        {
            "path": [
                "root",
                "suma21pg"
            ],
            "outputs": {
                "configuration": {
                    "sensitive": false,
                    "type": "map",
                    "value": {
                        "hostname": "suma21pg.tf.local",
                        "id": "f8672cc6-6b52-4615-b15a-725baefdb909"
                    }
                },
                "hostname": {
                    "sensitive": false,
                    "type": "string",
                    "value": "suma21pg.tf.local"
                }
            },
            "resources": {},
            "depends_on": []
        },
        {
            "path": [
                "root",
                "suma21pgm"
            ],
            "outputs": {
                "hostname": {
                    "sensitive": false,
                    "type": "string",
                    "value": "suma21pgm.tf.local"
                }
            },
            "resources": {},
            "depends_on": []
        },
        {
            "path": [
                "root",
                "suma21pgs"
            ],
            "outputs": {
                "configuration": {
                    "sensitive": false,
                    "type": "map",
                    "value": {
                        "hostname": "suma3pgs.tf.local",
                        "id": "acab7433-0ae5-4ac7-ba15-53682f9b9df2"
                    }
                },
                "hostname": {
                    "sensitive": false,
                    "type": "string",
                    "value": "suma21pgs.tf.local"
                }
            },
            "resources": {},
            "depends_on": []
        },
        {
            "path": [
                "root",
                "suma21spg"
            ],
            "outputs": {
                "configuration": {
                    "sensitive": false,
                    "type": "map",
                    "value": {
                        "hostname": "suma21spg.tf.local",
                        "id": "91f518b7-612c-4621-b184-3d43379588da"
                    }
                }
            },
            "resources": {},
            "depends_on": []
        },
        {
            "path": [
                "root",
                "suma3pg"
            ],
            "outputs": {
                "configuration": {
                    "sensitive": false,
                    "type": "map",
                    "value": {
                        "hostname": "suma3pg.tf.local",
                        "id": "a37fc826-1167-48ae-a81b-3a12a422bc74"
                    }
                }
            },
            "resources": {},
            "depends_on": []
        },
        {
            "path": [
                "root",
                "suma3pgh"
            ],
            "outputs": {
                "configuration": {
                    "sensitive": false,
                    "type": "map",
                    "value": {
                        "hostname": "suma3pgh.tf.local",
                        "id": "07d41eff-3e83-4e66-ac95-5e39db124012"
                    }
                }
            },
            "resources": {},
            "depends_on": []
        },
        {
            "path": [
                "root",
                "suma3pgm"
            ],
            "outputs": {
                "configuration": {
                    "sensitive": false,
                    "type": "map",
                    "value": {
                        "hostname": "suma3pgm.tf.local",
                        "id": "0f4c562c-7f9e-425f-99df-15946eb8b465"
                    }
                }
            },
            "resources": {},
            "depends_on": []
        },
        {
            "path": [
                "root",
                "suma3pgs"
            ],
            "outputs": {
                "configuration": {
                    "sensitive": false,
                    "type": "map",
                    "value": {
                        "hostname": "suma3pgs.tf.local",
                        "id": "bb581ede-1607-4947-874b-00f304f64806"
                    }
                }
            },
            "resources": {},
            "depends_on": []
        },
        {
            "path": [
                "root",
                "suma3pgts"
            ],
            "outputs": {
                "configuration": {
                    "sensitive": false,
                    "type": "map",
                    "value": {
                        "hostname": "suma3pgts.tf.local",
                        "id": "c3c86821-42c5-4456-9996-5cffe7bc4d49"
                    }
                }
            },
            "resources": {},
            "depends_on": []
        },
        {
            "path": [
                "root",
                "suma3spg"
            ],
            "outputs": {
                "configuration": {
                    "sensitive": false,
                    "type": "map",
                    "value": {
                        "hostname": "suma3spg.tf.local",
                        "id": "017bec82-3c7a-4f74-a8c7-f8fa6f4d2cf4"
                    }
                }
            },
            "resources": {},
            "depends_on": []
        },
        {
            "path": [
                "root",
                "sumahepayrollg"
            ],
            "outputs": {},
            "resources": {},
            "depends_on": []
        },
        {
            "path": [
                "root",
                "vanilla"
            ],
            "outputs": {
                "configuration": {
                    "sensitive": false,
                    "type": "map",
                    "value": {
                        "hostname": "vanilla.tf.local",
                        "id": "966b2d7d-b653-455f-a163-966c908ab148"
                    }
                }
            },
            "resources": {},
            "depends_on": []
        },
        {
            "path": [
                "root",
                "vsles11sp3"
            ],
            "outputs": {
                "configuration": {
                    "sensitive": false,
                    "type": "map",
                    "value": {
                        "hostname": "vsles11sp3.tf.local",
                        "id": "05ca0d03-f533-4699-ae3f-82012b4979a5"
                    }
                }
            },
            "resources": {},
            "depends_on": []
        },
        {
            "path": [
                "root",
                "vsles11sp4"
            ],
            "outputs": {
                "configuration": {
                    "sensitive": false,
                    "type": "map",
                    "value": {
                        "hostname": "vsles11sp4.tf.local",
                        "id": "28dc7606-a99c-4c91-94b0-e9fe47c02692"
                    }
                }
            },
            "resources": {},
            "depends_on": []
        },
        {
            "path": [
                "root",
                "vsles12"
            ],
            "outputs": {
                "configuration": {
                    "sensitive": false,
                    "type": "map",
                    "value": {
                        "hostname": "vsles12.tf.local",
                        "id": "e0925ede-b11f-4edf-ae2c-05cd1b7bd66b"
                    }
                }
            },
            "resources": {},
            "depends_on": []
        },
        {
            "path": [
                "root",
                "vsles12sp1"
            ],
            "outputs": {
                "configuration": {
                    "sensitive": false,
                    "type": "map",
                    "value": {
                        "hostname": "vsles12sp1.tf.local",
                        "id": "8e9ea6a0-5dd2-4304-b72e-673e3b58a8e5"
                    }
                }
            },
            "resources": {},
            "depends_on": []
        },
        {
            "path": [
                "root",
                "vsles12sp2"
            ],
            "outputs": {
                "configuration": {
                    "sensitive": false,
                    "type": "map",
                    "value": {
                        "hostname": "vsles12sp2.tf.local",
                        "id": "406767cc-d9cd-449d-808b-b3fdef0d7342"
                    }
                }
            },
            "resources": {},
            "depends_on": []
        },
        {
            "path": [
                "root",
                "payroll",
                "postgres"
            ],
            "outputs": {
                "configuration": {
                    "sensitive": false,
                    "type": "map",
                    "value": {
                        "hostname": "payroll.tf.local",
                        "id": "2706246c-797f-489c-ac93-130bdbf996e0"
                    }
                }
            },
            "resources": {},
            "depends_on": []
        },
        {
            "path": [
                "root",
                "credit",
                "postgres"
            ],
            "outputs": {
                "configuration": {
                    "sensitive": false,
                    "type": "map",
                    "value": {
                        "hostname": "credit.tf.local",
                        "id": "d34677d7-8cbb-472b-9a8f-a57d25f4d0ce"
                    }
                }
            },
            "resources": {},
            "depends_on": []
        },
        {
            "path": [
                "root",
                "nylon",
                "postgres"
            ],
            "outputs": {
                "configuration": {
                    "sensitive": false,
                    "type": "map",
                    "value": {
                        "hostname": "nylon.tf.local",
                        "id": "97d85c69-a7ed-4abe-b67a-699eab4c861a"
                    }
                }
            },
            "resources": {},
            "depends_on": []
        },
        {
            "path": [
                "root",
                "c",
                "client"
            ],
            "outputs": {
                "configuration": {
                    "sensitive": false,
                    "type": "map",
                    "value": {
                        "hostname": "c.tf.local",
                        "id": "9f78af83-ffaa-4e75-aec5-dbc9edafee79"
                    }
                }
            },
            "resources": {},
            "depends_on": []
        },
        {
            "path": [
                "root",
                "cli",
                "client"
            ],
            "outputs": {
                "configuration": {
                    "sensitive": false,
                    "type": "map",
                    "value": {
                        "hostname": "cli.tf.local",
                        "id": "459d3c5b-6c94-4e0c-bc52-f8abd29bfd59"
                    }
                }
            },
            "resources": {
                "libvirt_domain.domain": {
                    "type": "libvirt_domain",
                    "depends_on": [
                        "libvirt_volume.main_disk"
                    ],
                    "primary": {
                        "id": "459d3c5b-6c94-4e0c-bc52-f8abd29bfd59",
                        "attributes": {
                            "disk.#": "1",
                            "disk.0.%": "1",
                            "disk.0.volume_id": "/var/lib/libvirt/images/cli-main-disk",
                            "firmware": "",
                            "id": "459d3c5b-6c94-4e0c-bc52-f8abd29bfd59",
                            "memory": "512",
                            "metadata": "",
                            "name": "cli",
                            "network_interface.#": "1",
                            "network_interface.0.addresses.#": "0",
                            "network_interface.0.bridge": "",
                            "network_interface.0.hostname": "",
                            "network_interface.0.mac": "5A:E0:A0:6C:98:B8",
                            "network_interface.0.macvtap": "",
                            "network_interface.0.network_id": "4f777fb0-b96e-4d10-941f-30824cb55824",
                            "network_interface.0.network_name": "default",
                            "network_interface.0.passthrough": "",
                            "network_interface.0.vepa": "",
                            "network_interface.0.wait_for_lease": "true",
                            "nvram": "",
                            "running": "false",
                            "vcpu": "1"
                        },
                        "meta": {},
                        "tainted": false
                    },
                    "deposed": [],
                    "provider": ""
                },
                "libvirt_volume.main_disk": {
                    "type": "libvirt_volume",
                    "depends_on": [],
                    "primary": {
                        "id": "/var/lib/libvirt/images/cli-main-disk",
                        "attributes": {
                            "base_volume_name": "sles12sp1",
                            "id": "/var/lib/libvirt/images/cli-main-disk",
                            "name": "cli-main-disk",
                            "pool": "default",
                            "size": "107374182400"
                        },
                        "meta": {},
                        "tainted": false
                    },
                    "deposed": [],
                    "provider": ""
                }
            },
            "depends_on": []
        },
        {
            "path": [
                "root",
                "cli2",
                "client"
            ],
            "outputs": {
                "configuration": {
                    "sensitive": false,
                    "type": "map",
                    "value": {
                        "hostname": "cli2.tf.local",
                        "id": "98479be9-91d9-443d-b2d1-4cc5fd838ca4"
                    }
                }
            },
            "resources": {},
            "depends_on": []
        },
        {
            "path": [
                "root",
                "clisles11sp3",
                "client"
            ],
            "outputs": {
                "configuration": {
                    "sensitive": false,
                    "type": "map",
                    "value": {
                        "hostname": "clisles11sp3.tf.local",
                        "id": "ca6733aa-c4f7-4e5e-a7d3-d1e60cc33e94"
                    }
                },
                "hostname": {
                    "sensitive": false,
                    "type": "string",
                    "value": "moioclisles11sp3.tf.local"
                }
            },
            "resources": {},
            "depends_on": []
        },
        {
            "path": [
                "root",
                "clisles11sp4",
                "client"
            ],
            "outputs": {
                "configuration": {
                    "sensitive": false,
                    "type": "map",
                    "value": {
                        "hostname": "clisles11sp4.tf.local",
                        "id": "a6d5a285-2955-46ac-ac68-39947a8fe400"
                    }
                }
            },
            "resources": {},
            "depends_on": []
        },
        {
            "path": [
                "root",
                "clisles12",
                "client"
            ],
            "outputs": {
                "configuration": {
                    "sensitive": false,
                    "type": "map",
                    "value": {
                        "hostname": "clisles12.tf.local",
                        "id": "dbb9f5fb-8e38-4aae-a13e-9805adca5dc1"
                    }
                }
            },
            "resources": {},
            "depends_on": []
        },
        {
            "path": [
                "root",
                "clisles12sp1",
                "client"
            ],
            "outputs": {
                "configuration": {
                    "sensitive": false,
                    "type": "map",
                    "value": {
                        "hostname": "clisles12sp1.tf.local",
                        "id": "06dddb57-9c6a-4588-bc25-2ef6388eeebe"
                    }
                }
            },
            "resources": {},
            "depends_on": []
        },
        {
            "path": [
                "root",
                "clisles12sp2",
                "client"
            ],
            "outputs": {
                "configuration": {
                    "sensitive": false,
                    "type": "map",
                    "value": {
                        "hostname": "clisles12sp2.tf.local",
                        "id": "c9849b38-e1d3-4401-8253-cc900dfa742f"
                    }
                }
            },
            "resources": {},
            "depends_on": []
        },
        {
            "path": [
                "root",
                "control-node",
                "control_node"
            ],
            "outputs": {},
            "resources": {},
            "depends_on": []
        },
        {
            "path": [
                "root",
                "insurance",
                "postgres"
            ],
            "outputs": {
                "configuration": {
                    "sensitive": false,
                    "type": "map",
                    "value": {
                        "hostname": "insurance.tf.local",
                        "id": "f27933fa-3659-4013-9fdc-a2e8eae56e05"
                    }
                }
            },
            "resources": {},
            "depends_on": []
        },
        {
            "path": [
                "root",
                "healthsms001",
                "suse_manager"
            ],
            "outputs": {
                "configuration": {
                    "sensitive": false,
                    "type": "map",
                    "value": {
                        "hostname": "healthsms001.tf.local",
                        "id": "013fccb7-4de1-4de8-9b2d-2f78b7e6a4cd"
                    }
                }
            },
            "resources": {
                "libvirt_domain.domain": {
                    "type": "libvirt_domain",
                    "depends_on": [
                        "libvirt_volume.main_disk"
                    ],
                    "primary": {
                        "id": "013fccb7-4de1-4de8-9b2d-2f78b7e6a4cd",
                        "attributes": {
                            "disk.#": "1",
                            "disk.0.%": "1",
                            "disk.0.volume_id": "/var/lib/libvirt/images/healthsms001-main-disk",
                            "firmware": "",
                            "id": "013fccb7-4de1-4de8-9b2d-2f78b7e6a4cd",
                            "memory": "4096",
                            "metadata": "",
                            "name": "healthsms001",
                            "network_interface.#": "1",
                            "network_interface.0.addresses.#": "0",
                            "network_interface.0.bridge": "",
                            "network_interface.0.hostname": "",
                            "network_interface.0.mac": "0A:5F:F3:A4:DF:52",
                            "network_interface.0.macvtap": "",
                            "network_interface.0.network_id": "4f777fb0-b96e-4d10-941f-30824cb55824",
                            "network_interface.0.network_name": "default",
                            "network_interface.0.passthrough": "",
                            "network_interface.0.vepa": "",
                            "network_interface.0.wait_for_lease": "true",
                            "nvram": "",
                            "running": "false",
                            "vcpu": "2"
                        },
                        "meta": {},
                        "tainted": false
                    },
                    "deposed": [],
                    "provider": ""
                },
                "libvirt_volume.main_disk": {
                    "type": "libvirt_volume",
                    "depends_on": [],
                    "primary": {
                        "id": "/var/lib/libvirt/images/healthsms001-main-disk",
                        "attributes": {
                            "base_volume_name": "sles12sp1",
                            "id": "/var/lib/libvirt/images/healthsms001-main-disk",
                            "name": "healthsms001-main-disk",
                            "pool": "default",
                            "size": "107374182400"
                        },
                        "meta": {},
                        "tainted": false
                    },
                    "deposed": [],
                    "provider": ""
                }
            },
            "depends_on": []
        },
        {
            "path": [
                "root",
                "iilsuma01",
                "suse_manager"
            ],
            "outputs": {
                "configuration": {
                    "sensitive": false,
                    "type": "map",
                    "value": {
                        "hostname": "iilsuma01.tf.local",
                        "id": "e86c6732-cb3a-4a1a-878d-639e50b8da90"
                    }
                }
            },
            "resources": {
                "libvirt_domain.domain": {
                    "type": "libvirt_domain",
                    "depends_on": [
                        "libvirt_volume.main_disk"
                    ],
                    "primary": {
                        "id": "e86c6732-cb3a-4a1a-878d-639e50b8da90",
                        "attributes": {
                            "disk.#": "1",
                            "disk.0.%": "1",
                            "disk.0.volume_id": "/var/lib/libvirt/images/iilsuma01-main-disk",
                            "firmware": "",
                            "id": "e86c6732-cb3a-4a1a-878d-639e50b8da90",
                            "memory": "4096",
                            "metadata": "",
                            "name": "iilsuma01",
                            "network_interface.#": "1",
                            "network_interface.0.addresses.#": "0",
                            "network_interface.0.bridge": "",
                            "network_interface.0.hostname": "",
                            "network_interface.0.mac": "1E:4A:C9:2B:55:B0",
                            "network_interface.0.macvtap": "",
                            "network_interface.0.network_id": "4f777fb0-b96e-4d10-941f-30824cb55824",
                            "network_interface.0.network_name": "default",
                            "network_interface.0.passthrough": "",
                            "network_interface.0.vepa": "",
                            "network_interface.0.wait_for_lease": "true",
                            "nvram": "",
                            "running": "false",
                            "vcpu": "2"
                        },
                        "meta": {},
                        "tainted": false
                    },
                    "deposed": [],
                    "provider": ""
                },
                "libvirt_volume.main_disk": {
                    "type": "libvirt_volume",
                    "depends_on": [],
                    "primary": {
                        "id": "/var/lib/libvirt/images/iilsuma01-main-disk",
                        "attributes": {
                            "base_volume_name": "sles12sp1",
                            "id": "/var/lib/libvirt/images/iilsuma01-main-disk",
                            "name": "iilsuma01-main-disk",
                            "pool": "default",
                            "size": "107374182400"
                        },
                        "meta": {},
                        "tainted": false
                    },
                    "deposed": [],
                    "provider": ""
                }
            },
            "depends_on": []
        },
        {
            "path": [
                "root",
                "chip",
                "postgres"
            ],
            "outputs": {
                "configuration": {
                    "sensitive": false,
                    "type": "map",
                    "value": {
                        "hostname": "chip.tf.local",
                        "id": "e3836ca0-0247-4286-8a49-f5249c8e1d95"
                    }
                }
            },
            "resources": {},
            "depends_on": []
        },
        {
            "path": [
                "root",
                "soup",
                "postgres"
            ],
            "outputs": {
                "configuration": {
                    "sensitive": false,
                    "type": "map",
                    "value": {
                        "hostname": "soup.tf.local",
                        "id": "dad0c9fb-a965-4459-a809-5901a3300ab3"
                    }
                }
            },
            "resources": {},
            "depends_on": []
        },
        {
            "path": [
                "root",
                "m",
                "minion"
            ],
            "outputs": {
                "configuration": {
                    "sensitive": false,
                    "type": "map",
                    "value": {
                        "hostname": "m.tf.local",
                        "id": "54df2c11-714a-4b7d-8b22-285da22fa555"
                    }
                }
            },
            "resources": {},
            "depends_on": []
        },
        {
            "path": [
                "root",
                "min",
                "minion"
            ],
            "outputs": {
                "configuration": {
                    "sensitive": false,
                    "type": "map",
                    "value": {
                        "hostname": "min.tf.local",
                        "id": "9bbbfb0e-b42d-4c8f-97fb-c3509d544cf3"
                    }
                },
                "ip_addresses": {
                    "sensitive": false,
                    "type": "list",
                    "value": [
                        [
                            "192.168.127.229",
                            "192.168.127.133",
                            "192.168.127.144"
                        ]
                    ]
                }
            },
            "resources": {},
            "depends_on": []
        },
        {
            "path": [
                "root",
                "min2",
                "minion"
            ],
            "outputs": {
                "configuration": {
                    "sensitive": false,
                    "type": "map",
                    "value": {
                        "hostname": "min2.tf.local",
                        "id": "baf1a403-bd9d-42d8-b4d9-f36dd1e9bdde"
                    }
                }
            },
            "resources": {},
            "depends_on": []
        },
        {
            "path": [
                "root",
                "min3",
                "minion"
            ],
            "outputs": {},
            "resources": {},
            "depends_on": []
        },
        {
            "path": [
                "root",
                "min4",
                "minion"
            ],
            "outputs": {
                "configuration": {
                    "sensitive": false,
                    "type": "map",
                    "value": {
                        "hostname": "min4.tf.local",
                        "id": "46e5178b-7504-4f91-93c3-874a916bf69f"
                    }
                }
            },
            "resources": {},
            "depends_on": []
        },
        {
            "path": [
                "root",
                "min41",
                "minion"
            ],
            "outputs": {
                "configuration": {
                    "sensitive": false,
                    "type": "map",
                    "value": {
                        "hostname": "min41.tf.local",
                        "id": "5b85c8b4-d698-4791-bc4d-d1f2a6da6649"
                    }
                }
            },
            "resources": {},
            "depends_on": []
        },
        {
            "path": [
                "root",
                "min5",
                "minion"
            ],
            "outputs": {
                "configuration": {
                    "sensitive": false,
                    "type": "map",
                    "value": {
                        "hostname": "min5.tf.local",
                        "id": "36c24c02-922c-4281-98ec-30d1f78f85d8"
                    }
                }
            },
            "resources": {},
            "depends_on": []
        },
        {
            "path": [
                "root",
                "minion-swarm",
                "minion-swarm"
            ],
            "outputs": {
                "configuration": {
                    "sensitive": false,
                    "type": "map",
                    "value": {
                        "hostname": "ms.tf.local",
                        "id": "1a7230be-1d49-4c1f-a98d-27d1bc3f7763"
                    }
                }
            },
            "resources": {},
            "depends_on": []
        },
        {
            "path": [
                "root",
                "minionsles12sp1",
                "minion"
            ],
            "outputs": {
                "hostname": {
                    "sensitive": false,
                    "type": "string",
                    "value": "moiominionsles12sp1.tf.local"
                }
            },
            "resources": {},
            "depends_on": []
        },
        {
            "path": [
                "root",
                "minsles12sp1",
                "client"
            ],
            "outputs": {
                "configuration": {
                    "sensitive": false,
                    "type": "map",
                    "value": {
                        "hostname": "minsles12sp1.tf.local",
                        "id": "a9a60367-813a-44c1-948f-fb5f9d8d6ed0"
                    }
                }
            },
            "resources": {},
            "depends_on": []
        },
        {
            "path": [
                "root",
                "minsles12sp1",
                "minion"
            ],
            "outputs": {
                "configuration": {
                    "sensitive": false,
                    "type": "map",
                    "value": {
                        "hostname": "minsles12sp1.tf.local",
                        "id": "8e88c195-e53f-47b1-b677-0a558b87a5f3"
                    }
                }
            },
            "resources": {
                "libvirt_domain.domain": {
                    "type": "libvirt_domain",
                    "depends_on": [
                        "libvirt_volume.main_disk"
                    ],
                    "primary": {
                        "id": "8e88c195-e53f-47b1-b677-0a558b87a5f3",
                        "attributes": {
                            "disk.#": "1",
                            "disk.0.%": "1",
                            "disk.0.volume_id": "/var/lib/libvirt/images/minsles12sp1-main-disk",
                            "firmware": "",
                            "id": "8e88c195-e53f-47b1-b677-0a558b87a5f3",
                            "memory": "512",
                            "metadata": "",
                            "name": "minsles12sp1",
                            "network_interface.#": "1",
                            "network_interface.0.addresses.#": "2",
                            "network_interface.0.addresses.0": "192.168.127.222",
                            "network_interface.0.addresses.1": "fe80::864:8ff:fec1:5268",
                            "network_interface.0.bridge": "",
                            "network_interface.0.hostname": "",
                            "network_interface.0.mac": "0A:64:08:C1:52:68",
                            "network_interface.0.macvtap": "",
                            "network_interface.0.network_id": "4f777fb0-b96e-4d10-941f-30824cb55824",
                            "network_interface.0.network_name": "default",
                            "network_interface.0.passthrough": "",
                            "network_interface.0.vepa": "",
                            "network_interface.0.wait_for_lease": "true",
                            "nvram": "",
                            "running": "true",
                            "vcpu": "1"
                        },
                        "meta": {},
                        "tainted": false
                    },
                    "deposed": [],
                    "provider": ""
                },
                "libvirt_volume.main_disk": {
                    "type": "libvirt_volume",
                    "depends_on": [],
                    "primary": {
                        "id": "/var/lib/libvirt/images/minsles12sp1-main-disk",
                        "attributes": {
                            "base_volume_name": "sles12sp1",
                            "id": "/var/lib/libvirt/images/minsles12sp1-main-disk",
                            "name": "minsles12sp1-main-disk",
                            "pool": "default",
                            "size": "107374182400"
                        },
                        "meta": {},
                        "tainted": false
                    },
                    "deposed": [],
                    "provider": ""
                }
            },
            "depends_on": []
        },
        {
            "path": [
                "root",
                "novell",
                "postgres"
            ],
            "outputs": {
                "configuration": {
                    "sensitive": false,
                    "type": "map",
                    "value": {
                        "hostname": "novell.tf.local",
                        "id": "0958f8e3-bdf8-4f5b-ac1e-5ed7670a7fd3"
                    }
                }
            },
            "resources": {},
            "depends_on": []
        },
        {
            "path": [
                "root",
                "package_mirror",
                "images"
            ],
            "outputs": {},
            "resources": {},
            "depends_on": []
        },
        {
            "path": [
                "root",
                "package_mirror",
                "package_mirror"
            ],
            "outputs": {
                "configuration": {
                    "sensitive": false,
                    "type": "map",
                    "value": {
                        "hostname": "package-mirror.tf.local",
                        "id": "5adedbca-879e-4823-a773-7db337effe84"
                    }
                }
            },
            "resources": {
                "libvirt_domain.domain": {
                    "type": "libvirt_domain",
                    "depends_on": [
                        "libvirt_volume.main_disk"
                    ],
                    "primary": {
                        "id": "5adedbca-879e-4823-a773-7db337effe84",
                        "attributes": {
                            "disk.#": "2",
                            "disk.0.%": "1",
                            "disk.0.volume_id": "/var/lib/libvirt/images/package-mirror-main-disk",
                            "disk.1.%": "1",
                            "disk.1.volume_id": "/media/silvio/264a475e-bd0b-43bc-a218-bfae225ef24a/images/terraform_package_mirror_data_disk",
                            "firmware": "",
                            "id": "5adedbca-879e-4823-a773-7db337effe84",
                            "memory": "512",
                            "metadata": "",
                            "name": "package-mirror",
                            "network_interface.#": "1",
                            "network_interface.0.addresses.#": "2",
                            "network_interface.0.addresses.0": "192.168.127.157",
                            "network_interface.0.addresses.1": "fe80::80f7:2ff:fe60:8ab9",
                            "network_interface.0.bridge": "",
                            "network_interface.0.hostname": "",
                            "network_interface.0.mac": "82:F7:02:60:8A:B9",
                            "network_interface.0.macvtap": "",
                            "network_interface.0.network_id": "4f777fb0-b96e-4d10-941f-30824cb55824",
                            "network_interface.0.network_name": "default",
                            "network_interface.0.passthrough": "",
                            "network_interface.0.vepa": "",
                            "network_interface.0.wait_for_lease": "true",
                            "nvram": "",
                            "running": "true",
                            "vcpu": "1"
                        },
                        "meta": {},
                        "tainted": false
                    },
                    "deposed": [],
                    "provider": ""
                },
                "libvirt_volume.main_disk": {
                    "type": "libvirt_volume",
                    "depends_on": [],
                    "primary": {
                        "id": "/var/lib/libvirt/images/package-mirror-main-disk",
                        "attributes": {
                            "base_volume_name": "opensuse422",
                            "id": "/var/lib/libvirt/images/package-mirror-main-disk",
                            "name": "package-mirror-main-disk",
                            "pool": "default",
                            "size": "107374182400"
                        },
                        "meta": {},
                        "tainted": false
                    },
                    "deposed": [],
                    "provider": ""
                }
            },
            "depends_on": []
        },
        {
            "path": [
                "root",
                "pglsuma01",
                "suse_manager"
            ],
            "outputs": {
                "configuration": {
                    "sensitive": false,
                    "type": "map",
                    "value": {
                        "hostname": "pglsuma01.tf.local",
                        "id": "8cfda9c8-aa26-4d0d-a038-224c33392a45"
                    }
                }
            },
            "resources": {
                "libvirt_domain.domain": {
                    "type": "libvirt_domain",
                    "depends_on": [
                        "libvirt_volume.main_disk"
                    ],
                    "primary": {
                        "id": "8cfda9c8-aa26-4d0d-a038-224c33392a45",
                        "attributes": {
                            "disk.#": "1",
                            "disk.0.%": "1",
                            "disk.0.volume_id": "/var/lib/libvirt/images/pglsuma01-main-disk",
                            "firmware": "",
                            "id": "8cfda9c8-aa26-4d0d-a038-224c33392a45",
                            "memory": "4096",
                            "metadata": "",
                            "name": "pglsuma01",
                            "network_interface.#": "1",
                            "network_interface.0.addresses.#": "0",
                            "network_interface.0.bridge": "",
                            "network_interface.0.hostname": "",
                            "network_interface.0.mac": "6E:BF:66:30:6A:9B",
                            "network_interface.0.macvtap": "",
                            "network_interface.0.network_id": "4f777fb0-b96e-4d10-941f-30824cb55824",
                            "network_interface.0.network_name": "default",
                            "network_interface.0.passthrough": "",
                            "network_interface.0.vepa": "",
                            "network_interface.0.wait_for_lease": "true",
                            "nvram": "",
                            "running": "false",
                            "vcpu": "2"
                        },
                        "meta": {},
                        "tainted": false
                    },
                    "deposed": [],
                    "provider": ""
                },
                "libvirt_volume.main_disk": {
                    "type": "libvirt_volume",
                    "depends_on": [],
                    "primary": {
                        "id": "/var/lib/libvirt/images/pglsuma01-main-disk",
                        "attributes": {
                            "base_volume_name": "sles12sp1",
                            "id": "/var/lib/libvirt/images/pglsuma01-main-disk",
                            "name": "pglsuma01-main-disk",
                            "pool": "default",
                            "size": "107374182400"
                        },
                        "meta": {},
                        "tainted": false
                    },
                    "deposed": [],
                    "provider": ""
                }
            },
            "depends_on": []
        },
        {
            "path": [
                "root",
                "uni",
                "postgres"
            ],
            "outputs": {
                "configuration": {
                    "sensitive": false,
                    "type": "map",
                    "value": {
                        "hostname": "uni.tf.local",
                        "id": "e08382fe-a81f-47f0-b10c-78aa62b1188b"
                    }
                }
            },
            "resources": {},
            "depends_on": []
        },
        {
            "path": [
                "root",
                "proxy",
                "suse_manager_proxy"
            ],
            "outputs": {
                "configuration": {
                    "sensitive": false,
                    "type": "map",
                    "value": {
                        "hostname": "proxy.tf.local",
                        "id": "128946e1-4abc-48e5-9f46-b775d4561df7"
                    }
                }
            },
            "resources": {},
            "depends_on": []
        },
        {
            "path": [
                "root",
                "proxy1",
                "suse_manager_proxy"
            ],
            "outputs": {
                "configuration": {
                    "sensitive": false,
                    "type": "map",
                    "value": {
                        "hostname": "proxy1.tf.local",
                        "id": "36fc996c-4f70-4a18-b6e7-f113e7e46854"
                    }
                }
            },
            "resources": {},
            "depends_on": []
        },
        {
            "path": [
                "root",
                "proxy2",
                "suse_manager_proxy"
            ],
            "outputs": {
                "configuration": {
                    "sensitive": false,
                    "type": "map",
                    "value": {
                        "hostname": "proxy2.tf.local",
                        "id": "af0eab21-b356-4976-9843-0b0d5d30a1bc"
                    }
                }
            },
            "resources": {},
            "depends_on": []
        },
        {
            "path": [
                "root",
                "suma",
                "suse_manager"
            ],
            "outputs": {
                "configuration": {
                    "sensitive": false,
                    "type": "map",
                    "value": {
                        "hostname": "suma.tf.local",
                        "id": "d4b66f52-32fa-4f7f-9260-d0b43f427d8c"
                    }
                }
            },
            "resources": {},
            "depends_on": []
        },
        {
            "path": [
                "root",
                "suma21pg",
                "suse_manager"
            ],
            "outputs": {
                "configuration": {
                    "sensitive": false,
                    "type": "map",
                    "value": {
                        "hostname": "suma21pg.tf.local",
                        "id": "f8672cc6-6b52-4615-b15a-725baefdb909"
                    }
                }
            },
            "resources": {},
            "depends_on": []
        },
        {
            "path": [
                "root",
                "suma21pgm",
                "suse_manager"
            ],
            "outputs": {
                "hostname": {
                    "sensitive": false,
                    "type": "string",
                    "value": "suma21pgm.tf.local"
                }
            },
            "resources": {},
            "depends_on": []
        },
        {
            "path": [
                "root",
                "suma21pgs",
                "suse_manager"
            ],
            "outputs": {
                "configuration": {
                    "sensitive": false,
                    "type": "map",
                    "value": {
                        "hostname": "suma3pgs.tf.local",
                        "id": "acab7433-0ae5-4ac7-ba15-53682f9b9df2"
                    }
                },
                "hostname": {
                    "sensitive": false,
                    "type": "string",
                    "value": "suma21pgs.tf.local"
                }
            },
            "resources": {},
            "depends_on": []
        },
        {
            "path": [
                "root",
                "suma21spg",
                "suse_manager"
            ],
            "outputs": {
                "configuration": {
                    "sensitive": false,
                    "type": "map",
                    "value": {
                        "hostname": "suma21spg.tf.local",
                        "id": "91f518b7-612c-4621-b184-3d43379588da"
                    }
                }
            },
            "resources": {},
            "depends_on": []
        },
        {
            "path": [
                "root",
                "suma3pg",
                "suse_manager"
            ],
            "outputs": {
                "configuration": {
                    "sensitive": false,
                    "type": "map",
                    "value": {
                        "hostname": "suma3pg.tf.local",
                        "id": "a37fc826-1167-48ae-a81b-3a12a422bc74"
                    }
                }
            },
            "resources": {
                "libvirt_domain.domain": {
                    "type": "libvirt_domain",
                    "depends_on": [
                        "libvirt_volume.main_disk"
                    ],
                    "primary": {
                        "id": "a37fc826-1167-48ae-a81b-3a12a422bc74",
                        "attributes": {
                            "disk.#": "1",
                            "disk.0.%": "1",
                            "disk.0.volume_id": "/var/lib/libvirt/images/suma3pg-main-disk",
                            "firmware": "",
                            "id": "a37fc826-1167-48ae-a81b-3a12a422bc74",
                            "memory": "4096",
                            "metadata": "",
                            "name": "suma3pg",
                            "network_interface.#": "1",
                            "network_interface.0.addresses.#": "2",
                            "network_interface.0.addresses.0": "192.168.127.187",
                            "network_interface.0.addresses.1": "fe80::3c34:a5ff:fe0d:379a",
                            "network_interface.0.bridge": "",
                            "network_interface.0.hostname": "",
                            "network_interface.0.mac": "3E:34:A5:0D:37:9A",
                            "network_interface.0.macvtap": "",
                            "network_interface.0.network_id": "4f777fb0-b96e-4d10-941f-30824cb55824",
                            "network_interface.0.network_name": "default",
                            "network_interface.0.passthrough": "",
                            "network_interface.0.vepa": "",
                            "network_interface.0.wait_for_lease": "true",
                            "nvram": "",
                            "running": "true",
                            "vcpu": "2"
                        },
                        "meta": {},
                        "tainted": false
                    },
                    "deposed": [],
                    "provider": ""
                },
                "libvirt_volume.main_disk": {
                    "type": "libvirt_volume",
                    "depends_on": [],
                    "primary": {
                        "id": "/var/lib/libvirt/images/suma3pg-main-disk",
                        "attributes": {
                            "base_volume_name": "sles12sp1",
                            "id": "/var/lib/libvirt/images/suma3pg-main-disk",
                            "name": "suma3pg-main-disk",
                            "pool": "default",
                            "size": "107374182400"
                        },
                        "meta": {},
                        "tainted": false
                    },
                    "deposed": [],
                    "provider": ""
                }
            },
            "depends_on": []
        },
        {
            "path": [
                "root",
                "suma3pgh",
                "suse_manager"
            ],
            "outputs": {
                "configuration": {
                    "sensitive": false,
                    "type": "map",
                    "value": {
                        "hostname": "suma3pgh.tf.local",
                        "id": "07d41eff-3e83-4e66-ac95-5e39db124012"
                    }
                }
            },
            "resources": {},
            "depends_on": []
        },
        {
            "path": [
                "root",
                "suma3pgm",
                "suse_manager"
            ],
            "outputs": {
                "configuration": {
                    "sensitive": false,
                    "type": "map",
                    "value": {
                        "hostname": "suma3pgm.tf.local",
                        "id": "0f4c562c-7f9e-425f-99df-15946eb8b465"
                    }
                }
            },
            "resources": {
                "libvirt_domain.domain": {
                    "type": "libvirt_domain",
                    "depends_on": [
                        "libvirt_volume.main_disk"
                    ],
                    "primary": {
                        "id": "0f4c562c-7f9e-425f-99df-15946eb8b465",
                        "attributes": {
                            "disk.#": "1",
                            "disk.0.%": "1",
                            "disk.0.volume_id": "/var/lib/libvirt/images/suma3pgm-main-disk",
                            "firmware": "",
                            "id": "0f4c562c-7f9e-425f-99df-15946eb8b465",
                            "memory": "4096",
                            "metadata": "",
                            "name": "suma3pgm",
                            "network_interface.#": "1",
                            "network_interface.0.addresses.#": "0",
                            "network_interface.0.bridge": "",
                            "network_interface.0.hostname": "",
                            "network_interface.0.mac": "AE:64:C0:F9:76:79",
                            "network_interface.0.macvtap": "",
                            "network_interface.0.network_id": "4f777fb0-b96e-4d10-941f-30824cb55824",
                            "network_interface.0.network_name": "default",
                            "network_interface.0.passthrough": "",
                            "network_interface.0.vepa": "",
                            "network_interface.0.wait_for_lease": "true",
                            "nvram": "",
                            "running": "false",
                            "vcpu": "2"
                        },
                        "meta": {},
                        "tainted": false
                    },
                    "deposed": [],
                    "provider": ""
                },
                "libvirt_volume.main_disk": {
                    "type": "libvirt_volume",
                    "depends_on": [],
                    "primary": {
                        "id": "/var/lib/libvirt/images/suma3pgm-main-disk",
                        "attributes": {
                            "base_volume_name": "sles12sp1",
                            "id": "/var/lib/libvirt/images/suma3pgm-main-disk",
                            "name": "suma3pgm-main-disk",
                            "pool": "default",
                            "size": "107374182400"
                        },
                        "meta": {},
                        "tainted": false
                    },
                    "deposed": [],
                    "provider": ""
                }
            },
            "depends_on": []
        },
        {
            "path": [
                "root",
                "suma3pgs",
                "suse_manager"
            ],
            "outputs": {
                "configuration": {
                    "sensitive": false,
                    "type": "map",
                    "value": {
                        "hostname": "suma3pgs.tf.local",
                        "id": "bb581ede-1607-4947-874b-00f304f64806"
                    }
                }
            },
            "resources": {
                "libvirt_domain.domain": {
                    "type": "libvirt_domain",
                    "depends_on": [
                        "libvirt_volume.main_disk"
                    ],
                    "primary": {
                        "id": "bb581ede-1607-4947-874b-00f304f64806",
                        "attributes": {
                            "disk.#": "1",
                            "disk.0.%": "1",
                            "disk.0.volume_id": "/var/lib/libvirt/images/suma3pgs-main-disk",
                            "firmware": "",
                            "id": "bb581ede-1607-4947-874b-00f304f64806",
                            "memory": "4096",
                            "metadata": "",
                            "name": "suma3pgs",
                            "network_interface.#": "1",
                            "network_interface.0.addresses.#": "0",
                            "network_interface.0.bridge": "",
                            "network_interface.0.hostname": "",
                            "network_interface.0.mac": "86:89:97:B9:D1:31",
                            "network_interface.0.macvtap": "",
                            "network_interface.0.network_id": "4f777fb0-b96e-4d10-941f-30824cb55824",
                            "network_interface.0.network_name": "default",
                            "network_interface.0.passthrough": "",
                            "network_interface.0.vepa": "",
                            "network_interface.0.wait_for_lease": "true",
                            "nvram": "",
                            "running": "false",
                            "vcpu": "2"
                        },
                        "meta": {},
                        "tainted": false
                    },
                    "deposed": [],
                    "provider": ""
                },
                "libvirt_volume.main_disk": {
                    "type": "libvirt_volume",
                    "depends_on": [],
                    "primary": {
                        "id": "/var/lib/libvirt/images/suma3pgs-main-disk",
                        "attributes": {
                            "base_volume_name": "sles12sp1",
                            "id": "/var/lib/libvirt/images/suma3pgs-main-disk",
                            "name": "suma3pgs-main-disk",
                            "pool": "default",
                            "size": "107374182400"
                        },
                        "meta": {},
                        "tainted": false
                    },
                    "deposed": [],
                    "provider": ""
                }
            },
            "depends_on": []
        },
        {
            "path": [
                "root",
                "suma3pgts",
                "suse_manager"
            ],
            "outputs": {
                "configuration": {
                    "sensitive": false,
                    "type": "map",
                    "value": {
                        "hostname": "suma3pgts.tf.local",
                        "id": "c3c86821-42c5-4456-9996-5cffe7bc4d49"
                    }
                }
            },
            "resources": {},
            "depends_on": []
        },
        {
            "path": [
                "root",
                "suma3spg",
                "suse_manager"
            ],
            "outputs": {
                "configuration": {
                    "sensitive": false,
                    "type": "map",
                    "value": {
                        "hostname": "suma3spg.tf.local",
                        "id": "017bec82-3c7a-4f74-a8c7-f8fa6f4d2cf4"
                    }
                }
            },
            "resources": {},
            "depends_on": []
        }
    ]
}

