{
    "version": 3,
    "terraform_version": "0.8.7",
    "serial": 0,
    "lineage": "220798e0-b348-45bc-b4a8-e8536f0e4868",
    "modules": [
        {
            "path": [
                "root"
            ],
            "outputs": {
                "salt.roster.non_existing": {
                    "sensitive": false,
                    "type": "string",
                    "value": "foo"
                },
                "salt.roster.port.libvirt_domain.domain.0": {
                    "sensitive": false,
                    "type": "string",
                    "value": "44"
                },
                "salt.roster.priv.wrong_resource": {
                    "sensitive": false,
                    "type": "string",
                    "value": "foobars"
                },
                "salt.roster.timeout": {
                    "sensitive": false,
                    "type": "string",
                    "value": "60"
                }
            },
            "resources": {
                "libvirt_cloudinit.init": {
                    "type": "libvirt_cloudinit",
                    "depends_on": [],
                    "primary": {
                        "id": "/var/lib/libvirt/images/test-init.iso;58db9b3d-f57b-3973-82f2-6ca9ba8f1b15",
                        "attributes": {
                            "id": "/var/lib/libvirt/images/test-init.iso;58db9b3d-f57b-3973-82f2-6ca9ba8f1b15",
                            "local_hostname": "",
                            "name": "test-init.iso",
                            "pool": "default",
                            "ssh_authorized_key": "ssh-rsa XXXXXXXXXXXXXx xxxxx@xxxxx.suse.de\n"
                        },
                        "meta": {},
                        "tainted": false
                    },
                    "deposed": [],
                    "provider": ""
                },
                "libvirt_domain.domain.0": {
                    "type": "libvirt_domain",
                    "depends_on": [
                        "libvirt_cloudinit.init",
                        "libvirt_volume.volume"
                    ],
                    "primary": {
                        "id": "554a6bd4-20ba-486e-88bf-ffc8b9a0eccc",
                        "attributes": {
                            "cloudinit": "/var/lib/libvirt/images/test-init.iso;58db9b3d-f57b-3973-82f2-6ca9ba8f1b15",
                            "disk.#": "1",
                            "disk.0.%": "1",
                            "disk.0.volume_id": "/var/lib/libvirt/images/volume-0",
                            "firmware": "",
                            "id": "554a6bd4-20ba-486e-88bf-ffc8b9a0eccc",
                            "memory": "1024",
                            "metadata": "",
                            "name": "domain-0",
                            "network_interface.#": "1",
                            "network_interface.0.addresses.#": "1",
                            "network_interface.0.addresses.0": "192.168.122.250",
                            "network_interface.0.bridge": "",
                            "network_interface.0.hostname": "",
                            "network_interface.0.mac": "D2:84:55:23:35:8F",
                            "network_interface.0.macvtap": "",
                            "network_interface.0.network_id": "72e67f35-6795-4fa1-aa6a-6e69db1b3d6f",
                            "network_interface.0.network_name": "default",
                            "network_interface.0.passthrough": "",
                            "network_interface.0.vepa": "",
                            "network_interface.0.wait_for_lease": "true",
                            "nvram": "",
                            "running": "true",
                            "vcpu": "1"
                        },
                        "meta": {},
                        "tainted": false
                    },
                    "deposed": [],
                    "provider": ""
                },
                "libvirt_domain.domain.1": {
                    "type": "libvirt_domain",
                    "depends_on": [
                        "libvirt_cloudinit.init",
                        "libvirt_volume.volume"
                    ],
                    "primary": {
                        "id": "4f9fa8e2-81ef-42c7-90cd-1b87c4d5bae8",
                        "attributes": {
                            "cloudinit": "/var/lib/libvirt/images/test-init.iso;58db9b3d-f57b-3973-82f2-6ca9ba8f1b15",
                            "disk.#": "1",
                            "disk.0.%": "1",
                            "disk.0.volume_id": "/var/lib/libvirt/images/volume-1",
                            "firmware": "",
                            "id": "4f9fa8e2-81ef-42c7-90cd-1b87c4d5bae8",
                            "memory": "1024",
                            "metadata": "",
                            "name": "domain-1",
                            "network_interface.#": "1",
                            "network_interface.0.addresses.#": "1",
                            "network_interface.0.addresses.0": "192.168.122.160",
                            "network_interface.0.bridge": "",
                            "network_interface.0.hostname": "",
                            "network_interface.0.mac": "DA:26:14:0F:9C:85",
                            "network_interface.0.macvtap": "",
                            "network_interface.0.network_id": "72e67f35-6795-4fa1-aa6a-6e69db1b3d6f",
                            "network_interface.0.network_name": "default",
                            "network_interface.0.passthrough": "",
                            "network_interface.0.vepa": "",
                            "network_interface.0.wait_for_lease": "true",
                            "nvram": "",
                            "running": "true",
                            "vcpu": "1"
                        },
                        "meta": {},
                        "tainted": false
                    },
                    "deposed": [],
                    "provider": ""
                },
                "libvirt_volume.opensuse_leap": {
                    "type": "libvirt_volume",
                    "depends_on": [],
                    "primary": {
                        "id": "/var/lib/libvirt/images/opensuse_leap",
                        "attributes": {
                            "id": "/var/lib/libvirt/images/opensuse_leap",
                            "name": "opensuse_leap",
                            "pool": "default",
                            "size": "10737418240",
                            "source": "http://download.opensuse.org/repositories/Cloud:/Images:/Leap_42.3/images/openSUSE-Leap-42.3-OpenStack.x86_64.qcow2"
                        },
                        "meta": {},
                        "tainted": false
                    },
                    "deposed": [],
                    "provider": ""
                },
                "libvirt_volume.volume.0": {
                    "type": "libvirt_volume",
                    "depends_on": [
                        "libvirt_volume.opensuse_leap"
                    ],
                    "primary": {
                        "id": "/var/lib/libvirt/images/volume-0",
                        "attributes": {
                            "base_volume_id": "/var/lib/libvirt/images/opensuse_leap",
                            "id": "/var/lib/libvirt/images/volume-0",
                            "name": "volume-0",
                            "pool": "default",
                            "size": "10737418240"
                        },
                        "meta": {},
                        "tainted": false
                    },
                    "deposed": [],
                    "provider": ""
                },
                "libvirt_volume.volume.1": {
                    "type": "libvirt_volume",
                    "depends_on": [
                        "libvirt_volume.opensuse_leap"
                    ],
                    "primary": {
                        "id": "/var/lib/libvirt/images/volume-1",
                        "attributes": {
                            "base_volume_id": "/var/lib/libvirt/images/opensuse_leap",
                            "id": "/var/lib/libvirt/images/volume-1",
                            "name": "volume-1",
                            "pool": "default",
                            "size": "10737418240"
                        },
                        "meta": {},
                        "tainted": false
                    },
                    "deposed": [],
                    "provider": ""
                }
            },
            "depends_on": []
        }
    ]
}
