{
    "_meta": {
        "hash": {
            "sha256": "8f02988135a2598a4329ea2add290045f897d3bcc292cb859a0965de51ae18bb"
        },
        "pipfile-spec": 6,
        "requires": {},
        "sources": [
            {
                "name": "pypi",
                "url": "https://pypi.org/simple",
                "verify_ssl": true
            }
        ]
    },
    "default": {
        "certifi": {
            "hashes": [
                "sha256:13e698f54293db9f89122b0581843a782ad0934a4fe0172d2a980ba77fc61bb7",
                "sha256:9fa520c1bacfb634fa7af20a76bcbd3d5fb390481724c597da32c719a7dca4b0"
            ],
            "version": "==2018.4.16"
        },
        "chardet": {
            "hashes": [
                "sha256:84ab92ed1c4d4f16916e05906b6b75a6c0fb5db821cc65e70cbd64a3e2a5eaae",
                "sha256:fc323ffcaeaed0e0a02bf4d117757b98aed530d9ed4531e3e15460124c106691"
            ],
            "version": "==3.0.4"
        },
        "futures": {
            "hashes": [
                "sha256:9ec02aa7d674acb8618afb127e27fde7fc68994c0437ad759fa094a574adb265",
                "sha256:ec0a6cb848cc212002b9828c3e34c675e0c9ff6741dc445cab6fdd4e1085d1f1"
            ],
            "index": "pypi",
            "markers": "python_version < '3.0'",
            "version": "==3.2.0"
        },
        "idna": {
            "hashes": [
                "sha256:2c6a5de3089009e3da7c5dde64a141dbc8551d5b7f6cf4ed7c2568d0cc520a8f",
                "sha256:8c7309c718f94b3a625cb648ace320157ad16ff131ae0af362c9f21b80ef6ec4"
            ],
            "version": "==2.6"
        },
        "jinja2": {
            "hashes": [
                "sha256:74c935a1b8bb9a3947c50a54766a969d4846290e1e788ea44c1392163723c3bd",
                "sha256:f84be1bb0040caca4cea721fcbbbbd61f9be9464ca236387158b0feea01914a4"
            ],
            "index": "pypi",
            "version": "==2.10"
        },
        "markupsafe": {
            "hashes": [
                "sha256:a6be69091dac236ea9c6bc7d012beab42010fa914c459791d627dad4910eb665"
            ],
            "index": "pypi",
            "version": "==1.0"
        },
        "msgpack-python": {
            "hashes": [
                "sha256:378cc8a6d3545b532dfd149da715abae4fda2a3adb6d74e525d0d5e51f46909b"
            ],
            "index": "pypi",
            "version": "==0.5.6"
        },
        "pycrypto": {
            "hashes": [
                "sha256:f2ce1e989b272cfcb677616763e0a2e7ec659effa67a88aa92b3a65528f60a3c"
            ],
            "index": "pypi",
            "version": "==2.6.1"
        },
        "pyyaml": {
            "hashes": [
                "sha256:0c507b7f74b3d2dd4d1322ec8a94794927305ab4cebbe89cc47fe5e81541e6e8",
                "sha256:16b20e970597e051997d90dc2cddc713a2876c47e3d92d59ee198700c5427736",
                "sha256:3262c96a1ca437e7e4763e2843746588a965426550f3797a79fca9c6199c431f",
                "sha256:326420cbb492172dec84b0f65c80942de6cedb5233c413dd824483989c000608",
                "sha256:4474f8ea030b5127225b8894d626bb66c01cda098d47a2b0d3429b6700af9fd8",
                "sha256:592766c6303207a20efc445587778322d7f73b161bd994f227adaa341ba212ab",
                "sha256:5ac82e411044fb129bae5cfbeb3ba626acb2af31a8d17d175004b70862a741a7",
                "sha256:5f84523c076ad14ff5e6c037fe1c89a7f73a3e04cf0377cb4d017014976433f3",
                "sha256:827dc04b8fa7d07c44de11fabbc888e627fa8293b695e0f99cb544fdfa1bf0d1",
                "sha256:b4c423ab23291d3945ac61346feeb9a0dc4184999ede5e7c43e1ffb975130ae6",
                "sha256:bc6bced57f826ca7cb5125a10b23fd0f2fff3b7c4701d64c439a300ce665fff8",
                "sha256:c01b880ec30b5a6e6aa67b09a2fe3fb30473008c85cd6a67359a1b15ed6d83a4",
                "sha256:ca233c64c6e40eaa6c66ef97058cdc80e8d0157a443655baa1b2966e812807ca",
                "sha256:e863072cdf4c72eebf179342c94e6989c67185842d9997960b3e69290b2fa269"
            ],
            "index": "pypi",
            "version": "==3.12"
        },
        "pyzmq": {
            "hashes": [
                "sha256:0145ae59139b41f65e047a3a9ed11bbc36e37d5e96c64382fcdff911c4d8c3f0",
                "sha256:18de8a02768b1c0b3495ac635b24bd902fafc08befb70a6e68c4d343ccbd6cbd",
                "sha256:2fb4d745ffe0a65ebf8fd29df093bb5c0ac96a506cb05b9a7b7c94b2524ae7f6",
                "sha256:4193cc666591495ab7fe8d24fa8374a35f9775f16dc7c46e03615559e1fc1855",
                "sha256:445fed4d71ac48da258ba38f2e29c88c5091124212a4004a0a6a42e6586a7de1",
                "sha256:538dfdd9542cf9ff37cd958da03b58d56b53b90800159ea07adc51a8ec7ffcb8",
                "sha256:613ac1fc4591b1c6a0a52ce3ed17dbffd6a17e985df504e8b4cdb987f97285b1",
                "sha256:630fb21f7474eb9e409a1ad476bf1ec489a69eb021172d422f2485cc3a44cd79",
                "sha256:6c3632d2c17cf03ce728ffaa328d45bb053623b3a0aa9747adcde81778d5a4d5",
                "sha256:767e1d0b1f7fff1950127abc08c5a5af2754987bc6480c6d641bed6971278a7a",
                "sha256:863ec1bfa52da6eaa5c4aa59143eeaeb4ef7a076862407a548ec645f25e6d6df",
                "sha256:a0ecf4c3eccd92f030a4e3e334b9da6fa3ee86be00249343c74e476d70567d0f",
                "sha256:ad5a8b19b6671b52d30ccfc3a0f4c600e49c4e2dcc88caf4106ed5958dec8d5e",
                "sha256:b31f2b50ad2920f21b904f5edf66bee324e42bb978df1407ecf381b210d4678e",
                "sha256:b328c538061757f627d32f7f8885c16f1d2f59f5374e057822f3c8e6cd94c41b",
                "sha256:b89268020a843d4c3cc04180577ec061fe96d35f267b0b672cb006e4d70560da",
                "sha256:ba0b43aebf856e5e249250d74c1232d6600b6859328920d12e2ba72a565ab1b1",
                "sha256:bdb12b485b3440b5193cd337d27cc126cdfc54ea9f38df237e1ead6216435cbe",
                "sha256:c30d27c9b35285597b8ef3019f97b9b98457b053f65dcc87a90dfdd4db09ca78",
                "sha256:d51eb3902d27d691483243707bfa67972167a70269bbbc172b74eeac4f780a1d",
                "sha256:e5578ae84bb94e97adadfcb00106a1cb161cb8017f89b01f6c3737f356257811",
                "sha256:f35b4cdeffff79357a9d929daa2a8620fb362b2cbeebdc5dd2cf9fcd27c44821",
                "sha256:fb983aec4bddee3680a0b7395f99e4595d70d81841370da736c5dc642bad4cd2"
            ],
            "index": "pypi",
            "version": "==17.0.0"
        },
        "requests": {
            "hashes": [
                "sha256:6a1b267aa90cac58ac3a765d067950e7dbbf75b1da07e895d1f594193a40a38b",
                "sha256:9c443e7324ba5b85070c4a818ade28bfabedf16ea10206da1132edaa6dda237e"
            ],
            "index": "pypi",
            "version": "==2.18.4"
        },
        "tornado": {
            "hashes": [
                "sha256:5ef073ac6180038ccf99411fe05ae9aafb675952a2c8db60592d5daf8401f803",
                "sha256:6d14e47eab0e15799cf3cdcc86b0b98279da68522caace2bd7ce644287685f0a",
                "sha256:92b7ca81e18ba9ec3031a7ee73d4577ac21d41a0c9b775a9182f43301c3b5f8e",
                "sha256:ab587996fe6fb9ce65abfda440f9b61e4f9f2cf921967723540679176915e4c3",
                "sha256:b36298e9f63f18cad97378db2222c0e0ca6a55f6304e605515e05a25483ed51a"
            ],
            "index": "pypi",
            "version": "==4.5.3"
        },
        "urllib3": {
            "hashes": [
                "sha256:06330f386d6e4b195fbfc736b297f58c5a892e4440e54d294d7004e3a9bbea1b",
                "sha256:cc44da8e1145637334317feebd728bd869a35285b93cbb4cca2577da7e62db4f"
            ],
            "version": "==1.22"
        }
    },
    "develop": {
        "apache-libcloud": {
            "hashes": [
                "sha256:0e2eee3802163bd0605975ed1e284cafc23203919bfa80c0cc5d3cd2543aaf97",
                "sha256:48d5d64790a5112cace1a8e28d228c3f1c5bd3ddbd986a5453172d2da19f47d5"
            ],
            "index": "pypi",
            "version": "==2.3.0"
        },
        "asn1crypto": {
            "hashes": [
                "sha256:2f1adbb7546ed199e3c90ef23ec95c5cf3585bac7d11fb7eb562a3fe89c64e87",
                "sha256:9d5c20441baf0cb60a4ac34cc447c6c189024b6b4c6cd7877034f4965c464e49"
            ],
            "version": "==0.24.0"
        },
        "astroid": {
            "hashes": [
                "sha256:35cfae47aac19c7b407b7095410e895e836f2285ccf1220336afba744cc4c5f2",
                "sha256:38186e481b65877fd8b1f9acc33e922109e983eb7b6e487bd4c71002134ad331"
            ],
            "version": "==1.6.3"
        },
        "attrs": {
            "hashes": [
                "sha256:4b90b09eeeb9b88c35bc642cbac057e45a5fd85367b985bd2809c62b7b939265",
                "sha256:e0d0eb91441a3b53dab4d9b743eafc1ac44476296a2053b6ca3af0b139faf87b"
            ],
            "version": "==18.1.0"
        },
        "aws-xray-sdk": {
            "hashes": [
                "sha256:72791618feb22eaff2e628462b0d58f398ce8c1bacfa989b7679817ab1fad60c",
                "sha256:9e7ba8dd08fd2939376c21423376206bff01d0deaea7d7721c6b35921fed1943"
            ],
            "version": "==0.95"
        },
        "boto": {
            "hashes": [
                "sha256:13be844158d1bd80a94c972c806ec8381b9ea72035aa06123c5db6bc6a6f3ead",
                "sha256:deb8925b734b109679e3de65856018996338758f4b916ff4fe7bb62b6d7000d1"
            ],
            "index": "pypi",
            "version": "==2.48.0"
        },
        "boto3": {
            "hashes": [
                "sha256:3bf4cb951faa6908134bc7f9faa300628e58961d329cba9810c65ef5fd99b54e",
                "sha256:b4fadc62eca3bb2c4f894f807d087058fdf93f074472f8b7db385ed66f1c0136"
            ],
            "index": "pypi",
            "version": "==1.7.19"
        },
        "botocore": {
            "hashes": [
                "sha256:184e600f78ddcc4eb508858cc82939ea4fa2b2ab9cc09c9f8642e8734c9528b4",
                "sha256:e05534810847803e30a86583702eaee0c7f4f390a7af31cca8ee7e08c39ce47c"
            ],
            "version": "==1.10.19"
        },
        "certifi": {
            "hashes": [
                "sha256:13e698f54293db9f89122b0581843a782ad0934a4fe0172d2a980ba77fc61bb7",
                "sha256:9fa520c1bacfb634fa7af20a76bcbd3d5fb390481724c597da32c719a7dca4b0"
            ],
            "version": "==2018.4.16"
        },
        "cffi": {
            "hashes": [
                "sha256:151b7eefd035c56b2b2e1eb9963c90c6302dc15fbd8c1c0a83a163ff2c7d7743",
                "sha256:1553d1e99f035ace1c0544050622b7bc963374a00c467edafac50ad7bd276aef",
                "sha256:1b0493c091a1898f1136e3f4f991a784437fac3673780ff9de3bcf46c80b6b50",
                "sha256:2ba8a45822b7aee805ab49abfe7eec16b90587f7f26df20c71dd89e45a97076f",
                "sha256:3c85641778460581c42924384f5e68076d724ceac0f267d66c757f7535069c93",
                "sha256:3eb6434197633b7748cea30bf0ba9f66727cdce45117a712b29a443943733257",
                "sha256:4c91af6e967c2015729d3e69c2e51d92f9898c330d6a851bf8f121236f3defd3",
                "sha256:770f3782b31f50b68627e22f91cb182c48c47c02eb405fd689472aa7b7aa16dc",
                "sha256:79f9b6f7c46ae1f8ded75f68cf8ad50e5729ed4d590c74840471fc2823457d04",
                "sha256:7a33145e04d44ce95bcd71e522b478d282ad0eafaf34fe1ec5bbd73e662f22b6",
                "sha256:857959354ae3a6fa3da6651b966d13b0a8bed6bbc87a0de7b38a549db1d2a359",
                "sha256:87f37fe5130574ff76c17cab61e7d2538a16f843bb7bca8ebbc4b12de3078596",
                "sha256:95d5251e4b5ca00061f9d9f3d6fe537247e145a8524ae9fd30a2f8fbce993b5b",
                "sha256:9d1d3e63a4afdc29bd76ce6aa9d58c771cd1599fbba8cf5057e7860b203710dd",
                "sha256:a36c5c154f9d42ec176e6e620cb0dd275744aa1d804786a71ac37dc3661a5e95",
                "sha256:ae5e35a2c189d397b91034642cb0eab0e346f776ec2eb44a49a459e6615d6e2e",
                "sha256:b0f7d4a3df8f06cf49f9f121bead236e328074de6449866515cea4907bbc63d6",
                "sha256:b75110fb114fa366b29a027d0c9be3709579602ae111ff61674d28c93606acca",
                "sha256:ba5e697569f84b13640c9e193170e89c13c6244c24400fc57e88724ef610cd31",
                "sha256:be2a9b390f77fd7676d80bc3cdc4f8edb940d8c198ed2d8c0be1319018c778e1",
                "sha256:d5d8555d9bfc3f02385c1c37e9f998e2011f0db4f90e250e5bc0c0a85a813085",
                "sha256:e55e22ac0a30023426564b1059b035973ec82186ddddbac867078435801c7801",
                "sha256:e90f17980e6ab0f3c2f3730e56d1fe9bcba1891eeea58966e89d352492cc74f4",
                "sha256:ecbb7b01409e9b782df5ded849c178a0aa7c906cf8c5a67368047daab282b184",
                "sha256:ed01918d545a38998bfa5902c7c00e0fee90e957ce036a4000a88e3fe2264917",
                "sha256:edabd457cd23a02965166026fd9bfd196f4324fe6032e866d0f3bd0301cd486f",
                "sha256:fdf1c1dc5bafc32bc5d08b054f94d659422b05aba244d6be4ddc1c72d9aa70fb"
            ],
            "markers": "platform_python_implementation != 'pypy'",
            "version": "==1.11.5"
        },
        "chardet": {
            "hashes": [
                "sha256:84ab92ed1c4d4f16916e05906b6b75a6c0fb5db821cc65e70cbd64a3e2a5eaae",
                "sha256:fc323ffcaeaed0e0a02bf4d117757b98aed530d9ed4531e3e15460124c106691"
            ],
            "version": "==3.0.4"
        },
        "cookies": {
            "hashes": [
                "sha256:15bee753002dff684987b8df8c235288eb8d45f8191ae056254812dfd42c81d3",
                "sha256:d6b698788cae4cfa4e62ef8643a9ca332b79bd96cb314294b864ae8d7eb3ee8e"
            ],
            "version": "==2.2.1"
        },
        "cryptography": {
            "hashes": [
                "sha256:3f3b65d5a16e6b52fba63dc860b62ca9832f51f1a2ae5083c78b6840275f12dd",
                "sha256:551a3abfe0c8c6833df4192a63371aa2ff43afd8f570ed345d31f251d78e7e04",
                "sha256:5cb990056b7cadcca26813311187ad751ea644712022a3976443691168781b6f",
                "sha256:60bda7f12ecb828358be53095fc9c6edda7de8f1ef571f96c00b2363643fa3cd",
                "sha256:6fef51ec447fe9f8351894024e94736862900d3a9aa2961528e602eb65c92bdb",
                "sha256:77d0ad229d47a6e0272d00f6bf8ac06ce14715a9fd02c9a97f5a2869aab3ccb2",
                "sha256:808fe471b1a6b777f026f7dc7bd9a4959da4bfab64972f2bbe91e22527c1c037",
                "sha256:9b62fb4d18529c84b961efd9187fecbb48e89aa1a0f9f4161c61b7fc42a101bd",
                "sha256:9e5bed45ec6b4f828866ac6a6bedf08388ffcfa68abe9e94b34bb40977aba531",
                "sha256:9fc295bf69130a342e7a19a39d7bbeb15c0bcaabc7382ec33ef3b2b7d18d2f63",
                "sha256:abd070b5849ed64e6d349199bef955ee0ad99aefbad792f0c587f8effa681a5e",
                "sha256:ba6a774749b6e510cffc2fb98535f717e0e5fd91c7c99a61d223293df79ab351",
                "sha256:c332118647f084c983c6a3e1dba0f3bcb051f69d12baccac68db8d62d177eb8a",
                "sha256:d6f46e862ee36df81e6342c2177ba84e70f722d9dc9c6c394f9f1f434c4a5563",
                "sha256:db6013746f73bf8edd9c3d1d3f94db635b9422f503db3fc5ef105233d4c011ab",
                "sha256:f57008eaff597c69cf692c3518f6d4800f0309253bb138b526a37fe9ef0c7471",
                "sha256:f6c821ac253c19f2ad4c8691633ae1d1a17f120d5b01ea1d256d7b602bc59887"
            ],
            "version": "==2.2.2"
        },
        "docker": {
            "hashes": [
                "sha256:43b45b92bed372161a5d4f3c7137e16b30d93845e99a00bc727938e52850694e",
                "sha256:dc5cc0971a0d36fe94c5ce89bd4adb6c892713500af7b0818708229c3199911a"
            ],
            "version": "==3.3.0"
        },
        "docker-pycreds": {
            "hashes": [
                "sha256:764a7ea2f6484bc5de5bf0c060f08b41a1118cf1acb987626b3ff45f3cc40dac",
                "sha256:e3732a03610a00461a716997670c7010bf1c214a3edc440f7d6a2a3a830ecd9d"
            ],
            "version": "==0.2.3"
        },
        "docutils": {
            "hashes": [
                "sha256:02aec4bd92ab067f6ff27a38a38a41173bf01bed8f89157768c1573f53e474a6",
                "sha256:51e64ef2ebfb29cae1faa133b3710143496eca21c530f3f71424d77687764274",
                "sha256:7a4bd47eaf6596e1295ecb11361139febe29b084a87bf005bf899f9a42edc3c6"
            ],
            "version": "==0.14"
        },
        "httpretty": {
            "hashes": [
                "sha256:69259e22addf5ab5f25bd00c6568e16fc2e54efdd4da69eb0950718dba3b2dab"
            ],
            "index": "pypi",
            "markers": "python_version >= '3.4'",
            "version": "==0.9.4"
        },
        "idna": {
            "hashes": [
                "sha256:2c6a5de3089009e3da7c5dde64a141dbc8551d5b7f6cf4ed7c2568d0cc520a8f",
                "sha256:8c7309c718f94b3a625cb648ace320157ad16ff131ae0af362c9f21b80ef6ec4"
            ],
            "version": "==2.6"
        },
        "isort": {
            "hashes": [
                "sha256:1153601da39a25b14ddc54955dbbacbb6b2d19135386699e2ad58517953b34af",
                "sha256:b9c40e9750f3d77e6e4d441d8b0266cf555e7cdabdcff33c4fd06366ca761ef8",
                "sha256:ec9ef8f4a9bc6f71eec99e1806bfa2de401650d996c59330782b89a5555c1497"
            ],
            "version": "==4.3.4"
        },
        "jinja2": {
            "hashes": [
                "sha256:74c935a1b8bb9a3947c50a54766a969d4846290e1e788ea44c1392163723c3bd",
                "sha256:f84be1bb0040caca4cea721fcbbbbd61f9be9464ca236387158b0feea01914a4"
            ],
            "index": "pypi",
            "version": "==2.10"
        },
        "jmespath": {
            "hashes": [
                "sha256:6a81d4c9aa62caf061cb517b4d9ad1dd300374cd4706997aff9cd6aedd61fc64",
                "sha256:f11b4461f425740a1d908e9a3f7365c3d2e569f6ca68a2ff8bc5bcd9676edd63"
            ],
            "version": "==0.9.3"
        },
        "jsondiff": {
            "hashes": [
                "sha256:2d0437782de9418efa34e694aa59f43d7adb1899bd9a793f063867ddba8f7893"
            ],
            "version": "==1.1.1"
        },
        "jsonpickle": {
            "hashes": [
                "sha256:545b3bee0d65e1abb4baa1818edcc9ec239aa9f2ffbfde8084d71c056180054f"
            ],
            "version": "==0.9.6"
        },
        "lazy-object-proxy": {
            "hashes": [
                "sha256:0ce34342b419bd8f018e6666bfef729aec3edf62345a53b537a4dcc115746a33",
                "sha256:1b668120716eb7ee21d8a38815e5eb3bb8211117d9a90b0f8e21722c0758cc39",
                "sha256:209615b0fe4624d79e50220ce3310ca1a9445fd8e6d3572a896e7f9146bbf019",
                "sha256:27bf62cb2b1a2068d443ff7097ee33393f8483b570b475db8ebf7e1cba64f088",
                "sha256:27ea6fd1c02dcc78172a82fc37fcc0992a94e4cecf53cb6d73f11749825bd98b",
                "sha256:2c1b21b44ac9beb0fc848d3993924147ba45c4ebc24be19825e57aabbe74a99e",
                "sha256:2df72ab12046a3496a92476020a1a0abf78b2a7db9ff4dc2036b8dd980203ae6",
                "sha256:320ffd3de9699d3892048baee45ebfbbf9388a7d65d832d7e580243ade426d2b",
                "sha256:50e3b9a464d5d08cc5227413db0d1c4707b6172e4d4d915c1c70e4de0bbff1f5",
                "sha256:5276db7ff62bb7b52f77f1f51ed58850e315154249aceb42e7f4c611f0f847ff",
                "sha256:61a6cf00dcb1a7f0c773ed4acc509cb636af2d6337a08f362413c76b2b47a8dd",
                "sha256:6ae6c4cb59f199d8827c5a07546b2ab7e85d262acaccaacd49b62f53f7c456f7",
                "sha256:7661d401d60d8bf15bb5da39e4dd72f5d764c5aff5a86ef52a042506e3e970ff",
                "sha256:7bd527f36a605c914efca5d3d014170b2cb184723e423d26b1fb2fd9108e264d",
                "sha256:7cb54db3535c8686ea12e9535eb087d32421184eacc6939ef15ef50f83a5e7e2",
                "sha256:7f3a2d740291f7f2c111d86a1c4851b70fb000a6c8883a59660d95ad57b9df35",
                "sha256:81304b7d8e9c824d058087dcb89144842c8e0dea6d281c031f59f0acf66963d4",
                "sha256:933947e8b4fbe617a51528b09851685138b49d511af0b6c0da2539115d6d4514",
                "sha256:94223d7f060301b3a8c09c9b3bc3294b56b2188e7d8179c762a1cda72c979252",
                "sha256:ab3ca49afcb47058393b0122428358d2fbe0408cf99f1b58b295cfeb4ed39109",
                "sha256:bd6292f565ca46dee4e737ebcc20742e3b5be2b01556dafe169f6c65d088875f",
                "sha256:cb924aa3e4a3fb644d0c463cad5bc2572649a6a3f68a7f8e4fbe44aaa6d77e4c",
                "sha256:d0fc7a286feac9077ec52a927fc9fe8fe2fabab95426722be4c953c9a8bede92",
                "sha256:ddc34786490a6e4ec0a855d401034cbd1242ef186c20d79d2166d6a4bd449577",
                "sha256:e34b155e36fa9da7e1b7c738ed7767fc9491a62ec6af70fe9da4a057759edc2d",
                "sha256:e5b9e8f6bda48460b7b143c3821b21b452cb3a835e6bbd5dd33aa0c8d3f5137d",
                "sha256:e81ebf6c5ee9684be8f2c87563880f93eedd56dd2b6146d8a725b50b7e5adb0f",
                "sha256:eb91be369f945f10d3a49f5f9be8b3d0b93a4c2be8f8a5b83b0571b8123e0a7a",
                "sha256:f460d1ceb0e4a5dcb2a652db0904224f367c9b3c1470d5a7683c0480e582468b"
            ],
            "version": "==1.3.1"
        },
        "markupsafe": {
            "hashes": [
                "sha256:a6be69091dac236ea9c6bc7d012beab42010fa914c459791d627dad4910eb665"
            ],
            "index": "pypi",
            "version": "==1.0"
        },
        "mccabe": {
            "hashes": [
                "sha256:ab8a6258860da4b6677da4bd2fe5dc2c659cff31b3ee4f7f5d64e79735b80d42",
                "sha256:dd8d182285a0fe56bace7f45b5e7d1a6ebcbf524e8f3bd87eb0f125271b8831f"
            ],
            "version": "==0.6.1"
        },
        "mock": {
            "hashes": [
                "sha256:5ce3c71c5545b472da17b72268978914d0252980348636840bd34a00b5cc96c1",
                "sha256:b158b6df76edd239b8208d481dc46b6afd45a846b7812ff0ce58971cf5bc8bba"
            ],
            "index": "pypi",
            "version": "==2.0.0"
        },
        "modernize": {
            "hashes": [
                "sha256:358dbb35baec7619d9b7cd5efed532c9f4a2e4e4a80f70c4d03f7aa30f76905d"
            ],
            "version": "==0.5"
        },
        "more-itertools": {
            "hashes": [
                "sha256:0dd8f72eeab0d2c3bd489025bb2f6a1b8342f9b198f6fc37b52d15cfa4531fea",
                "sha256:11a625025954c20145b37ff6309cd54e39ca94f72f6bb9576d1195db6fa2442e",
                "sha256:c9ce7eccdcb901a2c75d326ea134e0886abfbea5f93e91cc95de9507c0816c44"
            ],
            "version": "==4.1.0"
        },
        "moto": {
            "hashes": [
                "sha256:45d14aca2b06b0083d5e82cfd770ebca0ba77b5070aec6928670240939a78681",
                "sha256:ee71b515ba34d64c5f625950fc995594040f793a4a106614ff108ae02c1a2896"
            ],
            "index": "pypi",
            "version": "==1.3.3"
        },
        "pbr": {
            "hashes": [
                "sha256:4e8a0ed6a8705a26768f4c3da26026013b157821fe5f95881599556ea9d91c19",
                "sha256:dae4aaa78eafcad10ce2581fc34d694faa616727837fd8e55c1a00951ad6744f"
            ],
            "version": "==4.0.2"
        },
        "pep8": {
            "hashes": [
                "sha256:4aa129df8d9007b192bf82013f415533994652d7caa930d002687eb42a6c2a41",
                "sha256:b8b7e35630b5539e26a197dfc6005be9e1e9a135496b377723a8ebc01b9bcbff"
            ],
            "version": "==1.6.2"
        },
        "pluggy": {
            "hashes": [
                "sha256:7f8ae7f5bdf75671a718d2daf0a64b7885f74510bcd98b1a0bb420eb9a9d0cff",
                "sha256:d345c8fe681115900d6da8d048ba67c25df42973bda370783cd58826442dcd7c",
                "sha256:e160a7fcf25762bb60efc7e171d4497ff1d8d2d75a3d0df7a21b76821ecbf5c5"
            ],
            "version": "==0.6.0"
        },
        "py": {
            "hashes": [
                "sha256:29c9fab495d7528e80ba1e343b958684f4ace687327e6f789a94bf3d1915f881",
                "sha256:983f77f3331356039fdd792e9220b7b8ee1aa6bd2b25f567a963ff1de5a64f6a"
            ],
            "version": "==1.5.3"
        },
        "pyaml": {
            "hashes": [
                "sha256:66623c52f34d83a2c0fc963e08e8b9d0c13d88404e3b43b1852ef71eda19afa3",
                "sha256:f83fc302c52c6b83a15345792693ae0b5bc07ad19f59e318b7617d7123d62990"
            ],
            "version": "==17.12.1"
        },
        "pycparser": {
            "hashes": [
                "sha256:99a8ca03e29851d96616ad0404b4aad7d9ee16f25c9f9708a11faf2810f7b226"
            ],
            "version": "==2.18"
        },
        "pylint": {
            "hashes": [
                "sha256:0b7e6b5d9f1d4e0b554b5d948f14ed7969e8cdf9a0120853e6e5af60813b18ab",
                "sha256:34738a82ab33cbd3bb6cd4cef823dbcabdd2b6b48a4e3a3054a2bbbf0c712be9"
            ],
            "version": "==1.8.4"
        },
        "pytest": {
            "hashes": [
                "sha256:54713b26c97538db6ff0703a12b19aeaeb60b5e599de542e7fca0ec83b9038e8",
                "sha256:829230122facf05a5f81a6d4dfe6454a04978ea3746853b2b84567ecf8e5c526"
            ],
            "index": "pypi",
            "version": "==3.5.1"
        },
        "pytest-salt": {
            "git": "git://github.com/saltstack/pytest-salt.git",
            "ref": "master"
        },
        "python-dateutil": {
            "hashes": [
                "sha256:891c38b2a02f5bb1be3e4793866c8df49c7d19baabf9c1bad62547e0b4866aca",
                "sha256:95511bae634d69bc7329ba55e646499a842bc4ec342ad54a8cdb65645a0aad3c"
            ],
            "version": "==2.6.1"
        },
        "pytz": {
            "hashes": [
                "sha256:65ae0c8101309c45772196b21b74c46b2e5d11b6275c45d251b150d5da334555",
                "sha256:c06425302f2cf668f1bba7a0a03f3c1d34d4ebeef2c72003da308b3947c7f749"
            ],
            "version": "==2018.4"
        },
        "pyyaml": {
            "hashes": [
                "sha256:0c507b7f74b3d2dd4d1322ec8a94794927305ab4cebbe89cc47fe5e81541e6e8",
                "sha256:16b20e970597e051997d90dc2cddc713a2876c47e3d92d59ee198700c5427736",
                "sha256:3262c96a1ca437e7e4763e2843746588a965426550f3797a79fca9c6199c431f",
                "sha256:326420cbb492172dec84b0f65c80942de6cedb5233c413dd824483989c000608",
                "sha256:4474f8ea030b5127225b8894d626bb66c01cda098d47a2b0d3429b6700af9fd8",
                "sha256:592766c6303207a20efc445587778322d7f73b161bd994f227adaa341ba212ab",
                "sha256:5ac82e411044fb129bae5cfbeb3ba626acb2af31a8d17d175004b70862a741a7",
                "sha256:5f84523c076ad14ff5e6c037fe1c89a7f73a3e04cf0377cb4d017014976433f3",
                "sha256:827dc04b8fa7d07c44de11fabbc888e627fa8293b695e0f99cb544fdfa1bf0d1",
                "sha256:b4c423ab23291d3945ac61346feeb9a0dc4184999ede5e7c43e1ffb975130ae6",
                "sha256:bc6bced57f826ca7cb5125a10b23fd0f2fff3b7c4701d64c439a300ce665fff8",
                "sha256:c01b880ec30b5a6e6aa67b09a2fe3fb30473008c85cd6a67359a1b15ed6d83a4",
                "sha256:ca233c64c6e40eaa6c66ef97058cdc80e8d0157a443655baa1b2966e812807ca",
                "sha256:e863072cdf4c72eebf179342c94e6989c67185842d9997960b3e69290b2fa269"
            ],
            "index": "pypi",
            "version": "==3.12"
        },
        "requests": {
            "hashes": [
                "sha256:6a1b267aa90cac58ac3a765d067950e7dbbf75b1da07e895d1f594193a40a38b",
                "sha256:9c443e7324ba5b85070c4a818ade28bfabedf16ea10206da1132edaa6dda237e"
            ],
            "index": "pypi",
            "version": "==2.18.4"
        },
        "responses": {
            "hashes": [
                "sha256:c6082710f4abfb60793899ca5f21e7ceb25aabf321560cc0726f8b59006811c9",
                "sha256:f23a29dca18b815d9d64a516b4a0abb1fbdccff6141d988ad8100facb81cf7b3"
            ],
            "version": "==0.9.0"
        },
        "s3transfer": {
            "hashes": [
                "sha256:90dc18e028989c609146e241ea153250be451e05ecc0c2832565231dacdf59c1",
                "sha256:c7a9ec356982d5e9ab2d4b46391a7d6a950e2b04c472419f5fdec70cc0ada72f"
            ],
            "version": "==0.1.13"
        },
        "saltpylint": {
            "hashes": [
                "sha256:0eff47f258c9232d6e6ff03861c93443da182d3cddee1b5aa5b1aa6708dda660",
                "sha256:5ff2012dcd0caf18400b94f13d2f30e2228310de06249190566796bbf15f64b5"
            ],
            "index": "pypi",
            "version": "==2017.12.15"
        },
        "six": {
            "hashes": [
                "sha256:70e8a77beed4562e7f14fe23a786b54f6296e34344c23bc42f07b15018ff98e9",
                "sha256:832dc0e10feb1aa2c68dcc57dbb658f1c7e65b9b61af69048abc87a2db00a0eb"
            ],
            "version": "==1.11.0"
        },
        "urllib3": {
            "hashes": [
                "sha256:06330f386d6e4b195fbfc736b297f58c5a892e4440e54d294d7004e3a9bbea1b",
                "sha256:cc44da8e1145637334317feebd728bd869a35285b93cbb4cca2577da7e62db4f"
            ],
            "version": "==1.22"
        },
        "websocket-client": {
            "hashes": [
                "sha256:188b68b14fdb2d8eb1a111f21b9ffd2dbf1dbc4e4c1d28cf2c37cdbf1dd1cae6",
                "sha256:a453dc4dfa6e0db3d8fd7738a308a88effe6240c59f3226eb93e8f020c216149"
            ],
            "version": "==0.47.0"
        },
        "werkzeug": {
            "hashes": [
                "sha256:c3fd7a7d41976d9f44db327260e263132466836cef6f91512889ed60ad26557c",
                "sha256:d5da73735293558eb1651ee2fddc4d0dedcfa06538b8813a2e20011583c9e49b"
            ],
            "version": "==0.14.1"
        },
        "wrapt": {
            "hashes": [
                "sha256:d4d560d479f2c21e1b5443bbd15fe7ec4b37fe7e53d335d3b9b0a7b1226fe3c6"
            ],
            "version": "==1.10.11"
        },
        "xmltodict": {
            "hashes": [
                "sha256:8f8d7d40aa28d83f4109a7e8aa86e67a4df202d9538be40c0cb1d70da527b0df",
                "sha256:add07d92089ff611badec526912747cf87afd4f9447af6661aca074eeaf32615"
            ],
            "version": "==0.11.0"
        }
    }
}
