# This file was autogenerated by uv via the following command:
#    uv pip compile requirements/base.txt requirements/zeromq.txt requirements/static/ci/common.txt requirements/static/ci/lint.txt requirements/static/ci/linux.txt requirements/static/pkg/linux.txt --python-platform=linux --python-version=3.10 --constraint requirements/constraints.txt --no-emit-index-url --unsafe-package=setuptools -c=requirements/static/ci/py3.10/linux.lock -c=requirements/static/pkg/py3.10/linux.lock -o=requirements/static/ci/py3.10/lint.lock
aiohappyeyeballs==2.6.1
    # via
    #   -c requirements/static/ci/py3.10/linux.lock
    #   -c requirements/static/pkg/py3.10/linux.lock
    #   aiohttp
aiohttp==3.14.1
    # via
    #   -c requirements/static/ci/py3.10/linux.lock
    #   -c requirements/static/pkg/py3.10/linux.lock
    #   -r requirements/base.txt
    #   -r requirements/static/ci/common.txt
    #   aiohttp-retry
    #   etcd3-py
    #   kubernetes
    #   twilio
aiohttp-retry==2.8.3
    # via
    #   -c requirements/static/ci/py3.10/linux.lock
    #   twilio
aiosignal==1.4.0
    # via
    #   -c requirements/static/ci/py3.10/linux.lock
    #   -c requirements/static/pkg/py3.10/linux.lock
    #   aiohttp
annotated-doc==0.0.4
    # via
    #   -c requirements/static/ci/py3.10/linux.lock
    #   -c requirements/static/pkg/py3.10/linux.lock
    #   typer
ansible==10.7.0
    # via
    #   -c requirements/static/ci/py3.10/linux.lock
    #   -r requirements/static/ci/linux.txt
ansible-core==2.17.14
    # via
    #   -c requirements/static/ci/py3.10/linux.lock
    #   ansible
anyio==4.1.0
    # via
    #   -c requirements/static/ci/py3.10/linux.lock
    #   httpx
apache-libcloud==3.9.1
    # via
    #   -c requirements/static/ci/py3.10/linux.lock
    #   -c requirements/static/pkg/py3.10/linux.lock
    #   -r requirements/base.txt
    #   -r requirements/static/ci/common.txt
asn1crypto==1.5.1
    # via
    #   -c requirements/static/ci/py3.10/linux.lock
    #   certvalidator
    #   oscrypto
astroid==3.1.0
    # via pylint
async-timeout==4.0.3
    # via
    #   -c requirements/static/ci/py3.10/linux.lock
    #   -c requirements/static/pkg/py3.10/linux.lock
    #   aiohttp
    #   redis
attrs==23.2.0
    # via
    #   -c requirements/static/ci/py3.10/linux.lock
    #   -c requirements/static/pkg/py3.10/linux.lock
    #   aiohttp
    #   jsonschema
backports-tarfile==1.2.0
    # via
    #   -c requirements/static/ci/py3.10/linux.lock
    #   -c requirements/static/pkg/py3.10/linux.lock
    #   jaraco-context
bcrypt==4.0.1
    # via
    #   -c requirements/static/ci/py3.10/linux.lock
    #   -r requirements/static/ci/common.txt
    #   paramiko
boto==2.49.0
    # via
    #   -c requirements/static/ci/py3.10/linux.lock
    #   -r requirements/static/ci/common.txt
boto3==1.43.25
    # via
    #   -c requirements/static/ci/py3.10/linux.lock
    #   -r requirements/static/ci/common.txt
    #   moto
botocore==1.43.25
    # via
    #   -c requirements/static/ci/py3.10/linux.lock
    #   -r requirements/static/ci/common.txt
    #   boto3
    #   moto
    #   s3transfer
certifi==2026.6.17
    # via
    #   -c requirements/static/ci/py3.10/linux.lock
    #   -c requirements/static/pkg/py3.10/linux.lock
    #   -r requirements/base.txt
    #   httpcore
    #   httpx
    #   kubernetes
    #   requests
certvalidator==0.11.1
    # via
    #   -c requirements/static/ci/py3.10/linux.lock
    #   vcert
cffi==2.0.0
    # via
    #   -c requirements/static/ci/py3.10/linux.lock
    #   -c requirements/static/pkg/py3.10/linux.lock
    #   -r requirements/base.txt
    #   -r requirements/static/ci/common.txt
    #   cryptography
    #   pygit2
    #   pynacl
charset-normalizer==3.2.0
    # via
    #   -c requirements/static/ci/py3.10/linux.lock
    #   -c requirements/static/pkg/py3.10/linux.lock
    #   requests
cheetah3==3.2.6.post1
    # via
    #   -c requirements/static/ci/py3.10/linux.lock
    #   -r requirements/static/ci/common.txt
cheroot==11.1.2
    # via
    #   -c requirements/static/ci/py3.10/linux.lock
    #   -c requirements/static/pkg/py3.10/linux.lock
    #   -r requirements/base.txt
    #   -r requirements/static/pkg/linux.txt
    #   cherrypy
cherrypy==18.10.0
    # via
    #   -c requirements/static/ci/py3.10/linux.lock
    #   -c requirements/static/pkg/py3.10/linux.lock
    #   -r requirements/base.txt
    #   -r requirements/static/ci/common.txt
    #   -r requirements/static/pkg/linux.txt
clustershell==1.9.1
    # via
    #   -c requirements/static/ci/py3.10/linux.lock
    #   -r requirements/static/ci/common.txt
croniter==6.2.2
    # via
    #   -c requirements/static/ci/py3.10/linux.lock
    #   -c requirements/static/pkg/py3.10/linux.lock
    #   -r requirements/base.txt
cryptography==48.0.0
    # via
    #   -c requirements/static/ci/py3.10/linux.lock
    #   -c requirements/static/pkg/py3.10/linux.lock
    #   -r requirements/base.txt
    #   -r requirements/static/ci/common.txt
    #   -r requirements/static/pkg/linux.txt
    #   ansible-core
    #   etcd3-py
    #   moto
    #   paramiko
    #   pyopenssl
    #   secretstorage
    #   vcert
dill==0.3.8
    # via pylint
distlib==0.4.0
    # via
    #   -c requirements/static/ci/py3.10/linux.lock
    #   -c requirements/static/pkg/py3.10/linux.lock
    #   virtualenv
distro==1.9.0
    # via
    #   -c requirements/static/ci/py3.10/linux.lock
    #   -c requirements/static/pkg/py3.10/linux.lock
    #   -r requirements/base.txt
dnspython==2.6.1
    # via
    #   -c requirements/static/ci/py3.10/linux.lock
    #   -r requirements/static/ci/common.txt
    #   python-etcd
docker==7.1.0
    # via
    #   -c requirements/static/ci/py3.10/linux.lock
    #   -r requirements/static/ci/lint.txt
durationpy==0.10
    # via
    #   -c requirements/static/ci/py3.10/linux.lock
    #   kubernetes
etcd3-py==0.1.6
    # via
    #   -c requirements/static/ci/py3.10/linux.lock
    #   -r requirements/static/ci/common.txt
exceptiongroup==1.1.1
    # via
    #   -c requirements/static/ci/py3.10/linux.lock
    #   anyio
filelock==3.29.1
    # via
    #   -c requirements/static/ci/py3.10/linux.lock
    #   -c requirements/static/pkg/py3.10/linux.lock
    #   -r requirements/base.txt
    #   -r requirements/static/ci/common.txt
    #   python-discovery
    #   virtualenv
frozenlist==1.8.0
    # via
    #   -c requirements/static/ci/py3.10/linux.lock
    #   -c requirements/static/pkg/py3.10/linux.lock
    #   -r requirements/base.txt
    #   aiohttp
    #   aiosignal
future==1.0.0
    # via
    #   -c requirements/static/ci/py3.10/linux.lock
    #   textfsm
genshi==0.7.11
    # via
    #   -c requirements/static/ci/py3.10/linux.lock
    #   -r requirements/static/ci/common.txt
gitdb==4.0.12
    # via
    #   -c requirements/static/ci/py3.10/linux.lock
    #   -c requirements/static/pkg/py3.10/linux.lock
    #   gitpython
gitpython==3.1.50
    # via
    #   -c requirements/static/ci/py3.10/linux.lock
    #   -c requirements/static/pkg/py3.10/linux.lock
    #   -r requirements/base.txt
    #   -r requirements/static/ci/common.txt
googleapis-common-protos==1.75.0
    # via
    #   -c requirements/static/ci/py3.10/linux.lock
    #   -c requirements/static/pkg/py3.10/linux.lock
    #   opentelemetry-exporter-otlp-proto-http
h11==0.16.0
    # via
    #   -c requirements/static/ci/py3.10/linux.lock
    #   httpcore
hglib==2.6.2
    # via
    #   -c requirements/static/ci/py3.10/linux.lock
    #   -r requirements/static/ci/linux.txt
httpcore==1.0.9
    # via
    #   -c requirements/static/ci/py3.10/linux.lock
    #   httpx
httpx==0.28.1
    # via
    #   -c requirements/static/ci/py3.10/linux.lock
    #   python-telegram-bot
idna==3.18
    # via
    #   -c requirements/static/ci/py3.10/linux.lock
    #   -c requirements/static/pkg/py3.10/linux.lock
    #   -r requirements/base.txt
    #   anyio
    #   etcd3-py
    #   httpx
    #   requests
    #   yarl
importlib-metadata==9.0.0
    # via
    #   -c requirements/static/ci/py3.10/linux.lock
    #   -c requirements/static/pkg/py3.10/linux.lock
    #   -r requirements/base.txt
    #   -r requirements/static/pkg/linux.txt
    #   keyring
invoke==3.0.3
    # via
    #   -c requirements/static/ci/py3.10/linux.lock
    #   paramiko
isort==5.13.2
    # via pylint
jaraco-classes==3.4.0
    # via
    #   -c requirements/static/ci/py3.10/linux.lock
    #   keyring
jaraco-collections==4.1.0
    # via
    #   -c requirements/static/ci/py3.10/linux.lock
    #   -c requirements/static/pkg/py3.10/linux.lock
    #   cherrypy
jaraco-context==6.1.2
    # via
    #   -c requirements/static/ci/py3.10/linux.lock
    #   -c requirements/static/pkg/py3.10/linux.lock
    #   -r requirements/base.txt
    #   jaraco-text
    #   keyring
jaraco-functools==4.5.0
    # via
    #   -c requirements/static/ci/py3.10/linux.lock
    #   -c requirements/static/pkg/py3.10/linux.lock
    #   -r requirements/base.txt
    #   cheroot
    #   jaraco-text
    #   keyring
    #   tempora
jaraco-text==4.2.0
    # via
    #   -c requirements/static/ci/py3.10/linux.lock
    #   -c requirements/static/pkg/py3.10/linux.lock
    #   -r requirements/base.txt
    #   jaraco-collections
jeepney==0.9.0
    # via
    #   -c requirements/static/ci/py3.10/linux.lock
    #   keyring
    #   secretstorage
jinja2==3.1.6
    # via
    #   -c requirements/static/ci/py3.10/linux.lock
    #   -c requirements/static/pkg/py3.10/linux.lock
    #   -r requirements/base.txt
    #   ansible-core
    #   junos-eznc
jmespath==1.1.0
    # via
    #   -c requirements/static/ci/py3.10/linux.lock
    #   -c requirements/static/pkg/py3.10/linux.lock
    #   -r requirements/base.txt
    #   -r requirements/static/ci/common.txt
    #   boto3
    #   botocore
jsonschema==3.2.0
    # via
    #   -c requirements/static/ci/py3.10/linux.lock
    #   -r requirements/static/ci/common.txt
junit-xml==1.9
    # via
    #   -c requirements/static/ci/py3.10/linux.lock
    #   -r requirements/static/ci/common.txt
junos-eznc==2.7.1
    # via
    #   -c requirements/static/ci/py3.10/linux.lock
    #   -r requirements/static/ci/common.txt
jxmlease==1.0.3
    # via
    #   -c requirements/static/ci/py3.10/linux.lock
    #   -r requirements/static/ci/common.txt
kazoo==2.9.0
    # via
    #   -c requirements/static/ci/py3.10/linux.lock
    #   -r requirements/static/ci/common.txt
keyring==25.7.0
    # via
    #   -c requirements/static/ci/py3.10/linux.lock
    #   -r requirements/static/ci/common.txt
kubernetes==36.0.2
    # via
    #   -c requirements/static/ci/py3.10/linux.lock
    #   -r requirements/static/ci/common.txt
libnacl==2.1.0
    # via
    #   -c requirements/static/ci/py3.10/linux.lock
    #   -r requirements/static/ci/common.txt
looseversion==1.3.0
    # via
    #   -c requirements/static/ci/py3.10/linux.lock
    #   -c requirements/static/pkg/py3.10/linux.lock
    #   -r requirements/base.txt
lxml==4.9.2
    # via
    #   -c requirements/static/ci/py3.10/linux.lock
    #   junos-eznc
    #   ncclient
    #   xmldiff
mako==1.2.4
    # via
    #   -c requirements/static/ci/py3.10/linux.lock
    #   -r requirements/static/ci/common.txt
markdown-it-py==3.0.0
    # via
    #   -c requirements/constraints.txt
    #   -c requirements/static/ci/py3.10/linux.lock
    #   -c requirements/static/pkg/py3.10/linux.lock
    #   rich
markupsafe==3.0.3
    # via
    #   -c requirements/static/ci/py3.10/linux.lock
    #   -c requirements/static/pkg/py3.10/linux.lock
    #   -r requirements/base.txt
    #   jinja2
    #   mako
    #   werkzeug
mccabe==0.6.1
    # via pylint
mdurl==0.1.2
    # via
    #   -c requirements/static/ci/py3.10/linux.lock
    #   -c requirements/static/pkg/py3.10/linux.lock
    #   markdown-it-py
mercurial==7.2.2
    # via
    #   -c requirements/static/ci/py3.10/linux.lock
    #   -r requirements/static/ci/linux.txt
more-itertools==11.1.0
    # via
    #   -c requirements/static/ci/py3.10/linux.lock
    #   -c requirements/static/pkg/py3.10/linux.lock
    #   -r requirements/base.txt
    #   -r requirements/static/pkg/linux.txt
    #   cheroot
    #   cherrypy
    #   jaraco-classes
    #   jaraco-functools
    #   jaraco-text
moto==5.2.2
    # via
    #   -c requirements/static/ci/py3.10/linux.lock
    #   -r requirements/static/ci/common.txt
msgpack==1.1.2
    # via
    #   -c requirements/static/ci/py3.10/linux.lock
    #   -c requirements/static/pkg/py3.10/linux.lock
    #   -r requirements/base.txt
multidict==6.7.1
    # via
    #   -c requirements/static/ci/py3.10/linux.lock
    #   -c requirements/static/pkg/py3.10/linux.lock
    #   -r requirements/base.txt
    #   aiohttp
    #   yarl
ncclient==0.7.1
    # via
    #   -c requirements/static/ci/py3.10/linux.lock
    #   -r requirements/static/ci/common.txt
    #   junos-eznc
oauthlib==3.3.1
    # via
    #   -c requirements/static/ci/py3.10/linux.lock
    #   requests-oauthlib
opentelemetry-api==1.42.1
    # via
    #   -c requirements/static/ci/py3.10/linux.lock
    #   -c requirements/static/pkg/py3.10/linux.lock
    #   -r requirements/base.txt
    #   opentelemetry-exporter-otlp-proto-http
    #   opentelemetry-exporter-prometheus
    #   opentelemetry-sdk
    #   opentelemetry-semantic-conventions
opentelemetry-exporter-otlp-proto-common==1.42.1
    # via
    #   -c requirements/static/ci/py3.10/linux.lock
    #   -c requirements/static/pkg/py3.10/linux.lock
    #   opentelemetry-exporter-otlp-proto-http
opentelemetry-exporter-otlp-proto-http==1.42.1
    # via
    #   -c requirements/static/ci/py3.10/linux.lock
    #   -c requirements/static/pkg/py3.10/linux.lock
    #   -r requirements/base.txt
opentelemetry-exporter-prometheus==0.63b1
    # via
    #   -c requirements/static/ci/py3.10/linux.lock
    #   -c requirements/static/pkg/py3.10/linux.lock
    #   -r requirements/base.txt
opentelemetry-proto==1.42.1
    # via
    #   -c requirements/static/ci/py3.10/linux.lock
    #   -c requirements/static/pkg/py3.10/linux.lock
    #   opentelemetry-exporter-otlp-proto-common
    #   opentelemetry-exporter-otlp-proto-http
opentelemetry-sdk==1.42.1
    # via
    #   -c requirements/static/ci/py3.10/linux.lock
    #   -c requirements/static/pkg/py3.10/linux.lock
    #   -r requirements/base.txt
    #   opentelemetry-exporter-otlp-proto-http
    #   opentelemetry-exporter-prometheus
opentelemetry-semantic-conventions==0.63b1
    # via
    #   -c requirements/static/ci/py3.10/linux.lock
    #   -c requirements/static/pkg/py3.10/linux.lock
    #   opentelemetry-sdk
oscrypto==1.3.0
    # via
    #   -c requirements/static/ci/py3.10/linux.lock
    #   certvalidator
packaging==26.2
    # via
    #   -c requirements/static/ci/py3.10/linux.lock
    #   -c requirements/static/pkg/py3.10/linux.lock
    #   -r requirements/base.txt
    #   ansible-core
paramiko==5.0.0
    # via
    #   -c requirements/static/ci/py3.10/linux.lock
    #   -r requirements/static/ci/common.txt
    #   ncclient
    #   scp
passlib==1.7.4
    # via
    #   -c requirements/static/ci/py3.10/linux.lock
    #   -r requirements/static/ci/common.txt
pathspec==0.12.1
    # via
    #   -c requirements/static/ci/py3.10/linux.lock
    #   yamllint
platformdirs==4.5.1
    # via
    #   -c requirements/static/ci/py3.10/linux.lock
    #   -c requirements/static/pkg/py3.10/linux.lock
    #   pylint
    #   python-discovery
    #   virtualenv
portend==3.1.0
    # via
    #   -c requirements/static/ci/py3.10/linux.lock
    #   -c requirements/static/pkg/py3.10/linux.lock
    #   cherrypy
prometheus-client==0.25.0
    # via
    #   -c requirements/static/ci/py3.10/linux.lock
    #   -c requirements/static/pkg/py3.10/linux.lock
    #   opentelemetry-exporter-prometheus
propcache==0.3.2
    # via
    #   -c requirements/static/ci/py3.10/linux.lock
    #   -c requirements/static/pkg/py3.10/linux.lock
    #   aiohttp
    #   yarl
protobuf==6.33.6
    # via
    #   -c requirements/static/ci/py3.10/linux.lock
    #   -c requirements/static/pkg/py3.10/linux.lock
    #   googleapis-common-protos
    #   opentelemetry-proto
psutil==7.2.2
    # via
    #   -c requirements/static/ci/py3.10/linux.lock
    #   -c requirements/static/pkg/py3.10/linux.lock
    #   -r requirements/base.txt
pyasn1==0.6.3
    # via
    #   -c requirements/static/ci/py3.10/linux.lock
    #   -c requirements/static/pkg/py3.10/linux.lock
    #   -r requirements/base.txt
pycparser==3.0
    # via
    #   -c requirements/static/ci/py3.10/linux.lock
    #   -c requirements/static/pkg/py3.10/linux.lock
    #   -r requirements/base.txt
    #   -r requirements/static/pkg/linux.txt
    #   cffi
pycryptodomex==3.23.0
    # via
    #   -c requirements/static/ci/py3.10/linux.lock
    #   -c requirements/static/pkg/py3.10/linux.lock
    #   -r requirements/base.txt
    #   -r requirements/crypto.txt
    #   -r requirements/static/ci/common.txt
pygit2==1.17.0
    # via
    #   -c requirements/static/ci/py3.10/linux.lock
    #   -r requirements/static/ci/linux.txt
pygments==2.20.0
    # via
    #   -c requirements/static/ci/py3.10/linux.lock
    #   -c requirements/static/pkg/py3.10/linux.lock
    #   rich
pyiface==0.0.11
    # via
    #   -c requirements/static/ci/py3.10/linux.lock
    #   -r requirements/static/ci/linux.txt
pyinotify==0.9.6
    # via
    #   -c requirements/static/ci/py3.10/linux.lock
    #   -r requirements/static/ci/common.txt
pyjwt==2.12.1
    # via
    #   -c requirements/static/ci/py3.10/linux.lock
    #   twilio
pylint==3.1.1
    # via
    #   -r requirements/static/ci/lint.txt
    #   saltpylint
pymysql==1.2.0
    # via
    #   -c requirements/static/ci/py3.10/linux.lock
    #   -r requirements/static/ci/linux.txt
pynacl==1.5.0
    # via
    #   -c requirements/static/ci/py3.10/linux.lock
    #   -r requirements/static/ci/common.txt
    #   paramiko
pyopenssl==26.2.0
    # via
    #   -c requirements/static/ci/py3.10/linux.lock
    #   -c requirements/static/pkg/py3.10/linux.lock
    #   -r requirements/base.txt
    #   -r requirements/static/pkg/linux.txt
    #   etcd3-py
pyparsing==3.0.9
    # via
    #   -c requirements/static/ci/py3.10/linux.lock
    #   junos-eznc
pyrsistent==0.19.3
    # via
    #   -c requirements/static/ci/py3.10/linux.lock
    #   jsonschema
pyserial==3.5
    # via
    #   -c requirements/static/ci/py3.10/linux.lock
    #   junos-eznc
python-consul==1.1.0
    # via
    #   -c requirements/static/ci/py3.10/linux.lock
    #   -r requirements/static/ci/linux.txt
python-dateutil==2.9.0.post0
    # via
    #   -c requirements/static/ci/py3.10/linux.lock
    #   -c requirements/static/pkg/py3.10/linux.lock
    #   -r requirements/base.txt
    #   -r requirements/static/pkg/linux.txt
    #   botocore
    #   croniter
    #   kubernetes
    #   vcert
python-discovery==1.4.0
    # via
    #   -c requirements/static/ci/py3.10/linux.lock
    #   -c requirements/static/pkg/py3.10/linux.lock
    #   virtualenv
python-etcd==0.4.5
    # via
    #   -c requirements/static/ci/py3.10/linux.lock
    #   -r requirements/static/ci/common.txt
python-gnupg==0.5.6
    # via
    #   -c requirements/static/ci/py3.10/linux.lock
    #   -c requirements/static/pkg/py3.10/linux.lock
    #   -r requirements/base.txt
    #   -r requirements/static/pkg/linux.txt
python-telegram-bot==22.7
    # via
    #   -c requirements/static/ci/py3.10/linux.lock
    #   -r requirements/static/ci/linux.txt
pytz==2024.1
    # via
    #   -c requirements/static/ci/py3.10/linux.lock
    #   -c requirements/static/pkg/py3.10/linux.lock
    #   tempora
pyvmomi==8.0.1.0.1
    # via
    #   -c requirements/static/ci/py3.10/linux.lock
    #   -r requirements/static/ci/common.txt
pyyaml==6.0.3
    # via
    #   -c requirements/static/ci/py3.10/linux.lock
    #   -c requirements/static/pkg/py3.10/linux.lock
    #   -r requirements/base.txt
    #   ansible-core
    #   clustershell
    #   junos-eznc
    #   kubernetes
    #   responses
    #   yamllint
    #   yamlordereddictloader
pyzmq==27.1.0
    # via
    #   -c requirements/static/ci/py3.10/linux.lock
    #   -c requirements/static/pkg/py3.10/linux.lock
    #   -r requirements/zeromq.txt
redis==7.4.0
    # via
    #   -c requirements/static/ci/py3.10/linux.lock
    #   -r requirements/static/ci/linux.txt
requests==2.31.0
    # via
    #   -c requirements/static/ci/py3.10/linux.lock
    #   -c requirements/static/pkg/py3.10/linux.lock
    #   -r requirements/base.txt
    #   apache-libcloud
    #   docker
    #   etcd3-py
    #   kubernetes
    #   moto
    #   opentelemetry-exporter-otlp-proto-http
    #   python-consul
    #   requests-oauthlib
    #   responses
    #   twilio
    #   vcert
    #   vultr
requests-oauthlib==2.0.0
    # via
    #   -c requirements/static/ci/py3.10/linux.lock
    #   kubernetes
resolvelib==1.0.1
    # via
    #   -c requirements/static/ci/py3.10/linux.lock
    #   ansible-core
responses==0.23.1
    # via
    #   -c requirements/static/ci/py3.10/linux.lock
    #   moto
rfc3339-validator==0.1.4
    # via
    #   -c requirements/static/ci/py3.10/linux.lock
    #   -r requirements/static/ci/common.txt
rfc3987==1.3.8
    # via
    #   -c requirements/static/ci/py3.10/linux.lock
    #   -r requirements/static/ci/common.txt
rich==15.0.0
    # via
    #   -c requirements/static/ci/py3.10/linux.lock
    #   -c requirements/static/pkg/py3.10/linux.lock
    #   typer
rpm-vercmp==0.1.2
    # via
    #   -c requirements/static/ci/py3.10/linux.lock
    #   -c requirements/static/pkg/py3.10/linux.lock
    #   -r requirements/base.txt
    #   -r requirements/static/pkg/linux.txt
s3transfer==0.18.0
    # via
    #   -c requirements/static/ci/py3.10/linux.lock
    #   boto3
saltpylint==2024.2.5
    # via -r requirements/static/ci/lint.txt
scp==0.14.5
    # via
    #   -c requirements/static/ci/py3.10/linux.lock
    #   junos-eznc
secretstorage==3.5.0
    # via
    #   -c requirements/static/ci/py3.10/linux.lock
    #   keyring
semantic-version==2.10.0
    # via
    #   -c requirements/static/ci/py3.10/linux.lock
    #   etcd3-py
setproctitle==1.3.7
    # via
    #   -c requirements/static/ci/py3.10/linux.lock
    #   -c requirements/static/pkg/py3.10/linux.lock
    #   -r requirements/base.txt
    #   -r requirements/static/pkg/linux.txt
shellingham==1.5.4
    # via
    #   -c requirements/static/ci/py3.10/linux.lock
    #   -c requirements/static/pkg/py3.10/linux.lock
    #   typer
six==1.16.0
    # via
    #   -c requirements/static/ci/py3.10/linux.lock
    #   -c requirements/static/pkg/py3.10/linux.lock
    #   etcd3-py
    #   jsonschema
    #   junit-xml
    #   junos-eznc
    #   kazoo
    #   kubernetes
    #   python-consul
    #   python-dateutil
    #   pyvmomi
    #   rfc3339-validator
    #   textfsm
    #   transitions
    #   vcert
slack-bolt==1.18.0
    # via
    #   -c requirements/static/ci/py3.10/linux.lock
    #   -r requirements/static/ci/linux.txt
slack-sdk==3.21.3
    # via
    #   -c requirements/static/ci/py3.10/linux.lock
    #   slack-bolt
smmap==5.0.2
    # via
    #   -c requirements/static/ci/py3.10/linux.lock
    #   -c requirements/static/pkg/py3.10/linux.lock
    #   gitdb
sniffio==1.3.0
    # via
    #   -c requirements/static/ci/py3.10/linux.lock
    #   anyio
sqlparse==0.5.5
    # via
    #   -c requirements/static/ci/py3.10/linux.lock
    #   -r requirements/static/ci/common.txt
strict-rfc3339==0.7
    # via
    #   -c requirements/static/ci/py3.10/linux.lock
    #   -r requirements/static/ci/common.txt
tempora==5.3.0
    # via
    #   -c requirements/static/ci/py3.10/linux.lock
    #   -c requirements/static/pkg/py3.10/linux.lock
    #   portend
textfsm==1.1.3
    # via
    #   -c requirements/static/ci/py3.10/linux.lock
    #   -r requirements/static/ci/common.txt
timelib==0.3.0
    # via
    #   -c requirements/static/ci/py3.10/linux.lock
    #   -c requirements/static/pkg/py3.10/linux.lock
    #   -r requirements/base.txt
    #   -r requirements/static/pkg/linux.txt
toml==0.10.2
    # via
    #   -c requirements/static/ci/py3.10/linux.lock
    #   -r requirements/static/ci/common.txt
    #   -r requirements/static/ci/lint.txt
tomli==2.2.1
    # via
    #   -c requirements/static/ci/py3.10/linux.lock
    #   pylint
tomlkit==0.12.3
    # via pylint
tornado==6.5.7
    # via
    #   -c requirements/static/ci/py3.10/linux.lock
    #   -c requirements/static/pkg/py3.10/linux.lock
    #   -r requirements/base.txt
transitions==0.9.0
    # via
    #   -c requirements/static/ci/py3.10/linux.lock
    #   junos-eznc
truststore==0.10.4
    # via
    #   -c requirements/static/ci/py3.10/linux.lock
    #   -c requirements/static/pkg/py3.10/linux.lock
    #   -r requirements/base.txt
twilio==9.10.9
    # via
    #   -c requirements/static/ci/py3.10/linux.lock
    #   -r requirements/static/ci/linux.txt
typer==0.26.7
    # via
    #   -c requirements/static/ci/py3.10/linux.lock
    #   -c requirements/static/pkg/py3.10/linux.lock
    #   typer-slim
typer-slim==0.24.0
    # via
    #   -c requirements/static/ci/py3.10/linux.lock
    #   -c requirements/static/pkg/py3.10/linux.lock
    #   jaraco-text
types-pyyaml==6.0.1
    # via
    #   -c requirements/static/ci/py3.10/linux.lock
    #   responses
typing-extensions==4.14.1
    # via
    #   -c requirements/static/ci/py3.10/linux.lock
    #   -c requirements/static/pkg/py3.10/linux.lock
    #   aiohttp
    #   aiosignal
    #   astroid
    #   cryptography
    #   multidict
    #   opentelemetry-api
    #   opentelemetry-exporter-otlp-proto-http
    #   opentelemetry-sdk
    #   opentelemetry-semantic-conventions
    #   pyjwt
    #   pyopenssl
    #   virtualenv
urllib3==2.7.0
    # via
    #   -c requirements/static/ci/py3.10/linux.lock
    #   -c requirements/static/pkg/py3.10/linux.lock
    #   -r requirements/base.txt
    #   botocore
    #   docker
    #   kubernetes
    #   python-etcd
    #   requests
    #   responses
vcert==0.9.1
    # via
    #   -c requirements/static/ci/py3.10/linux.lock
    #   -r requirements/static/ci/common.txt
virtualenv==21.4.2
    # via
    #   -c requirements/static/ci/py3.10/linux.lock
    #   -c requirements/static/pkg/py3.10/linux.lock
    #   -r requirements/base.txt
    #   -r requirements/static/ci/common.txt
vultr==1.0.1
    # via
    #   -c requirements/static/ci/py3.10/linux.lock
    #   -c requirements/static/pkg/py3.10/linux.lock
    #   -r requirements/base.txt
watchdog==6.0.0
    # via
    #   -c requirements/static/ci/py3.10/linux.lock
    #   -r requirements/static/ci/common.txt
websocket-client==1.9.0
    # via
    #   -c requirements/static/ci/py3.10/linux.lock
    #   -r requirements/static/ci/common.txt
    #   kubernetes
wempy==0.2.1
    # via
    #   -c requirements/static/ci/py3.10/linux.lock
    #   -r requirements/static/ci/common.txt
werkzeug==3.1.8
    # via
    #   -c requirements/static/ci/py3.10/linux.lock
    #   -r requirements/static/ci/common.txt
    #   moto
xmldiff==2.7.0
    # via
    #   -c requirements/static/ci/py3.10/linux.lock
    #   -r requirements/static/ci/common.txt
xmltodict==0.13.0
    # via
    #   -c requirements/static/ci/py3.10/linux.lock
    #   moto
xxhash==3.7.0
    # via
    #   -c requirements/static/ci/py3.10/linux.lock
    #   -c requirements/static/pkg/py3.10/linux.lock
    #   -r requirements/base.txt
yamllint==1.32.0
    # via
    #   -c requirements/static/ci/py3.10/linux.lock
    #   -r requirements/static/ci/linux.txt
yamlordereddictloader==0.4.0
    # via
    #   -c requirements/static/ci/py3.10/linux.lock
    #   -r requirements/static/ci/common.txt
    #   junos-eznc
yarl==1.20.1
    # via
    #   -c requirements/static/ci/py3.10/linux.lock
    #   -c requirements/static/pkg/py3.10/linux.lock
    #   aiohttp
zc-lockfile==3.0.post1
    # via
    #   -c requirements/static/ci/py3.10/linux.lock
    #   -c requirements/static/pkg/py3.10/linux.lock
    #   cherrypy
zipp==4.1.0
    # via
    #   -c requirements/static/ci/py3.10/linux.lock
    #   -c requirements/static/pkg/py3.10/linux.lock
    #   -r requirements/base.txt
    #   importlib-metadata

# The following packages were excluded from the output:
# setuptools
