# This file was autogenerated by uv via the following command:
#    uv pip compile requirements/static/ci/tools-virustotal.in --python-platform=linux --python-version=3.10 --constraint requirements/constraints.txt --no-emit-index-url -c=requirements/static/ci/py3.10/tools.lock -o=requirements/static/ci/py3.10/tools-virustotal.lock
certifi==2023.7.22
    # via
    #   -c requirements/static/ci/py3.10/tools.lock
    #   requests
charset-normalizer==3.2.0
    # via
    #   -c requirements/static/ci/py3.10/tools.lock
    #   requests
idna==3.7
    # via
    #   -c requirements/static/ci/py3.10/tools.lock
    #   requests
requests==2.31.0
    # via
    #   -c requirements/static/ci/py3.10/tools.lock
    #   virustotal3
urllib3==1.26.18
    # via
    #   -c requirements/static/ci/py3.10/tools.lock
    #   requests
virustotal3==1.0.8
    # via -r requirements/static/ci/tools-virustotal.in
