# This file was autogenerated by uv via the following command:
#    uv pip compile requirements/base.txt requirements/pytest.txt requirements/zeromq.txt requirements/static/ci/common.txt requirements/static/ci/freebsd.txt requirements/static/pkg/freebsd.txt --universal --python-version=3.11 --constraint requirements/constraints.txt --no-emit-index-url --unsafe-package=setuptools -c=requirements/static/pkg/py3.11/freebsd.lock -o=requirements/static/ci/py3.11/freebsd.lock
aiohappyeyeballs==2.6.1
    # via
    #   -c requirements/static/pkg/py3.11/freebsd.lock
    #   aiohttp
aiohttp==3.14.1
    # via
    #   -c requirements/static/pkg/py3.11/freebsd.lock
    #   -r requirements/base.txt
    #   -r requirements/static/ci/common.txt
    #   etcd3-py
    #   kubernetes
aiosignal==1.4.0
    # via
    #   -c requirements/static/pkg/py3.11/freebsd.lock
    #   aiohttp
annotated-doc==0.0.4
    # via
    #   -c requirements/static/pkg/py3.11/freebsd.lock
    #   typer
apache-libcloud==3.9.1
    # via
    #   -c requirements/static/pkg/py3.11/freebsd.lock
    #   -r requirements/base.txt
    #   -r requirements/static/ci/common.txt
asn1crypto==1.5.1 ; sys_platform != 'win32'
    # via
    #   certvalidator
    #   oscrypto
attrs==23.2.0
    # via
    #   -c requirements/static/pkg/py3.11/freebsd.lock
    #   aiohttp
    #   jsonschema
    #   pytest-salt-factories
    #   pytest-shell-utilities
    #   pytest-skip-markers
    #   pytest-system-statistics
    #   referencing
backports-tarfile==1.2.0 ; python_full_version < '3.12'
    # via
    #   -c requirements/static/pkg/py3.11/freebsd.lock
    #   jaraco-context
bcrypt==4.3.0 ; python_full_version < '3.12'
    # via
    #   -c requirements/constraints.txt
    #   -r requirements/static/ci/common.txt
    #   paramiko
bcrypt==5.0.0 ; python_full_version >= '3.12'
    # via
    #   -c requirements/constraints.txt
    #   -r requirements/static/ci/common.txt
    #   paramiko
boto==2.49.0
    # via -r requirements/static/ci/common.txt
boto3==1.43.25
    # via
    #   -r requirements/static/ci/common.txt
    #   moto
botocore==1.43.25
    # via
    #   boto3
    #   moto
    #   s3transfer
certifi==2026.5.20
    # via
    #   -c requirements/static/pkg/py3.11/freebsd.lock
    #   -r requirements/base.txt
    #   kubernetes
    #   requests
certvalidator==0.11.1 ; sys_platform != 'win32'
    # via vcert
cffi==2.0.0
    # via
    #   -c requirements/static/pkg/py3.11/freebsd.lock
    #   -r requirements/base.txt
    #   -r requirements/static/ci/common.txt
    #   clr-loader
    #   cryptography
    #   pynacl
    #   pyzmq
charset-normalizer==3.2.0
    # via
    #   -c requirements/static/pkg/py3.11/freebsd.lock
    #   requests
cheetah3==3.2.6.post1
    # via -r requirements/static/ci/common.txt
cheroot==11.1.2
    # via
    #   -c requirements/static/pkg/py3.11/freebsd.lock
    #   -r requirements/base.txt
    #   -r requirements/static/pkg/freebsd.txt
    #   cherrypy
cherrypy==18.10.0
    # via
    #   -c requirements/static/pkg/py3.11/freebsd.lock
    #   -r requirements/base.txt
    #   -r requirements/static/ci/common.txt
    #   -r requirements/static/pkg/freebsd.txt
clr-loader==0.2.10 ; sys_platform == 'win32'
    # via
    #   -c requirements/static/pkg/py3.11/freebsd.lock
    #   pythonnet
clustershell==1.9.3
    # via -r requirements/static/ci/common.txt
colorama==0.4.6 ; sys_platform == 'win32'
    # via
    #   -c requirements/static/pkg/py3.11/freebsd.lock
    #   pytest
    #   typer
contextvars==2.4
    # via
    #   -c requirements/static/pkg/py3.11/freebsd.lock
    #   -r requirements/base.txt
croniter==6.2.2 ; sys_platform != 'win32'
    # via
    #   -c requirements/static/pkg/py3.11/freebsd.lock
    #   -r requirements/base.txt
cryptography==47.0.0
    # via
    #   -c requirements/static/pkg/py3.11/freebsd.lock
    #   -r requirements/base.txt
    #   -r requirements/static/ci/common.txt
    #   -r requirements/static/pkg/freebsd.txt
    #   etcd3-py
    #   moto
    #   paramiko
    #   pyopenssl
    #   secretstorage
    #   trustme
    #   vcert
distlib==0.4.0
    # via
    #   -c requirements/static/pkg/py3.11/freebsd.lock
    #   virtualenv
distro==1.9.0
    # via
    #   -c requirements/static/pkg/py3.11/freebsd.lock
    #   -r requirements/base.txt
    #   -r requirements/static/pkg/freebsd.txt
    #   pytest-skip-markers
dnspython==2.8.0
    # via
    #   -r requirements/static/ci/common.txt
    #   python-etcd
docker==7.1.0
    # via -r requirements/pytest.txt
durationpy==0.10
    # via kubernetes
etcd3-py==0.1.6
    # via -r requirements/static/ci/common.txt
filelock==3.29.1
    # via
    #   -c requirements/static/pkg/py3.11/freebsd.lock
    #   -r requirements/base.txt
    #   -r requirements/static/ci/common.txt
    #   python-discovery
    #   virtualenv
flaky==3.8.1
    # via -r requirements/pytest.txt
frozenlist==1.7.0
    # via
    #   -c requirements/static/pkg/py3.11/freebsd.lock
    #   -r requirements/base.txt
    #   aiohttp
    #   aiosignal
genshi==0.7.11
    # via -r requirements/static/ci/common.txt
gitdb==4.0.12
    # via
    #   -c requirements/static/pkg/py3.11/freebsd.lock
    #   gitpython
gitpython==3.1.50
    # via
    #   -c requirements/static/pkg/py3.11/freebsd.lock
    #   -r requirements/base.txt
    #   -r requirements/static/ci/common.txt
hglib==2.6.2
    # via -r requirements/static/ci/freebsd.txt
idna==3.18
    # via
    #   -c requirements/static/pkg/py3.11/freebsd.lock
    #   -r requirements/base.txt
    #   etcd3-py
    #   requests
    #   trustme
    #   yarl
immutables==0.21
    # via
    #   -c requirements/static/pkg/py3.11/freebsd.lock
    #   -r requirements/base.txt
    #   contextvars
importlib-metadata==9.0.0
    # via
    #   -c requirements/static/pkg/py3.11/freebsd.lock
    #   -r requirements/base.txt
    #   -r requirements/static/pkg/freebsd.txt
    #   keyring
iniconfig==2.0.0
    # via pytest
invoke==2.2.1 ; sys_platform != 'win32'
    # via paramiko
jaraco-classes==3.4.0
    # via keyring
jaraco-collections==4.1.0
    # via
    #   -c requirements/static/pkg/py3.11/freebsd.lock
    #   cherrypy
jaraco-context==6.1.2
    # via
    #   -c requirements/static/pkg/py3.11/freebsd.lock
    #   -r requirements/base.txt
    #   jaraco-text
    #   keyring
jaraco-functools==4.5.0
    # via
    #   -c requirements/static/pkg/py3.11/freebsd.lock
    #   -r requirements/base.txt
    #   cheroot
    #   jaraco-text
    #   keyring
    #   tempora
jaraco-text==4.2.0
    # via
    #   -c requirements/static/pkg/py3.11/freebsd.lock
    #   -r requirements/base.txt
    #   jaraco-collections
jeepney==0.9.0 ; sys_platform == 'linux'
    # via
    #   keyring
    #   secretstorage
jinja2==3.1.6
    # via
    #   -c requirements/static/pkg/py3.11/freebsd.lock
    #   -r requirements/base.txt
    #   junos-eznc
jmespath==1.1.0
    # via
    #   -c requirements/static/pkg/py3.11/freebsd.lock
    #   -r requirements/base.txt
    #   -r requirements/static/ci/common.txt
    #   boto3
    #   botocore
jsonschema==3.2.0 ; python_full_version < '3.12'
    # via
    #   -c requirements/constraints.txt
    #   -r requirements/static/ci/common.txt
jsonschema==4.26.0 ; python_full_version >= '3.12'
    # via
    #   -c requirements/constraints.txt
    #   -r requirements/static/ci/common.txt
jsonschema-specifications==2025.9.1 ; python_full_version >= '3.12'
    # via jsonschema
junit-xml==1.9
    # via -r requirements/static/ci/common.txt
junos-eznc==2.6.8 ; python_full_version < '3.12' and sys_platform != 'win32'
    # via
    #   -c requirements/constraints.txt
    #   -r requirements/static/ci/common.txt
junos-eznc==2.7.6 ; python_full_version >= '3.12' and sys_platform != 'win32'
    # via
    #   -c requirements/constraints.txt
    #   -r requirements/static/ci/common.txt
jxmlease==1.0.3 ; sys_platform != 'win32'
    # via -r requirements/static/ci/common.txt
kazoo==2.10.0 ; sys_platform != 'darwin' and sys_platform != 'win32'
    # via -r requirements/static/ci/common.txt
keyring==25.7.0
    # via -r requirements/static/ci/common.txt
kubernetes==36.0.2
    # via -r requirements/static/ci/common.txt
libnacl==2.1.0 ; sys_platform != 'darwin' and sys_platform != 'win32'
    # via -r requirements/static/ci/common.txt
looseversion==1.3.0
    # via
    #   -c requirements/static/pkg/py3.11/freebsd.lock
    #   -r requirements/base.txt
lxml==6.1.1
    # via
    #   -c requirements/static/pkg/py3.11/freebsd.lock
    #   -r requirements/base.txt
    #   junos-eznc
    #   ncclient
    #   xmldiff
mako==1.3.10
    # via -r requirements/static/ci/common.txt
markdown-it-py==4.2.0
    # via
    #   -c requirements/constraints.txt
    #   -c requirements/static/pkg/py3.11/freebsd.lock
    #   -r requirements/static/ci/common.txt
    #   rich
markupsafe==2.1.5
    # via
    #   -c requirements/static/pkg/py3.11/freebsd.lock
    #   -r requirements/base.txt
    #   jinja2
    #   mako
    #   werkzeug
mdurl==0.1.2
    # via
    #   -c requirements/static/pkg/py3.11/freebsd.lock
    #   markdown-it-py
mercurial==7.2.2
    # via -r requirements/static/ci/freebsd.txt
mock==5.2.0
    # via -r requirements/pytest.txt
more-itertools==10.8.0
    # via
    #   -c requirements/static/pkg/py3.11/freebsd.lock
    #   -r requirements/base.txt
    #   -r requirements/pytest.txt
    #   cheroot
    #   cherrypy
    #   jaraco-classes
    #   jaraco-functools
    #   jaraco-text
moto==5.2.2
    # via -r requirements/static/ci/common.txt
msgpack==1.1.2
    # via
    #   -c requirements/static/pkg/py3.11/freebsd.lock
    #   -r requirements/base.txt
    #   pytest-salt-factories
multidict==6.7.1
    # via
    #   -c requirements/static/pkg/py3.11/freebsd.lock
    #   -r requirements/base.txt
    #   aiohttp
    #   yarl
ncclient==0.6.13 ; python_full_version < '3.12' and sys_platform != 'win32'
    # via junos-eznc
ncclient==0.7.0 ; python_full_version >= '3.12' and sys_platform != 'win32'
    # via junos-eznc
oauthlib==3.3.1
    # via requests-oauthlib
oscrypto==1.3.0 ; sys_platform != 'win32'
    # via certvalidator
packaging==24.0
    # via
    #   -c requirements/static/pkg/py3.11/freebsd.lock
    #   -r requirements/base.txt
    #   pytest
paramiko==5.0.0 ; sys_platform != 'win32'
    # via
    #   -r requirements/static/ci/common.txt
    #   junos-eznc
    #   ncclient
    #   scp
passlib==1.7.4
    # via -r requirements/static/ci/common.txt
pathspec==0.12.1
    # via yamllint
platformdirs==4.5.1
    # via
    #   -c requirements/static/pkg/py3.11/freebsd.lock
    #   python-discovery
    #   virtualenv
pluggy==1.5.0
    # via pytest
portend==3.1.0
    # via
    #   -c requirements/static/pkg/py3.11/freebsd.lock
    #   cherrypy
propcache==0.3.2
    # via
    #   -c requirements/static/pkg/py3.11/freebsd.lock
    #   aiohttp
    #   yarl
psutil==7.2.2
    # via
    #   -c requirements/static/pkg/py3.11/freebsd.lock
    #   -r requirements/base.txt
    #   pytest-salt-factories
    #   pytest-shell-utilities
    #   pytest-system-statistics
pyasn1==0.6.3
    # via
    #   -c requirements/static/pkg/py3.11/freebsd.lock
    #   -r requirements/base.txt
pycparser==3.0
    # via
    #   -c requirements/static/pkg/py3.11/freebsd.lock
    #   -r requirements/base.txt
    #   -r requirements/static/pkg/freebsd.txt
    #   cffi
pycryptodomex==3.23.0
    # via
    #   -c requirements/static/pkg/py3.11/freebsd.lock
    #   -r requirements/base.txt
    #   -r requirements/static/ci/common.txt
pyfakefs==5.3.1
    # via -r requirements/pytest.txt
pygments==2.20.0
    # via
    #   -c requirements/static/pkg/py3.11/freebsd.lock
    #   pytest
    #   rich
pyinotify==0.9.6 ; platform_system != 'openbsd' and sys_platform != 'darwin' and sys_platform != 'win32'
    # via -r requirements/static/ci/common.txt
pymssql==2.3.11 ; sys_platform == 'win32'
    # via
    #   -c requirements/static/pkg/py3.11/freebsd.lock
    #   -r requirements/base.txt
pymysql==1.2.0 ; sys_platform == 'win32'
    # via
    #   -c requirements/static/pkg/py3.11/freebsd.lock
    #   -r requirements/base.txt
pynacl==1.6.2
    # via
    #   -r requirements/static/ci/common.txt
    #   paramiko
pyopenssl==26.1.0
    # via
    #   -c requirements/static/pkg/py3.11/freebsd.lock
    #   -r requirements/base.txt
    #   -r requirements/static/pkg/freebsd.txt
    #   etcd3-py
pyparsing==3.3.2 ; sys_platform != 'win32'
    # via junos-eznc
pyrsistent==0.20.0 ; python_full_version < '3.12'
    # via jsonschema
pyserial==3.5 ; sys_platform != 'win32'
    # via junos-eznc
pytest==9.0.3
    # via
    #   -r requirements/pytest.txt
    #   pytest-custom-exit-code
    #   pytest-helpers-namespace
    #   pytest-salt-factories
    #   pytest-shell-utilities
    #   pytest-skip-markers
    #   pytest-subtests
    #   pytest-system-statistics
    #   pytest-timeout
pytest-custom-exit-code==0.3.0
    # via -r requirements/pytest.txt
pytest-helpers-namespace==2021.12.29
    # via
    #   -r requirements/pytest.txt
    #   pytest-salt-factories
    #   pytest-shell-utilities
pytest-httpserver==1.0.8
    # via -r requirements/pytest.txt
pytest-salt-factories==1.0.5
    # via -r requirements/pytest.txt
pytest-shell-utilities==1.9.7
    # via
    #   -r requirements/pytest.txt
    #   pytest-salt-factories
pytest-skip-markers==1.5.2
    # via
    #   -r requirements/pytest.txt
    #   pytest-salt-factories
    #   pytest-shell-utilities
    #   pytest-system-statistics
pytest-subtests==0.4.0
    # via -r requirements/pytest.txt
pytest-system-statistics==1.0.2
    # via pytest-salt-factories
pytest-timeout==2.4.0
    # via -r requirements/pytest.txt
python-dateutil==2.9.0.post0
    # via
    #   -c requirements/static/pkg/py3.11/freebsd.lock
    #   -r requirements/base.txt
    #   -r requirements/static/pkg/freebsd.txt
    #   botocore
    #   croniter
    #   kubernetes
    #   vcert
python-discovery==1.4.0
    # via
    #   -c requirements/static/pkg/py3.11/freebsd.lock
    #   virtualenv
python-etcd==0.4.5
    # via -r requirements/static/ci/common.txt
python-gnupg==0.5.6
    # via
    #   -c requirements/static/pkg/py3.11/freebsd.lock
    #   -r requirements/base.txt
    #   -r requirements/static/pkg/freebsd.txt
pythonnet==3.0.5 ; sys_platform == 'win32'
    # via
    #   -c requirements/static/pkg/py3.11/freebsd.lock
    #   -r requirements/base.txt
pytz==2024.1
    # via
    #   -c requirements/static/pkg/py3.11/freebsd.lock
    #   tempora
pyvmomi==9.0.0.0
    # via -r requirements/static/ci/common.txt
pywin32==312 ; sys_platform == 'win32'
    # via
    #   -c requirements/static/pkg/py3.11/freebsd.lock
    #   -r requirements/base.txt
    #   docker
    #   pytest-skip-markers
    #   wmi
pywin32-ctypes==0.2.3 ; sys_platform == 'win32'
    # via keyring
pyyaml==6.0.3
    # via
    #   -c requirements/static/pkg/py3.11/freebsd.lock
    #   -r requirements/base.txt
    #   clustershell
    #   junos-eznc
    #   kubernetes
    #   pytest-salt-factories
    #   responses
    #   yamllint
    #   yamlloader
    #   yamlordereddictloader
pyzmq==27.1.0
    # via
    #   -c requirements/static/pkg/py3.11/freebsd.lock
    #   -r requirements/zeromq.txt
    #   pytest-salt-factories
referencing==0.37.0 ; python_full_version >= '3.12'
    # via
    #   jsonschema
    #   jsonschema-specifications
requests==2.33.1
    # via
    #   -c requirements/static/pkg/py3.11/freebsd.lock
    #   -r requirements/base.txt
    #   apache-libcloud
    #   docker
    #   etcd3-py
    #   kubernetes
    #   moto
    #   requests-oauthlib
    #   responses
    #   vcert
    #   vultr
requests-oauthlib==2.0.0
    # via kubernetes
responses==0.25.8
    # via moto
rfc3987==1.3.8
    # via -r requirements/static/ci/common.txt
rich==15.0.0
    # via
    #   -c requirements/static/pkg/py3.11/freebsd.lock
    #   typer
rpds-py==0.30.0 ; python_full_version >= '3.12'
    # via
    #   jsonschema
    #   referencing
rpm-vercmp==0.1.2 ; sys_platform == 'linux'
    # via
    #   -c requirements/static/pkg/py3.11/freebsd.lock
    #   -r requirements/base.txt
s3transfer==0.18.0
    # via boto3
scp==0.15.0 ; sys_platform != 'win32'
    # via junos-eznc
secretstorage==3.5.0 ; sys_platform == 'linux'
    # via keyring
semantic-version==2.10.0
    # via etcd3-py
setproctitle==1.3.7
    # via
    #   -c requirements/static/pkg/py3.11/freebsd.lock
    #   -r requirements/base.txt
    #   -r requirements/static/pkg/freebsd.txt
shellingham==1.5.4
    # via
    #   -c requirements/static/pkg/py3.11/freebsd.lock
    #   typer
six==1.17.0
    # via
    #   -c requirements/static/pkg/py3.11/freebsd.lock
    #   etcd3-py
    #   jsonschema
    #   junit-xml
    #   junos-eznc
    #   kubernetes
    #   ncclient
    #   python-dateutil
    #   transitions
    #   vcert
smmap==5.0.2
    # via
    #   -c requirements/static/pkg/py3.11/freebsd.lock
    #   gitdb
sqlparse==0.5.5
    # via -r requirements/static/ci/common.txt
strict-rfc3339==0.7
    # via -r requirements/static/ci/common.txt
tempora==5.3.0
    # via
    #   -c requirements/static/pkg/py3.11/freebsd.lock
    #   portend
textfsm==2.1.0
    # via -r requirements/static/ci/common.txt
timelib==0.3.0
    # via
    #   -c requirements/static/pkg/py3.11/freebsd.lock
    #   -r requirements/static/pkg/freebsd.txt
toml==0.10.2
    # via -r requirements/static/ci/common.txt
tornado==6.5.7
    # via
    #   -c requirements/static/pkg/py3.11/freebsd.lock
    #   -r requirements/base.txt
transitions==0.9.3 ; sys_platform != 'win32'
    # via junos-eznc
trustme==1.1.0
    # via -r requirements/pytest.txt
typer==0.26.7
    # via
    #   -c requirements/static/pkg/py3.11/freebsd.lock
    #   typer-slim
typer-slim==0.24.0
    # via
    #   -c requirements/static/pkg/py3.11/freebsd.lock
    #   jaraco-text
typing-extensions==4.14.1
    # via
    #   -c requirements/static/pkg/py3.11/freebsd.lock
    #   aiohttp
    #   aiosignal
    #   pyopenssl
    #   pytest-system-statistics
    #   referencing
tzdata==2026.2 ; sys_platform == 'win32'
    # via
    #   -c requirements/static/pkg/py3.11/freebsd.lock
    #   -r requirements/base.txt
urllib3==2.7.0
    # via
    #   -c requirements/static/pkg/py3.11/freebsd.lock
    #   -r requirements/base.txt
    #   botocore
    #   docker
    #   kubernetes
    #   python-etcd
    #   requests
    #   responses
vcert==0.9.1 ; sys_platform != 'win32'
    # via -r requirements/static/ci/common.txt
virtualenv==21.4.2
    # via
    #   -c requirements/static/pkg/py3.11/freebsd.lock
    #   -r requirements/base.txt
    #   -r requirements/static/ci/common.txt
    #   pytest-salt-factories
vultr==1.0.1
    # via
    #   -c requirements/static/pkg/py3.11/freebsd.lock
    #   -r requirements/base.txt
watchdog==6.0.0
    # via -r requirements/static/ci/common.txt
websocket-client==1.9.0
    # via
    #   -r requirements/static/ci/common.txt
    #   kubernetes
wempy==0.2.1
    # via -r requirements/static/ci/common.txt
werkzeug==3.1.8
    # via
    #   -r requirements/static/ci/common.txt
    #   moto
    #   pytest-httpserver
wmi==1.5.1 ; sys_platform == 'win32'
    # via
    #   -c requirements/static/pkg/py3.11/freebsd.lock
    #   -r requirements/base.txt
xmldiff==2.7.0
    # via -r requirements/static/ci/common.txt
xmltodict==1.0.4
    # via
    #   -c requirements/static/pkg/py3.11/freebsd.lock
    #   -r requirements/base.txt
    #   moto
yamllint==1.32.0
    # via -r requirements/static/ci/freebsd.txt
yamlloader==1.6.0 ; python_full_version >= '3.12' and sys_platform != 'win32'
    # via junos-eznc
yamlordereddictloader==0.4.2 ; python_full_version < '3.12' and sys_platform != 'win32'
    # via junos-eznc
yarl==1.20.1
    # via
    #   -c requirements/static/pkg/py3.11/freebsd.lock
    #   aiohttp
zc-lockfile==3.0.post1
    # via
    #   -c requirements/static/pkg/py3.11/freebsd.lock
    #   cherrypy
zipp==4.1.0
    # via
    #   -c requirements/static/pkg/py3.11/freebsd.lock
    #   -r requirements/base.txt
    #   importlib-metadata

# The following packages were excluded from the output:
# setuptools
