{
    "version": 4,
    "terraform_version": "1.2.3",
    "serial": 1,
    "lineage": "86545604-7463-4aa5-e9e8-a2a221de98d2",
    "outputs": {},
    "resources": [
        {
            "mode": "managed",
            "name": "example",
            "type": "salt_host",
            "provider": "provider.libvrt",
            "instances": [
                {
                    "schema_version": 1,
                    "attributes": {
                        "host": "192.168.122.106",
                        "id": "web0",
                        "passwd": "linux",
                        "salt_id": "web0",
                        "timeout": "22",
                        "user": "root"
                    }
                },
                {
                    "schema_version": 1,
                    "attributes": {
                        "host": "192.168.122.107",
                        "id": "web1",
                        "passwd": "linux",
                        "salt_id": "web1",
                        "timeout": "22",
                        "user": "root"
                    }
                }
            ]
        },
        {
            "mode": "managed",
            "name": "example",
            "type": "non_salt_host",
            "provider": "provider.libvrt",
            "instances": [
                {
                    "schema_version": 1,
                    "attributes": {
                        "host": "192.168.122.106",
                        "id": "web0",
                        "passwd": "linux",
                        "salt_id": "web0",
                        "timeout": "22",
                        "user": "root"
                    }
                }
            ]
        }
    ]
}