{
    "version": 3,
    "terraform_version": "0.11.7",
    "serial": 2,
    "lineage": "cc4e87c6-4b74-8630-72a8-edba6e6178ae",
    "modules": [
        {
            "path": [
                "root"
            ],
            "outputs": {},
            "resources": {
                "libvirt_cloudinit.init": {
                    "type": "libvirt_cloudinit",
                    "depends_on": [],
                    "primary": {
                        "id": "/var/lib/libvirt/images/test-init.iso;5b5f1340-6d8d-6a70-2150-523ef71ac035",
                        "attributes": {
                            "id": "/var/lib/libvirt/images/test-init.iso;5b5f1340-6d8d-6a70-2150-523ef71ac035",
                            "local_hostname": "",
                            "name": "test-init.iso",
                            "pool": "default",
                            "ssh_authorized_key": "ssh-rsa AAAAB3NzaC1yc2EAAAABIwAAAQEA1X1kYrfcZz62UxUdqentnWZwefNJ+tWvKxqBtuCAkP5NzBrh8keVRGpaHdRcdG6+mDPrkXPW3c62zDwZG0Mjdr73u7hP0vSsKu/x95qPkGEFyanQnUg2j0jKJgNdNzRNwTczfBo9q750rYxwQwgs9wxjPh8mSQJhw73SNcz/EtwIba5vIFgWYUVSGzM1Afx5R0JMzhXzEOvN/QphM5X5l/llOq5GhJPQD4ChYhrUWmIrUXPqZpzNrW06F/UpsdHQoxrxpL6yibUimSkfdJUhL2AmEu8aztYmV41IWaayf/57m4F5EPyQv27gpgH96tMKy4AYMjNhojrD4K0iE+BzVw== dmacvicar@suse.de\n",
                            "user_data": "#cloud-config\nssh_authorized_keys:\n- |\n  ssh-rsa AAAAB3NzaC1yc2EAAAABIwAAAQEA1X1kYrfcZz62UxUdqentnWZwefNJ+tWvKxqBtuCAkP5NzBrh8keVRGpaHdRcdG6+mDPrkXPW3c62zDwZG0Mjdr73u7hP0vSsKu/x95qPkGEFyanQnUg2j0jKJgNdNzRNwTczfBo9q750rYxwQwgs9wxjPh8mSQJhw73SNcz/EtwIba5vIFgWYUVSGzM1Afx5R0JMzhXzEOvN/QphM5X5l/llOq5GhJPQD4ChYhrUWmIrUXPqZpzNrW06F/UpsdHQoxrxpL6yibUimSkfdJUhL2AmEu8aztYmV41IWaayf/57m4F5EPyQv27gpgH96tMKy4AYMjNhojrD4K0iE+BzVw== dmacvicar@suse.de\n"
                        },
                        "meta": {},
                        "tainted": false
                    },
                    "deposed": [],
                    "provider": "provider.libvirt"
                },
                "libvirt_domain.vm-db.0": {
                    "type": "libvirt_domain",
                    "depends_on": [
                        "libvirt_volume.volume-db.*"
                    ],
                    "primary": {
                        "id": "ffc8e8ca-7923-484c-ac75-b2ac4a09e778",
                        "attributes": {
                            "arch": "x86_64",
                            "autostart": "false",
                            "cmdline.#": "0",
                            "disk.#": "1",
                            "disk.0.file": "",
                            "disk.0.scsi": "false",
                            "disk.0.url": "",
                            "disk.0.volume_id": "/var/lib/libvirt/images/volume-db-0",
                            "disk.0.wwn": "",
                            "emulator": "/usr/bin/qemu-kvm",
                            "firmware": "",
                            "id": "ffc8e8ca-7923-484c-ac75-b2ac4a09e778",
                            "initrd": "",
                            "kernel": "",
                            "machine": "pc",
                            "memory": "512",
                            "name": "db-0",
                            "network_interface.#": "1",
                            "network_interface.0.addresses.#": "1",
                            "network_interface.0.addresses.0": "192.168.122.174",
                            "network_interface.0.bridge": "",
                            "network_interface.0.hostname": "",
                            "network_interface.0.mac": "9E:71:C6:6F:ED:62",
                            "network_interface.0.macvtap": "",
                            "network_interface.0.network_id": "72e67f35-6795-4fa1-aa6a-6e69db1b3d6f",
                            "network_interface.0.network_name": "default",
                            "network_interface.0.passthrough": "",
                            "network_interface.0.vepa": "",
                            "network_interface.0.wait_for_lease": "true",
                            "nvram.#": "0",
                            "running": "true",
                            "vcpu": "1"
                        },
                        "meta": {
                            "e2bfb730-ecaa-11e6-8f88-34363bc7c4c0": {
                                "create": 300000000000
                            }
                        },
                        "tainted": false
                    },
                    "deposed": [],
                    "provider": "provider.libvirt"
                },
                "libvirt_domain.vm-db.1": {
                    "type": "libvirt_domain",
                    "depends_on": [
                        "libvirt_volume.volume-db.*"
                    ],
                    "primary": {
                        "id": "b4dd7f0c-cd83-4b76-8ad8-e7a0f22bc37c",
                        "attributes": {
                            "arch": "x86_64",
                            "autostart": "false",
                            "cmdline.#": "0",
                            "disk.#": "1",
                            "disk.0.file": "",
                            "disk.0.scsi": "false",
                            "disk.0.url": "",
                            "disk.0.volume_id": "/var/lib/libvirt/images/volume-db-1",
                            "disk.0.wwn": "",
                            "emulator": "/usr/bin/qemu-kvm",
                            "firmware": "",
                            "id": "b4dd7f0c-cd83-4b76-8ad8-e7a0f22bc37c",
                            "initrd": "",
                            "kernel": "",
                            "machine": "pc",
                            "memory": "512",
                            "name": "db-1",
                            "network_interface.#": "1",
                            "network_interface.0.addresses.#": "1",
                            "network_interface.0.addresses.0": "192.168.122.190",
                            "network_interface.0.bridge": "",
                            "network_interface.0.hostname": "",
                            "network_interface.0.mac": "E6:09:00:50:5B:4D",
                            "network_interface.0.macvtap": "",
                            "network_interface.0.network_id": "72e67f35-6795-4fa1-aa6a-6e69db1b3d6f",
                            "network_interface.0.network_name": "default",
                            "network_interface.0.passthrough": "",
                            "network_interface.0.vepa": "",
                            "network_interface.0.wait_for_lease": "true",
                            "nvram.#": "0",
                            "running": "true",
                            "vcpu": "1"
                        },
                        "meta": {
                            "e2bfb730-ecaa-11e6-8f88-34363bc7c4c0": {
                                "create": 300000000000
                            }
                        },
                        "tainted": false
                    },
                    "deposed": [],
                    "provider": "provider.libvirt"
                },
                "libvirt_domain.vm-web.0": {
                    "type": "libvirt_domain",
                    "depends_on": [
                        "libvirt_volume.volume-web.*"
                    ],
                    "primary": {
                        "id": "6c5d3840-8a06-4e5f-bdfc-87eacf474b81",
                        "attributes": {
                            "arch": "x86_64",
                            "autostart": "false",
                            "cmdline.#": "0",
                            "disk.#": "1",
                            "disk.0.file": "",
                            "disk.0.scsi": "false",
                            "disk.0.url": "",
                            "disk.0.volume_id": "/var/lib/libvirt/images/volume-web-0",
                            "disk.0.wwn": "",
                            "emulator": "/usr/bin/qemu-kvm",
                            "firmware": "",
                            "id": "6c5d3840-8a06-4e5f-bdfc-87eacf474b81",
                            "initrd": "",
                            "kernel": "",
                            "machine": "pc",
                            "memory": "512",
                            "name": "web-0",
                            "network_interface.#": "1",
                            "network_interface.0.addresses.#": "1",
                            "network_interface.0.addresses.0": "192.168.122.106",
                            "network_interface.0.bridge": "",
                            "network_interface.0.hostname": "",
                            "network_interface.0.mac": "02:E1:FC:12:03:A4",
                            "network_interface.0.macvtap": "",
                            "network_interface.0.network_id": "72e67f35-6795-4fa1-aa6a-6e69db1b3d6f",
                            "network_interface.0.network_name": "default",
                            "network_interface.0.passthrough": "",
                            "network_interface.0.vepa": "",
                            "network_interface.0.wait_for_lease": "true",
                            "nvram.#": "0",
                            "running": "true",
                            "vcpu": "1"
                        },
                        "meta": {
                            "e2bfb730-ecaa-11e6-8f88-34363bc7c4c0": {
                                "create": 300000000000
                            }
                        },
                        "tainted": false
                    },
                    "deposed": [],
                    "provider": "provider.libvirt"
                },
                "libvirt_domain.vm-web.1": {
                    "type": "libvirt_domain",
                    "depends_on": [
                        "libvirt_volume.volume-web.*"
                    ],
                    "primary": {
                        "id": "30acaaeb-ee9c-4f98-8ebc-d79a46c22f83",
                        "attributes": {
                            "arch": "x86_64",
                            "autostart": "false",
                            "cmdline.#": "0",
                            "disk.#": "1",
                            "disk.0.file": "",
                            "disk.0.scsi": "false",
                            "disk.0.url": "",
                            "disk.0.volume_id": "/var/lib/libvirt/images/volume-web-1",
                            "disk.0.wwn": "",
                            "emulator": "/usr/bin/qemu-kvm",
                            "firmware": "",
                            "id": "30acaaeb-ee9c-4f98-8ebc-d79a46c22f83",
                            "initrd": "",
                            "kernel": "",
                            "machine": "pc",
                            "memory": "512",
                            "name": "web-1",
                            "network_interface.#": "1",
                            "network_interface.0.addresses.#": "1",
                            "network_interface.0.addresses.0": "192.168.122.235",
                            "network_interface.0.bridge": "",
                            "network_interface.0.hostname": "",
                            "network_interface.0.mac": "22:69:D5:05:F8:C4",
                            "network_interface.0.macvtap": "",
                            "network_interface.0.network_id": "72e67f35-6795-4fa1-aa6a-6e69db1b3d6f",
                            "network_interface.0.network_name": "default",
                            "network_interface.0.passthrough": "",
                            "network_interface.0.vepa": "",
                            "network_interface.0.wait_for_lease": "true",
                            "nvram.#": "0",
                            "running": "true",
                            "vcpu": "1"
                        },
                        "meta": {
                            "e2bfb730-ecaa-11e6-8f88-34363bc7c4c0": {
                                "create": 300000000000
                            }
                        },
                        "tainted": false
                    },
                    "deposed": [],
                    "provider": "provider.libvirt"
                },
                "libvirt_volume.opensuse_leap": {
                    "type": "libvirt_volume",
                    "depends_on": [],
                    "primary": {
                        "id": "/var/lib/libvirt/images/leap.iso",
                        "attributes": {
                            "id": "/var/lib/libvirt/images/leap.iso",
                            "name": "leap.iso",
                            "pool": "default",
                            "size": "10737418240",
                            "source": "openSUSE-Leap-15.0-OpenStack.x86_64-0.0.4-Buildlp150.11.4.qcow2"
                        },
                        "meta": {},
                        "tainted": false
                    },
                    "deposed": [],
                    "provider": "provider.libvirt"
                },
                "libvirt_volume.volume-db.0": {
                    "type": "libvirt_volume",
                    "depends_on": [
                        "libvirt_volume.opensuse_leap"
                    ],
                    "primary": {
                        "id": "/var/lib/libvirt/images/volume-db-0",
                        "attributes": {
                            "base_volume_id": "/var/lib/libvirt/images/leap.iso",
                            "id": "/var/lib/libvirt/images/volume-db-0",
                            "name": "volume-db-0",
                            "pool": "default",
                            "size": "10737418240"
                        },
                        "meta": {},
                        "tainted": false
                    },
                    "deposed": [],
                    "provider": "provider.libvirt"
                },
                "libvirt_volume.volume-db.1": {
                    "type": "libvirt_volume",
                    "depends_on": [
                        "libvirt_volume.opensuse_leap"
                    ],
                    "primary": {
                        "id": "/var/lib/libvirt/images/volume-db-1",
                        "attributes": {
                            "base_volume_id": "/var/lib/libvirt/images/leap.iso",
                            "id": "/var/lib/libvirt/images/volume-db-1",
                            "name": "volume-db-1",
                            "pool": "default",
                            "size": "10737418240"
                        },
                        "meta": {},
                        "tainted": false
                    },
                    "deposed": [],
                    "provider": "provider.libvirt"
                },
                "libvirt_volume.volume-web.0": {
                    "type": "libvirt_volume",
                    "depends_on": [
                        "libvirt_volume.opensuse_leap"
                    ],
                    "primary": {
                        "id": "/var/lib/libvirt/images/volume-web-0",
                        "attributes": {
                            "base_volume_id": "/var/lib/libvirt/images/leap.iso",
                            "id": "/var/lib/libvirt/images/volume-web-0",
                            "name": "volume-web-0",
                            "pool": "default",
                            "size": "10737418240"
                        },
                        "meta": {},
                        "tainted": false
                    },
                    "deposed": [],
                    "provider": "provider.libvirt"
                },
                "libvirt_volume.volume-web.1": {
                    "type": "libvirt_volume",
                    "depends_on": [
                        "libvirt_volume.opensuse_leap"
                    ],
                    "primary": {
                        "id": "/var/lib/libvirt/images/volume-web-1",
                        "attributes": {
                            "base_volume_id": "/var/lib/libvirt/images/leap.iso",
                            "id": "/var/lib/libvirt/images/volume-web-1",
                            "name": "volume-web-1",
                            "pool": "default",
                            "size": "10737418240"
                        },
                        "meta": {},
                        "tainted": false
                    },
                    "deposed": [],
                    "provider": "provider.libvirt"
                },
                "salt_host.dbminion.0": {
                    "type": "salt_host",
                    "depends_on": [
                        "libvirt_domain.vm-db.*"
                    ],
                    "primary": {
                        "id": "db0",
                        "attributes": {
                            "host": "192.168.122.174",
                            "id": "db0",
                            "passwd": "dbpw",
                            "salt_id": "db0",
                            "tty": "true",
                            "user": "root"
                        },
                        "meta": {},
                        "tainted": false
                    },
                    "deposed": [],
                    "provider": "provider.salt"
                },
                "salt_host.dbminion.1": {
                    "type": "salt_host",
                    "depends_on": [
                        "libvirt_domain.vm-db.*"
                    ],
                    "primary": {
                        "id": "db1",
                        "attributes": {
                            "host": "192.168.122.190",
                            "id": "db1",
                            "passwd": "dbpw",
                            "salt_id": "db1",
                            "tty": "true",
                            "user": "root"
                        },
                        "meta": {},
                        "tainted": false
                    },
                    "deposed": [],
                    "provider": "provider.salt"
                },
                "salt_host.webminion.0": {
                    "type": "salt_host",
                    "depends_on": [
                        "libvirt_domain.vm-web.*"
                    ],
                    "primary": {
                        "id": "web0",
                        "attributes": {
                            "host": "192.168.122.106",
                            "id": "web0",
                            "passwd": "linux",
                            "salt_id": "web0",
                            "timeout": "22",
                            "user": "root"
                        },
                        "meta": {},
                        "tainted": false
                    },
                    "deposed": [],
                    "provider": "provider.salt"
                },
                "salt_host.webminion.1": {
                    "type": "salt_host",
                    "depends_on": [
                        "libvirt_domain.vm-web.*"
                    ],
                    "primary": {
                        "id": "web1",
                        "attributes": {
                            "host": "192.168.122.235",
                            "id": "web1",
                            "passwd": "linux",
                            "salt_id": "web1",
                            "timeout": "22",
                            "user": "root"
                        },
                        "meta": {},
                        "tainted": false
                    },
                    "deposed": [],
                    "provider": "provider.salt"
                }
            },
            "depends_on": []
        }
    ]
}
