# This file was autogenerated by uv via the following command:
#    uv pip compile requirements/base.txt requirements/pytest.txt requirements/windows.txt requirements/zeromq.txt requirements/static/ci/common.txt requirements/static/ci/windows.txt --python-platform=windows --python-version=3.9 --constraint requirements/constraints.txt --no-emit-index-url --unsafe-package=setuptools -c=requirements/static/pkg/py3.9/windows.lock -o=requirements/static/ci/py3.9/windows.lock
aiohappyeyeballs==2.6.1
    # via
    #   -c requirements/static/pkg/py3.9/windows.lock
    #   aiohttp
aiohttp==3.13.5
    # via
    #   -c requirements/static/pkg/py3.9/windows.lock
    #   -r requirements/base.txt
    #   -r requirements/static/ci/common.txt
    #   etcd3-py
aiosignal==1.4.0
    # via
    #   -c requirements/static/pkg/py3.9/windows.lock
    #   aiohttp
annotated-doc==0.0.4
    # via
    #   -c requirements/static/pkg/py3.9/windows.lock
    #   typer
apache-libcloud==3.8.0
    # via
    #   -c requirements/static/pkg/py3.9/windows.lock
    #   -r requirements/base.txt
async-timeout==5.0.1
    # via
    #   -c requirements/static/pkg/py3.9/windows.lock
    #   aiohttp
attrs==25.4.0
    # via
    #   -c requirements/static/pkg/py3.9/windows.lock
    #   aiohttp
    #   jsonschema
    #   pytest-salt-factories
    #   pytest-shell-utilities
    #   pytest-skip-markers
    #   pytest-subtests
    #   pytest-system-statistics
    #   referencing
backports-tarfile==1.2.0
    # via
    #   -c requirements/static/pkg/py3.9/windows.lock
    #   jaraco-context
bcrypt==5.0.0
    # via -r requirements/static/ci/common.txt
boto==2.49.0
    # via -r requirements/static/ci/common.txt
boto3==1.42.33
    # via moto
botocore==1.42.33
    # via
    #   boto3
    #   moto
    #   s3transfer
cachetools==5.5.2
    # via google-auth
certifi==2026.6.17
    # via
    #   -c requirements/static/pkg/py3.9/windows.lock
    #   -r requirements/base.txt
    #   kubernetes
    #   requests
cffi==2.0.0
    # via
    #   -c requirements/static/pkg/py3.9/windows.lock
    #   -r requirements/base.txt
    #   -r requirements/static/ci/common.txt
    #   clr-loader
    #   cryptography
    #   pygit2
    #   pynacl
charset-normalizer==3.4.4
    # via
    #   -c requirements/static/pkg/py3.9/windows.lock
    #   requests
cheetah3==3.2.6.post1
    # via -r requirements/static/ci/common.txt
cheroot==11.1.2
    # via
    #   -c requirements/static/pkg/py3.9/windows.lock
    #   -r requirements/base.txt
    #   cherrypy
cherrypy==18.10.0
    # via
    #   -c requirements/static/pkg/py3.9/windows.lock
    #   -r requirements/base.txt
    #   -r requirements/static/ci/common.txt
click==8.1.8
    # via
    #   -c requirements/static/pkg/py3.9/windows.lock
    #   typer
clr-loader==0.2.10
    # via
    #   -c requirements/static/pkg/py3.9/windows.lock
    #   pythonnet
clustershell==1.9.3
    # via -r requirements/static/ci/common.txt
colorama==0.4.6
    # via
    #   -c requirements/static/pkg/py3.9/windows.lock
    #   click
    #   pytest
cryptography==46.0.7
    # via
    #   -c requirements/static/pkg/py3.9/windows.lock
    #   -r requirements/base.txt
    #   -r requirements/static/ci/common.txt
    #   etcd3-py
    #   moto
    #   pyopenssl
    #   pyspnego
    #   requests-ntlm
    #   trustme
distlib==0.4.0
    # via
    #   -c requirements/static/pkg/py3.9/windows.lock
    #   virtualenv
distro==1.9.0
    # via
    #   -c requirements/static/pkg/py3.9/windows.lock
    #   -r requirements/base.txt
    #   pytest-skip-markers
dmidecode==0.9.0
    # via -r requirements/static/ci/windows.txt
dnspython==2.7.0
    # via
    #   -r requirements/static/ci/common.txt
    #   python-etcd
docker==7.1.0
    # via -r requirements/pytest.txt
durationpy==0.10
    # via kubernetes
etcd3-py==0.1.6
    # via -r requirements/static/ci/common.txt
exceptiongroup==1.1.1
    # via pytest
filelock==3.19.1
    # via
    #   -c requirements/static/pkg/py3.9/windows.lock
    #   -r requirements/base.txt
    #   -r requirements/static/ci/common.txt
    #   python-discovery
    #   virtualenv
flaky==3.8.1
    # via -r requirements/pytest.txt
frozenlist==1.8.0
    # via
    #   -c requirements/static/pkg/py3.9/windows.lock
    #   -r requirements/base.txt
    #   aiohttp
    #   aiosignal
genshi==0.7.11
    # via -r requirements/static/ci/common.txt
gitdb==4.0.12
    # via
    #   -c requirements/static/pkg/py3.9/windows.lock
    #   gitpython
gitpython==3.1.50
    # via
    #   -c requirements/static/pkg/py3.9/windows.lock
    #   -r requirements/base.txt
    #   -r requirements/static/ci/common.txt
google-auth==2.35.0
    # via -r requirements/static/ci/common.txt
googleapis-common-protos==1.75.0
    # via
    #   -c requirements/static/pkg/py3.9/windows.lock
    #   opentelemetry-exporter-otlp-proto-http
idna==3.18
    # via
    #   -c requirements/static/pkg/py3.9/windows.lock
    #   -r requirements/base.txt
    #   etcd3-py
    #   requests
    #   trustme
    #   yarl
importlib-metadata==8.7.1
    # via
    #   -c requirements/static/pkg/py3.9/windows.lock
    #   -r requirements/base.txt
    #   keyring
    #   opentelemetry-api
iniconfig==2.0.0
    # via pytest
jaraco-classes==3.4.0
    # via keyring
jaraco-collections==5.2.1
    # via
    #   -c requirements/static/pkg/py3.9/windows.lock
    #   cherrypy
jaraco-context==6.1.1
    # via
    #   -c requirements/static/pkg/py3.9/windows.lock
    #   -r requirements/base.txt
    #   jaraco-text
    #   keyring
jaraco-functools==4.4.0
    # via
    #   -c requirements/static/pkg/py3.9/windows.lock
    #   -r requirements/base.txt
    #   cheroot
    #   jaraco-text
    #   keyring
    #   tempora
jaraco-text==4.2.0
    # via
    #   -c requirements/static/pkg/py3.9/windows.lock
    #   -r requirements/base.txt
    #   jaraco-collections
jinja2==3.1.6
    # via
    #   -c requirements/static/pkg/py3.9/windows.lock
    #   -r requirements/base.txt
    #   moto
jmespath==1.1.0
    # via
    #   -c requirements/static/pkg/py3.9/windows.lock
    #   -r requirements/base.txt
    #   -r requirements/static/ci/common.txt
    #   boto3
    #   botocore
jsonschema==4.25.1
    # via -r requirements/static/ci/common.txt
jsonschema-specifications==2025.9.1
    # via jsonschema
junit-xml==1.9
    # via -r requirements/static/ci/common.txt
keyring==25.7.0
    # via -r requirements/static/ci/common.txt
kubernetes==35.0.0
    # via -r requirements/static/ci/common.txt
looseversion==1.3.0
    # via
    #   -c requirements/static/pkg/py3.9/windows.lock
    #   -r requirements/base.txt
lxml==6.1.1
    # via
    #   -c requirements/static/pkg/py3.9/windows.lock
    #   -r requirements/base.txt
    #   xmldiff
mako==1.3.10
    # via -r requirements/static/ci/common.txt
markdown-it-py==2.2.0
    # via
    #   -c requirements/constraints.txt
    #   -c requirements/static/pkg/py3.9/windows.lock
    #   -r requirements/static/ci/common.txt
    #   rich
markupsafe==3.0.3
    # via
    #   -c requirements/static/pkg/py3.9/windows.lock
    #   -r requirements/base.txt
    #   jinja2
    #   mako
    #   werkzeug
mdurl==0.1.2
    # via
    #   -c requirements/static/pkg/py3.9/windows.lock
    #   markdown-it-py
mock==5.2.0
    # via -r requirements/pytest.txt
more-itertools==10.8.0
    # via
    #   -c requirements/static/pkg/py3.9/windows.lock
    #   -r requirements/base.txt
    #   -r requirements/pytest.txt
    #   cheroot
    #   cherrypy
    #   jaraco-classes
    #   jaraco-functools
    #   jaraco-text
moto==5.1.20
    # via -r requirements/static/ci/common.txt
msgpack==1.1.2
    # via
    #   -c requirements/static/pkg/py3.9/windows.lock
    #   -r requirements/base.txt
    #   pytest-salt-factories
multidict==6.7.1
    # via
    #   -c requirements/static/pkg/py3.9/windows.lock
    #   -r requirements/base.txt
    #   aiohttp
    #   yarl
oauthlib==3.3.1
    # via requests-oauthlib
opentelemetry-api==1.41.1
    # via
    #   -c requirements/static/pkg/py3.9/windows.lock
    #   -r requirements/base.txt
    #   opentelemetry-exporter-otlp-proto-http
    #   opentelemetry-exporter-prometheus
    #   opentelemetry-sdk
    #   opentelemetry-semantic-conventions
opentelemetry-exporter-otlp-proto-common==1.41.1
    # via
    #   -c requirements/static/pkg/py3.9/windows.lock
    #   opentelemetry-exporter-otlp-proto-http
opentelemetry-exporter-otlp-proto-http==1.41.1
    # via
    #   -c requirements/static/pkg/py3.9/windows.lock
    #   -r requirements/base.txt
opentelemetry-exporter-prometheus==0.62b1
    # via
    #   -c requirements/static/pkg/py3.9/windows.lock
    #   -r requirements/base.txt
opentelemetry-proto==1.41.1
    # via
    #   -c requirements/static/pkg/py3.9/windows.lock
    #   opentelemetry-exporter-otlp-proto-common
    #   opentelemetry-exporter-otlp-proto-http
opentelemetry-sdk==1.41.1
    # via
    #   -c requirements/static/pkg/py3.9/windows.lock
    #   -r requirements/base.txt
    #   opentelemetry-exporter-otlp-proto-http
    #   opentelemetry-exporter-prometheus
opentelemetry-semantic-conventions==0.62b1
    # via
    #   -c requirements/static/pkg/py3.9/windows.lock
    #   opentelemetry-sdk
packaging==26.2
    # via
    #   -c requirements/static/pkg/py3.9/windows.lock
    #   -r requirements/base.txt
    #   pytest
passlib==1.7.4
    # via -r requirements/static/ci/common.txt
patch==1.16
    # via -r requirements/static/ci/windows.txt
pathspec==1.0.3
    # via yamllint
platformdirs==4.4.0
    # via
    #   -c requirements/static/pkg/py3.9/windows.lock
    #   python-discovery
    #   virtualenv
pluggy==1.5.0
    # via pytest
portend==3.2.1
    # via
    #   -c requirements/static/pkg/py3.9/windows.lock
    #   cherrypy
prometheus-client==0.25.0
    # via
    #   -c requirements/static/pkg/py3.9/windows.lock
    #   opentelemetry-exporter-prometheus
propcache==0.4.1
    # via
    #   -c requirements/static/pkg/py3.9/windows.lock
    #   aiohttp
    #   yarl
protobuf==6.33.6
    # via
    #   -c requirements/static/pkg/py3.9/windows.lock
    #   googleapis-common-protos
    #   opentelemetry-proto
psutil==5.9.8
    # via
    #   -c requirements/static/pkg/py3.9/windows.lock
    #   -r requirements/base.txt
    #   pytest-salt-factories
    #   pytest-shell-utilities
    #   pytest-system-statistics
py-cpuinfo==9.0.0
    # via pytest-benchmark
pyasn1==0.6.3
    # via
    #   -c requirements/static/pkg/py3.9/windows.lock
    #   -r requirements/base.txt
    #   pyasn1-modules
    #   rsa
pyasn1-modules==0.4.0
    # via
    #   -r requirements/static/ci/common.txt
    #   google-auth
pycparser==2.23
    # via
    #   -c requirements/static/pkg/py3.9/windows.lock
    #   -r requirements/base.txt
    #   cffi
pycryptodomex==3.23.0
    # via
    #   -c requirements/static/pkg/py3.9/windows.lock
    #   -r requirements/base.txt
    #   -r requirements/static/ci/common.txt
pyfakefs==5.3.1
    # via -r requirements/pytest.txt
pygit2==1.15.1
    # via -r requirements/static/ci/windows.txt
pygments==2.19.2
    # via
    #   -c requirements/static/pkg/py3.9/windows.lock
    #   pytest
    #   rich
pymssql==2.3.11
    # via
    #   -c requirements/static/pkg/py3.9/windows.lock
    #   -r requirements/base.txt
pynacl==1.6.2
    # via -r requirements/static/ci/common.txt
pyopenssl==26.2.0
    # via
    #   -c requirements/static/pkg/py3.9/windows.lock
    #   -r requirements/base.txt
    #   etcd3-py
pyspnego==0.12.0
    # via requests-ntlm
pytest==8.4.2
    # via
    #   -r requirements/pytest.txt
    #   pytest-benchmark
    #   pytest-custom-exit-code
    #   pytest-helpers-namespace
    #   pytest-salt-factories
    #   pytest-shell-utilities
    #   pytest-skip-markers
    #   pytest-subtests
    #   pytest-system-statistics
    #   pytest-timeout
pytest-benchmark==5.2.3
    # via -r requirements/pytest.txt
pytest-custom-exit-code==0.3.0
    # via -r requirements/pytest.txt
pytest-helpers-namespace==2021.12.29
    # via
    #   -r requirements/pytest.txt
    #   pytest-salt-factories
    #   pytest-shell-utilities
pytest-httpserver==1.0.8
    # via -r requirements/pytest.txt
pytest-salt-factories==1.0.5
    # via -r requirements/pytest.txt
pytest-shell-utilities==1.8.0
    # via
    #   -r requirements/pytest.txt
    #   pytest-salt-factories
pytest-skip-markers==1.5.2
    # via
    #   -r requirements/pytest.txt
    #   pytest-salt-factories
    #   pytest-shell-utilities
    #   pytest-system-statistics
pytest-subtests==0.11.0
    # via -r requirements/pytest.txt
pytest-system-statistics==1.0.2
    # via pytest-salt-factories
pytest-timeout==2.4.0
    # via -r requirements/pytest.txt
python-dateutil==2.9.0.post0
    # via
    #   -c requirements/static/pkg/py3.9/windows.lock
    #   -r requirements/base.txt
    #   botocore
    #   kubernetes
    #   moto
    #   tempora
python-discovery==1.4.0
    # via
    #   -c requirements/static/pkg/py3.9/windows.lock
    #   virtualenv
python-etcd==0.4.5
    # via -r requirements/static/ci/common.txt
python-gnupg==0.5.6
    # via
    #   -c requirements/static/pkg/py3.9/windows.lock
    #   -r requirements/base.txt
pythonnet==3.0.5
    # via
    #   -c requirements/static/pkg/py3.9/windows.lock
    #   -r requirements/base.txt
pyvmomi==9.0.0.0
    # via -r requirements/static/ci/common.txt
pywin32==312
    # via
    #   -c requirements/static/pkg/py3.9/windows.lock
    #   -r requirements/base.txt
    #   cherrypy
    #   docker
    #   pytest-skip-markers
    #   wmi
pywin32-ctypes==0.2.3
    # via keyring
pywinrm==0.5.0
    # via -r requirements/static/ci/windows.txt
pyyaml==6.0.3
    # via
    #   -c requirements/static/pkg/py3.9/windows.lock
    #   -r requirements/base.txt
    #   clustershell
    #   kubernetes
    #   pytest-salt-factories
    #   responses
    #   yamllint
pyzmq==27.1.0
    # via
    #   -c requirements/static/pkg/py3.9/windows.lock
    #   -r requirements/zeromq.txt
    #   pytest-salt-factories
referencing==0.36.2
    # via
    #   jsonschema
    #   jsonschema-specifications
requests==2.32.5
    # via
    #   -c requirements/static/pkg/py3.9/windows.lock
    #   -r requirements/base.txt
    #   apache-libcloud
    #   docker
    #   etcd3-py
    #   kubernetes
    #   moto
    #   opentelemetry-exporter-otlp-proto-http
    #   pywinrm
    #   requests-ntlm
    #   requests-oauthlib
    #   responses
    #   vultr
requests-ntlm==1.3.0
    # via pywinrm
requests-oauthlib==2.0.0
    # via kubernetes
responses==0.25.8
    # via moto
rfc3339-validator==0.1.4
    # via -r requirements/static/ci/common.txt
rfc3987==1.3.8
    # via -r requirements/static/ci/common.txt
rich==14.3.3
    # via
    #   -c requirements/static/pkg/py3.9/windows.lock
    #   typer
rpds-py==0.27.1
    # via
    #   jsonschema
    #   referencing
rsa==4.9.1
    # via google-auth
s3transfer==0.16.0
    # via boto3
sed==0.3.1
    # via -r requirements/static/ci/windows.txt
semantic-version==2.10.0
    # via etcd3-py
setproctitle==1.3.7
    # via
    #   -c requirements/static/pkg/py3.9/windows.lock
    #   -r requirements/base.txt
shellingham==1.5.4
    # via
    #   -c requirements/static/pkg/py3.9/windows.lock
    #   typer
six==1.17.0
    # via
    #   -c requirements/static/pkg/py3.9/windows.lock
    #   etcd3-py
    #   junit-xml
    #   kubernetes
    #   python-dateutil
    #   rfc3339-validator
smmap==5.0.2
    # via
    #   -c requirements/static/pkg/py3.9/windows.lock
    #   gitdb
sqlparse==0.5.5
    # via -r requirements/static/ci/common.txt
sspilib==0.5.0
    # via pyspnego
strict-rfc3339==0.7
    # via -r requirements/static/ci/common.txt
tempora==5.8.1
    # via
    #   -c requirements/static/pkg/py3.9/windows.lock
    #   portend
textfsm==2.1.0
    # via -r requirements/static/ci/common.txt
timelib==0.3.0
    # via
    #   -c requirements/static/pkg/py3.9/windows.lock
    #   -r requirements/base.txt
toml==0.10.2
    # via -r requirements/static/ci/common.txt
tomli==2.2.1
    # via pytest
tornado==6.5.7
    # via
    #   -c requirements/static/pkg/py3.9/windows.lock
    #   -r requirements/base.txt
trustme==1.1.0
    # via -r requirements/pytest.txt
typer==0.23.2
    # via
    #   -c requirements/static/pkg/py3.9/windows.lock
    #   typer-slim
typer-slim==0.23.2
    # via
    #   -c requirements/static/pkg/py3.9/windows.lock
    #   jaraco-text
typing-extensions==4.15.0
    # via
    #   -c requirements/static/pkg/py3.9/windows.lock
    #   aiosignal
    #   cryptography
    #   gitpython
    #   multidict
    #   opentelemetry-api
    #   opentelemetry-exporter-otlp-proto-http
    #   opentelemetry-sdk
    #   opentelemetry-semantic-conventions
    #   pyopenssl
    #   pytest-shell-utilities
    #   pytest-system-statistics
    #   referencing
    #   virtualenv
urllib3==1.26.20
    # via
    #   -c requirements/static/pkg/py3.9/windows.lock
    #   -r requirements/base.txt
    #   botocore
    #   docker
    #   kubernetes
    #   python-etcd
    #   requests
    #   responses
virtualenv==21.4.2
    # via
    #   -c requirements/static/pkg/py3.9/windows.lock
    #   -r requirements/base.txt
    #   -r requirements/static/ci/common.txt
    #   pytest-salt-factories
vultr==1.0.1
    # via
    #   -c requirements/static/pkg/py3.9/windows.lock
    #   -r requirements/base.txt
watchdog==6.0.0
    # via -r requirements/static/ci/common.txt
websocket-client==1.9.0
    # via
    #   -r requirements/static/ci/common.txt
    #   kubernetes
wempy==0.2.1
    # via -r requirements/static/ci/common.txt
werkzeug==3.1.8
    # via
    #   -r requirements/static/ci/common.txt
    #   moto
    #   pytest-httpserver
wmi==1.5.1
    # via
    #   -c requirements/static/pkg/py3.9/windows.lock
    #   -r requirements/base.txt
xmldiff==2.7.0
    # via -r requirements/static/ci/common.txt
xmltodict==1.0.4
    # via
    #   -c requirements/static/pkg/py3.9/windows.lock
    #   -r requirements/base.txt
    #   moto
    #   pywinrm
xxhash==3.7.0
    # via
    #   -c requirements/static/pkg/py3.9/windows.lock
    #   -r requirements/base.txt
yamllint==1.37.1
    # via -r requirements/static/ci/windows.txt
yarl==1.22.0
    # via
    #   -c requirements/static/pkg/py3.9/windows.lock
    #   aiohttp
zc-lockfile==4.0
    # via
    #   -c requirements/static/pkg/py3.9/windows.lock
    #   cherrypy
zipp==3.23.1
    # via
    #   -c requirements/static/pkg/py3.9/windows.lock
    #   -r requirements/base.txt
    #   importlib-metadata

# The following packages were excluded from the output:
# setuptools
