# This file was autogenerated by uv via the following command:
#    uv pip compile requirements/base.in requirements/zeromq.in requirements/crypto.in requirements/static/ci/docs.in --python-platform=linux --python-version=3.14 --constraint requirements/constraints.txt --no-emit-index-url --unsafe-package=setuptools -c=requirements/static/ci/py3.14/linux.lock -o=requirements/static/ci/py3.14/docs.lock
accessible-pygments==0.0.5
    # via pydata-sphinx-theme
aiohappyeyeballs==2.6.1
    # via
    #   -c requirements/static/ci/py3.14/linux.lock
    #   aiohttp
aiohttp==3.13.5
    # via
    #   -c requirements/static/ci/py3.14/linux.lock
    #   -r requirements/base.in
aiosignal==1.4.0
    # via
    #   -c requirements/static/ci/py3.14/linux.lock
    #   aiohttp
alabaster==1.0.0
    # via sphinx
apache-libcloud==3.9.0
    # via
    #   -c requirements/static/ci/py3.14/linux.lock
    #   -r requirements/base.in
attrs==25.4.0
    # via
    #   -c requirements/static/ci/py3.14/linux.lock
    #   aiohttp
autocommand==2.2.2
    # via
    #   -c requirements/static/ci/py3.14/linux.lock
    #   jaraco-text
babel==2.17.0
    # via
    #   pydata-sphinx-theme
    #   sphinx
beautifulsoup4==4.14.3
    # via pydata-sphinx-theme
certifi==2026.1.4
    # via
    #   -c requirements/static/ci/py3.14/linux.lock
    #   requests
cffi==2.0.0
    # via
    #   -c requirements/static/ci/py3.14/linux.lock
    #   -r requirements/base.in
    #   cryptography
charset-normalizer==3.4.4
    # via
    #   -c requirements/static/ci/py3.14/linux.lock
    #   requests
cheroot==11.1.2
    # via
    #   -c requirements/static/ci/py3.14/linux.lock
    #   -r requirements/base.in
    #   cherrypy
cherrypy==18.10.0
    # via
    #   -c requirements/static/ci/py3.14/linux.lock
    #   -r requirements/base.in
    #   -r requirements/static/ci/docs.in
croniter==6.0.0
    # via
    #   -c requirements/static/ci/py3.14/linux.lock
    #   -r requirements/base.in
cryptography==46.0.7
    # via
    #   -c requirements/static/ci/py3.14/linux.lock
    #   -r requirements/base.in
    #   pyopenssl
distlib==0.4.0
    # via
    #   -c requirements/static/ci/py3.14/linux.lock
    #   virtualenv
distro==1.9.0
    # via
    #   -c requirements/static/ci/py3.14/linux.lock
    #   -r requirements/base.in
docutils==0.22.4
    # via
    #   pydata-sphinx-theme
    #   sphinx
filelock==3.20.3
    # via
    #   -c requirements/static/ci/py3.14/linux.lock
    #   virtualenv
frozenlist==1.8.0
    # via
    #   -c requirements/static/ci/py3.14/linux.lock
    #   -r requirements/base.in
    #   aiohttp
    #   aiosignal
gitdb==4.0.12
    # via
    #   -c requirements/static/ci/py3.14/linux.lock
    #   gitpython
gitpython==3.1.50
    # via
    #   -c requirements/static/ci/py3.14/linux.lock
    #   -r requirements/base.in
googleapis-common-protos==1.75.0
    # via
    #   -c requirements/static/ci/py3.14/linux.lock
    #   opentelemetry-exporter-otlp-proto-http
idna==3.11
    # via
    #   -c requirements/static/ci/py3.14/linux.lock
    #   -r requirements/base.in
    #   requests
    #   yarl
imagesize==1.4.1
    # via sphinx
importlib-metadata==8.7.1
    # via
    #   -c requirements/static/ci/py3.14/linux.lock
    #   -r requirements/base.in
jaraco-collections==5.2.1
    # via
    #   -c requirements/static/ci/py3.14/linux.lock
    #   cherrypy
jaraco-context==6.1.0
    # via
    #   -c requirements/static/ci/py3.14/linux.lock
    #   -r requirements/base.in
    #   jaraco-text
jaraco-functools==4.4.0
    # via
    #   -c requirements/static/ci/py3.14/linux.lock
    #   -r requirements/base.in
    #   cheroot
    #   jaraco-text
    #   tempora
jaraco-text==4.0.0
    # via
    #   -c requirements/static/ci/py3.14/linux.lock
    #   -r requirements/base.in
    #   jaraco-collections
jinja2==3.1.6
    # via
    #   -c requirements/static/ci/py3.14/linux.lock
    #   -r requirements/base.in
    #   -r requirements/static/ci/docs.in
    #   myst-docutils
    #   sphinx
jmespath==1.1.0
    # via
    #   -c requirements/static/ci/py3.14/linux.lock
    #   -r requirements/base.in
linkify-it-py==2.0.3
    # via myst-docutils
looseversion==1.3.0
    # via
    #   -c requirements/static/ci/py3.14/linux.lock
    #   -r requirements/base.in
markdown-it-py==4.0.0
    # via
    #   mdit-py-plugins
    #   myst-docutils
markupsafe==3.0.3
    # via
    #   -c requirements/static/ci/py3.14/linux.lock
    #   -r requirements/base.in
    #   jinja2
mdit-py-plugins==0.5.0
    # via myst-docutils
mdurl==0.1.2
    # via markdown-it-py
more-itertools==10.8.0
    # via
    #   -c requirements/static/ci/py3.14/linux.lock
    #   -r requirements/base.in
    #   cheroot
    #   cherrypy
    #   jaraco-functools
    #   jaraco-text
msgpack==1.1.2
    # via
    #   -c requirements/static/ci/py3.14/linux.lock
    #   -r requirements/base.in
multidict==6.7.0
    # via
    #   -c requirements/static/ci/py3.14/linux.lock
    #   aiohttp
    #   yarl
myst-docutils==5.0.0
    # via -r requirements/static/ci/docs.in
opentelemetry-api==1.42.1
    # via
    #   -c requirements/static/ci/py3.14/linux.lock
    #   -r requirements/base.in
    #   opentelemetry-exporter-otlp-proto-http
    #   opentelemetry-exporter-prometheus
    #   opentelemetry-sdk
    #   opentelemetry-semantic-conventions
opentelemetry-exporter-otlp-proto-common==1.42.1
    # via
    #   -c requirements/static/ci/py3.14/linux.lock
    #   opentelemetry-exporter-otlp-proto-http
opentelemetry-exporter-otlp-proto-http==1.42.1
    # via
    #   -c requirements/static/ci/py3.14/linux.lock
    #   -r requirements/base.in
opentelemetry-exporter-prometheus==0.63b1
    # via
    #   -c requirements/static/ci/py3.14/linux.lock
    #   -r requirements/base.in
opentelemetry-proto==1.42.1
    # via
    #   -c requirements/static/ci/py3.14/linux.lock
    #   opentelemetry-exporter-otlp-proto-common
    #   opentelemetry-exporter-otlp-proto-http
opentelemetry-sdk==1.42.1
    # via
    #   -c requirements/static/ci/py3.14/linux.lock
    #   -r requirements/base.in
    #   opentelemetry-exporter-otlp-proto-http
    #   opentelemetry-exporter-prometheus
opentelemetry-semantic-conventions==0.63b1
    # via
    #   -c requirements/static/ci/py3.14/linux.lock
    #   opentelemetry-sdk
packaging==24.0
    # via
    #   -c requirements/static/ci/py3.14/linux.lock
    #   -r requirements/base.in
    #   sphinx
platformdirs==4.5.1
    # via
    #   -c requirements/static/ci/py3.14/linux.lock
    #   virtualenv
portend==3.2.1
    # via
    #   -c requirements/static/ci/py3.14/linux.lock
    #   cherrypy
prometheus-client==0.25.0
    # via
    #   -c requirements/static/ci/py3.14/linux.lock
    #   opentelemetry-exporter-prometheus
propcache==0.4.1
    # via
    #   -c requirements/static/ci/py3.14/linux.lock
    #   aiohttp
    #   yarl
protobuf==6.33.6
    # via
    #   -c requirements/static/ci/py3.14/linux.lock
    #   googleapis-common-protos
    #   opentelemetry-proto
psutil==7.2.2
    # via
    #   -c requirements/static/ci/py3.14/linux.lock
    #   -r requirements/base.in
pyasn1==0.6.3
    # via
    #   -c requirements/static/ci/py3.14/linux.lock
    #   -r requirements/base.in
pycparser==3.0
    # via
    #   -c requirements/static/ci/py3.14/linux.lock
    #   -r requirements/base.in
    #   cffi
pycryptodomex==3.23.0
    # via
    #   -c requirements/static/ci/py3.14/linux.lock
    #   -r requirements/base.in
    #   -r requirements/crypto.in
pydata-sphinx-theme==0.18.0
    # via -r requirements/static/ci/docs.in
pyenchant==3.3.0
    # via sphinxcontrib-spelling
pygments==2.19.2
    # via
    #   -c requirements/static/ci/py3.14/linux.lock
    #   accessible-pygments
    #   pydata-sphinx-theme
    #   sphinx
pyopenssl==26.0.0
    # via
    #   -c requirements/static/ci/py3.14/linux.lock
    #   -r requirements/base.in
python-dateutil==2.9.0.post0
    # via
    #   -c requirements/static/ci/py3.14/linux.lock
    #   -r requirements/base.in
    #   croniter
    #   tempora
python-gnupg==0.5.6
    # via
    #   -c requirements/static/ci/py3.14/linux.lock
    #   -r requirements/base.in
pytz==2025.2
    # via
    #   -c requirements/static/ci/py3.14/linux.lock
    #   croniter
pyyaml==6.0.3
    # via
    #   -c requirements/static/ci/py3.14/linux.lock
    #   -r requirements/base.in
    #   myst-docutils
pyzmq==27.1.0
    # via
    #   -c requirements/static/ci/py3.14/linux.lock
    #   -r requirements/zeromq.in
requests==2.33.1
    # via
    #   -c requirements/static/ci/py3.14/linux.lock
    #   -r requirements/base.in
    #   apache-libcloud
    #   opentelemetry-exporter-otlp-proto-http
    #   sphinx
    #   sphinxcontrib-spelling
    #   vultr
roman-numerals==4.1.0
    # via sphinx
rpm-vercmp==0.1.2
    # via
    #   -c requirements/static/ci/py3.14/linux.lock
    #   -r requirements/base.in
setproctitle==1.3.7
    # via
    #   -c requirements/static/ci/py3.14/linux.lock
    #   -r requirements/base.in
six==1.17.0
    # via
    #   -c requirements/static/ci/py3.14/linux.lock
    #   python-dateutil
    #   sphinxcontrib-httpdomain
smmap==5.0.2
    # via
    #   -c requirements/static/ci/py3.14/linux.lock
    #   gitdb
snowballstemmer==3.0.1
    # via sphinx
soupsieve==2.8.3
    # via beautifulsoup4
sphinx==9.1.0
    # via
    #   -r requirements/static/ci/docs.in
    #   pydata-sphinx-theme
    #   sphinxcontrib-httpdomain
    #   sphinxcontrib-spelling
sphinxcontrib-applehelp==2.0.0
    # via sphinx
sphinxcontrib-devhelp==2.0.0
    # via sphinx
sphinxcontrib-htmlhelp==2.1.0
    # via sphinx
sphinxcontrib-httpdomain==1.8.1
    # via -r requirements/static/ci/docs.in
sphinxcontrib-jsmath==1.0.1
    # via sphinx
sphinxcontrib-qthelp==2.0.0
    # via sphinx
sphinxcontrib-serializinghtml==2.0.0
    # via sphinx
sphinxcontrib-spelling==8.0.2
    # via -r requirements/static/ci/docs.in
tempora==5.8.1
    # via
    #   -c requirements/static/ci/py3.14/linux.lock
    #   portend
timelib==0.3.0
    # via
    #   -c requirements/static/ci/py3.14/linux.lock
    #   -r requirements/base.in
tornado==6.5.5
    # via
    #   -c requirements/static/ci/py3.14/linux.lock
    #   -r requirements/base.in
truststore==0.10.4
    # via
    #   -c requirements/static/ci/py3.14/linux.lock
    #   -r requirements/base.in
typing-extensions==4.15.0
    # via
    #   -c requirements/static/ci/py3.14/linux.lock
    #   beautifulsoup4
    #   opentelemetry-api
    #   opentelemetry-exporter-otlp-proto-http
    #   opentelemetry-sdk
    #   opentelemetry-semantic-conventions
    #   pydata-sphinx-theme
uc-micro-py==1.0.3
    # via linkify-it-py
urllib3==2.7.0
    # via
    #   -c requirements/static/ci/py3.14/linux.lock
    #   -r requirements/base.in
    #   requests
virtualenv==20.36.1
    # via
    #   -c requirements/static/ci/py3.14/linux.lock
    #   -r requirements/base.in
vultr==1.0.1
    # via
    #   -c requirements/static/ci/py3.14/linux.lock
    #   -r requirements/base.in
xxhash==3.7.0
    # via
    #   -c requirements/static/ci/py3.14/linux.lock
    #   -r requirements/base.in
yarl==1.22.0
    # via
    #   -c requirements/static/ci/py3.14/linux.lock
    #   aiohttp
zc-lockfile==4.0
    # via
    #   -c requirements/static/ci/py3.14/linux.lock
    #   cherrypy
zipp==3.23.0
    # via
    #   -c requirements/static/ci/py3.14/linux.lock
    #   -r requirements/base.in
    #   importlib-metadata

# The following packages were excluded from the output:
# setuptools
