# This file was autogenerated by uv via the following command:
#    uv pip compile requirements/base.txt requirements/zeromq.txt requirements/crypto.txt requirements/static/ci/docs.txt --python-platform=linux --python-version=3.14 --constraint requirements/constraints.txt --no-emit-index-url --unsafe-package=setuptools -c=requirements/static/ci/py3.14/linux.lock -o=requirements/static/ci/py3.14/docs.lock
accessible-pygments==0.0.5
    # via pydata-sphinx-theme
aiohappyeyeballs==2.6.1
    # via
    #   -c requirements/static/ci/py3.14/linux.lock
    #   aiohttp
aiohttp==3.14.1
    # via
    #   -c requirements/static/ci/py3.14/linux.lock
    #   -r requirements/base.txt
aiosignal==1.4.0
    # via
    #   -c requirements/static/ci/py3.14/linux.lock
    #   aiohttp
alabaster==1.0.0
    # via sphinx
annotated-doc==0.0.4
    # via
    #   -c requirements/static/ci/py3.14/linux.lock
    #   typer
apache-libcloud==3.9.1
    # via
    #   -c requirements/static/ci/py3.14/linux.lock
    #   -r requirements/base.txt
attrs==25.4.0
    # via
    #   -c requirements/static/ci/py3.14/linux.lock
    #   aiohttp
babel==2.17.0
    # via
    #   pydata-sphinx-theme
    #   sphinx
beautifulsoup4==4.14.3
    # via pydata-sphinx-theme
certifi==2026.6.17
    # via
    #   -c requirements/static/ci/py3.14/linux.lock
    #   -r requirements/base.txt
    #   requests
cffi==2.0.0
    # via
    #   -c requirements/static/ci/py3.14/linux.lock
    #   -r requirements/base.txt
    #   cryptography
charset-normalizer==3.4.4
    # via
    #   -c requirements/static/ci/py3.14/linux.lock
    #   requests
cheroot==11.1.2
    # via
    #   -c requirements/static/ci/py3.14/linux.lock
    #   -r requirements/base.txt
    #   cherrypy
cherrypy==18.10.0
    # via
    #   -c requirements/static/ci/py3.14/linux.lock
    #   -r requirements/base.txt
    #   -r requirements/static/ci/docs.txt
croniter==6.2.2
    # via
    #   -c requirements/static/ci/py3.14/linux.lock
    #   -r requirements/base.txt
cryptography==48.0.0
    # via
    #   -c requirements/static/ci/py3.14/linux.lock
    #   -r requirements/base.txt
    #   pyopenssl
distlib==0.4.0
    # via
    #   -c requirements/static/ci/py3.14/linux.lock
    #   virtualenv
distro==1.9.0
    # via
    #   -c requirements/static/ci/py3.14/linux.lock
    #   -r requirements/base.txt
docutils==0.22.4
    # via
    #   pydata-sphinx-theme
    #   sphinx
filelock==3.29.1
    # via
    #   -c requirements/static/ci/py3.14/linux.lock
    #   -r requirements/base.txt
    #   python-discovery
    #   virtualenv
frozenlist==1.8.0
    # via
    #   -c requirements/static/ci/py3.14/linux.lock
    #   -r requirements/base.txt
    #   aiohttp
    #   aiosignal
gitdb==4.0.12
    # via
    #   -c requirements/static/ci/py3.14/linux.lock
    #   gitpython
gitpython==3.1.50
    # via
    #   -c requirements/static/ci/py3.14/linux.lock
    #   -r requirements/base.txt
googleapis-common-protos==1.75.0
    # via
    #   -c requirements/static/ci/py3.14/linux.lock
    #   opentelemetry-exporter-otlp-proto-http
idna==3.18
    # via
    #   -c requirements/static/ci/py3.14/linux.lock
    #   -r requirements/base.txt
    #   requests
    #   yarl
imagesize==1.4.1
    # via sphinx
importlib-metadata==9.0.0
    # via
    #   -c requirements/static/ci/py3.14/linux.lock
    #   -r requirements/base.txt
jaraco-collections==5.2.1
    # via
    #   -c requirements/static/ci/py3.14/linux.lock
    #   cherrypy
jaraco-context==6.1.2
    # via
    #   -c requirements/static/ci/py3.14/linux.lock
    #   -r requirements/base.txt
    #   jaraco-text
jaraco-functools==4.4.0
    # via
    #   -c requirements/static/ci/py3.14/linux.lock
    #   -r requirements/base.txt
    #   cheroot
    #   jaraco-text
    #   tempora
jaraco-text==4.2.0
    # via
    #   -c requirements/static/ci/py3.14/linux.lock
    #   -r requirements/base.txt
    #   jaraco-collections
jinja2==3.1.6
    # via
    #   -c requirements/static/ci/py3.14/linux.lock
    #   -r requirements/base.txt
    #   -r requirements/static/ci/docs.txt
    #   myst-docutils
    #   sphinx
jmespath==1.1.0
    # via
    #   -c requirements/static/ci/py3.14/linux.lock
    #   -r requirements/base.txt
linkify-it-py==2.0.3
    # via myst-docutils
looseversion==1.3.0
    # via
    #   -c requirements/static/ci/py3.14/linux.lock
    #   -r requirements/base.txt
markdown-it-py==4.2.0
    # via
    #   -c requirements/static/ci/py3.14/linux.lock
    #   mdit-py-plugins
    #   myst-docutils
    #   rich
markupsafe==3.0.3
    # via
    #   -c requirements/static/ci/py3.14/linux.lock
    #   -r requirements/base.txt
    #   -r requirements/static/ci/docs.txt
    #   jinja2
mdit-py-plugins==0.5.0
    # via myst-docutils
mdurl==0.1.2
    # via
    #   -c requirements/static/ci/py3.14/linux.lock
    #   markdown-it-py
more-itertools==11.1.0
    # via
    #   -c requirements/static/ci/py3.14/linux.lock
    #   -r requirements/base.txt
    #   cheroot
    #   cherrypy
    #   jaraco-functools
    #   jaraco-text
msgpack==1.1.2
    # via
    #   -c requirements/static/ci/py3.14/linux.lock
    #   -r requirements/base.txt
multidict==6.7.0
    # via
    #   -c requirements/static/ci/py3.14/linux.lock
    #   -r requirements/base.txt
    #   aiohttp
    #   yarl
myst-docutils==5.0.0
    # via -r requirements/static/ci/docs.txt
opentelemetry-api==1.42.1
    # via
    #   -c requirements/static/ci/py3.14/linux.lock
    #   -r requirements/base.txt
    #   opentelemetry-exporter-otlp-proto-http
    #   opentelemetry-exporter-prometheus
    #   opentelemetry-sdk
    #   opentelemetry-semantic-conventions
opentelemetry-exporter-otlp-proto-common==1.42.1
    # via
    #   -c requirements/static/ci/py3.14/linux.lock
    #   opentelemetry-exporter-otlp-proto-http
opentelemetry-exporter-otlp-proto-http==1.42.1
    # via
    #   -c requirements/static/ci/py3.14/linux.lock
    #   -r requirements/base.txt
opentelemetry-exporter-prometheus==0.63b1
    # via
    #   -c requirements/static/ci/py3.14/linux.lock
    #   -r requirements/base.txt
opentelemetry-proto==1.42.1
    # via
    #   -c requirements/static/ci/py3.14/linux.lock
    #   opentelemetry-exporter-otlp-proto-common
    #   opentelemetry-exporter-otlp-proto-http
opentelemetry-sdk==1.42.1
    # via
    #   -c requirements/static/ci/py3.14/linux.lock
    #   -r requirements/base.txt
    #   opentelemetry-exporter-otlp-proto-http
    #   opentelemetry-exporter-prometheus
opentelemetry-semantic-conventions==0.63b1
    # via
    #   -c requirements/static/ci/py3.14/linux.lock
    #   opentelemetry-sdk
packaging==24.0
    # via
    #   -c requirements/static/ci/py3.14/linux.lock
    #   -r requirements/base.txt
    #   sphinx
platformdirs==4.5.1
    # via
    #   -c requirements/static/ci/py3.14/linux.lock
    #   python-discovery
    #   virtualenv
portend==3.2.1
    # via
    #   -c requirements/static/ci/py3.14/linux.lock
    #   cherrypy
prometheus-client==0.25.0
    # via
    #   -c requirements/static/ci/py3.14/linux.lock
    #   opentelemetry-exporter-prometheus
propcache==0.4.1
    # via
    #   -c requirements/static/ci/py3.14/linux.lock
    #   aiohttp
    #   yarl
protobuf==6.33.6
    # via
    #   -c requirements/static/ci/py3.14/linux.lock
    #   googleapis-common-protos
    #   opentelemetry-proto
psutil==7.2.2
    # via
    #   -c requirements/static/ci/py3.14/linux.lock
    #   -r requirements/base.txt
pyasn1==0.6.3
    # via
    #   -c requirements/static/ci/py3.14/linux.lock
    #   -r requirements/base.txt
pycparser==3.0
    # via
    #   -c requirements/static/ci/py3.14/linux.lock
    #   -r requirements/base.txt
    #   cffi
pycryptodomex==3.23.0
    # via
    #   -c requirements/static/ci/py3.14/linux.lock
    #   -r requirements/base.txt
    #   -r requirements/crypto.txt
pydata-sphinx-theme==0.18.0
    # via -r requirements/static/ci/docs.txt
pyenchant==3.3.0
    # via sphinxcontrib-spelling
pygments==2.20.0
    # via
    #   -c requirements/static/ci/py3.14/linux.lock
    #   accessible-pygments
    #   pydata-sphinx-theme
    #   rich
    #   sphinx
pyopenssl==26.2.0
    # via
    #   -c requirements/static/ci/py3.14/linux.lock
    #   -r requirements/base.txt
python-dateutil==2.9.0.post0
    # via
    #   -c requirements/static/ci/py3.14/linux.lock
    #   -r requirements/base.txt
    #   croniter
    #   tempora
python-discovery==1.4.0
    # via
    #   -c requirements/static/ci/py3.14/linux.lock
    #   virtualenv
python-gnupg==0.5.6
    # via
    #   -c requirements/static/ci/py3.14/linux.lock
    #   -r requirements/base.txt
pyyaml==6.0.3
    # via
    #   -c requirements/static/ci/py3.14/linux.lock
    #   -r requirements/base.txt
    #   myst-docutils
pyzmq==27.1.0
    # via
    #   -c requirements/static/ci/py3.14/linux.lock
    #   -r requirements/zeromq.txt
requests==2.33.1
    # via
    #   -c requirements/static/ci/py3.14/linux.lock
    #   -r requirements/base.txt
    #   apache-libcloud
    #   opentelemetry-exporter-otlp-proto-http
    #   sphinx
    #   sphinxcontrib-spelling
    #   vultr
rich==15.0.0
    # via
    #   -c requirements/static/ci/py3.14/linux.lock
    #   typer
roman-numerals==4.1.0
    # via sphinx
rpm-vercmp==0.1.2
    # via
    #   -c requirements/static/ci/py3.14/linux.lock
    #   -r requirements/base.txt
setproctitle==1.3.7
    # via
    #   -c requirements/static/ci/py3.14/linux.lock
    #   -r requirements/base.txt
shellingham==1.5.4
    # via
    #   -c requirements/static/ci/py3.14/linux.lock
    #   typer
six==1.17.0
    # via
    #   -c requirements/static/ci/py3.14/linux.lock
    #   python-dateutil
smmap==5.0.2
    # via
    #   -c requirements/static/ci/py3.14/linux.lock
    #   gitdb
snowballstemmer==3.0.1
    # via sphinx
soupsieve==2.8.3
    # via beautifulsoup4
sphinx==9.1.0
    # via
    #   -r requirements/static/ci/docs.txt
    #   pydata-sphinx-theme
    #   sphinxcontrib-httpdomain
    #   sphinxcontrib-spelling
sphinxcontrib-applehelp==2.0.0
    # via sphinx
sphinxcontrib-devhelp==2.0.0
    # via sphinx
sphinxcontrib-htmlhelp==2.1.0
    # via sphinx
sphinxcontrib-httpdomain==2.0.0
    # via -r requirements/static/ci/docs.txt
sphinxcontrib-jsmath==1.0.1
    # via sphinx
sphinxcontrib-qthelp==2.0.0
    # via sphinx
sphinxcontrib-serializinghtml==2.0.0
    # via sphinx
sphinxcontrib-spelling==8.0.2
    # via -r requirements/static/ci/docs.txt
tempora==5.8.1
    # via
    #   -c requirements/static/ci/py3.14/linux.lock
    #   portend
timelib==0.3.0
    # via
    #   -c requirements/static/ci/py3.14/linux.lock
    #   -r requirements/base.txt
tornado==6.5.7
    # via
    #   -c requirements/static/ci/py3.14/linux.lock
    #   -r requirements/base.txt
truststore==0.10.4
    # via
    #   -c requirements/static/ci/py3.14/linux.lock
    #   -r requirements/base.txt
typer==0.26.7
    # via
    #   -c requirements/static/ci/py3.14/linux.lock
    #   typer-slim
typer-slim==0.24.0
    # via
    #   -c requirements/static/ci/py3.14/linux.lock
    #   jaraco-text
typing-extensions==4.15.0
    # via
    #   -c requirements/static/ci/py3.14/linux.lock
    #   beautifulsoup4
    #   opentelemetry-api
    #   opentelemetry-exporter-otlp-proto-http
    #   opentelemetry-sdk
    #   opentelemetry-semantic-conventions
    #   pydata-sphinx-theme
uc-micro-py==1.0.3
    # via linkify-it-py
urllib3==2.7.0
    # via
    #   -c requirements/static/ci/py3.14/linux.lock
    #   -r requirements/base.txt
    #   requests
virtualenv==21.4.2
    # via
    #   -c requirements/static/ci/py3.14/linux.lock
    #   -r requirements/base.txt
vultr==1.0.1
    # via
    #   -c requirements/static/ci/py3.14/linux.lock
    #   -r requirements/base.txt
xxhash==3.7.0
    # via
    #   -c requirements/static/ci/py3.14/linux.lock
    #   -r requirements/base.txt
yarl==1.22.0
    # via
    #   -c requirements/static/ci/py3.14/linux.lock
    #   aiohttp
zc-lockfile==4.0
    # via
    #   -c requirements/static/ci/py3.14/linux.lock
    #   cherrypy
zipp==4.1.0
    # via
    #   -c requirements/static/ci/py3.14/linux.lock
    #   -r requirements/base.txt
    #   importlib-metadata

# The following packages were excluded from the output:
# setuptools
