# This file was autogenerated by uv via the following command:
#    uv pip compile requirements/base.txt requirements/pytest.txt requirements/zeromq.txt requirements/static/ci/common.txt requirements/static/ci/linux.txt --python-platform=linux --python-version=3.14 --constraint requirements/constraints.txt --no-emit-index-url --unsafe-package=setuptools -c=requirements/static/pkg/py3.14/linux.lock -o=requirements/static/ci/py3.14/linux.lock
aiohappyeyeballs==2.6.1
    # via
    #   -c requirements/static/pkg/py3.14/linux.lock
    #   aiohttp
aiohttp==3.14.1
    # via
    #   -c requirements/static/pkg/py3.14/linux.lock
    #   -r requirements/base.txt
    #   -r requirements/static/ci/common.txt
    #   aiohttp-retry
    #   etcd3-py
    #   kubernetes
    #   twilio
aiohttp-retry==2.9.1
    # via twilio
aiosignal==1.4.0
    # via
    #   -c requirements/static/pkg/py3.14/linux.lock
    #   aiohttp
annotated-doc==0.0.4
    # via
    #   -c requirements/static/pkg/py3.14/linux.lock
    #   typer
ansible==14.0.0
    # via -r requirements/static/ci/linux.txt
ansible-core==2.21.0
    # via ansible
anyio==4.12.1
    # via httpx
apache-libcloud==3.9.1
    # via
    #   -c requirements/static/pkg/py3.14/linux.lock
    #   -r requirements/base.txt
    #   -r requirements/static/ci/common.txt
asn1crypto==1.5.1
    # via
    #   certvalidator
    #   oscrypto
attrs==25.4.0
    # via
    #   -c requirements/static/pkg/py3.14/linux.lock
    #   aiohttp
    #   jsonschema
    #   pytest-salt-factories
    #   pytest-shell-utilities
    #   pytest-skip-markers
    #   pytest-subtests
    #   pytest-system-statistics
    #   referencing
bcrypt==5.0.0
    # via
    #   -r requirements/static/ci/common.txt
    #   paramiko
boto==2.49.0
    # via -r requirements/static/ci/common.txt
boto3==1.43.25
    # via
    #   -r requirements/static/ci/common.txt
    #   moto
botocore==1.43.25
    # via
    #   -r requirements/static/ci/common.txt
    #   boto3
    #   moto
    #   s3transfer
certifi==2026.6.17
    # via
    #   -c requirements/static/pkg/py3.14/linux.lock
    #   -r requirements/base.txt
    #   httpcore
    #   httpx
    #   kubernetes
    #   requests
certvalidator==0.11.1
    # via vcert
cffi==2.0.0
    # via
    #   -c requirements/static/pkg/py3.14/linux.lock
    #   -r requirements/base.txt
    #   -r requirements/static/ci/common.txt
    #   cryptography
    #   pygit2
    #   pynacl
charset-normalizer==3.4.4
    # via
    #   -c requirements/static/pkg/py3.14/linux.lock
    #   requests
cheetah3==3.2.6.post1
    # via -r requirements/static/ci/common.txt
cheroot==11.1.2
    # via
    #   -c requirements/static/pkg/py3.14/linux.lock
    #   -r requirements/base.txt
    #   cherrypy
cherrypy==18.10.0
    # via
    #   -c requirements/static/pkg/py3.14/linux.lock
    #   -r requirements/base.txt
    #   -r requirements/static/ci/common.txt
clustershell==1.9.3
    # via -r requirements/static/ci/common.txt
croniter==6.2.2
    # via
    #   -c requirements/static/pkg/py3.14/linux.lock
    #   -r requirements/base.txt
cryptography==48.0.0
    # via
    #   -c requirements/static/pkg/py3.14/linux.lock
    #   -r requirements/base.txt
    #   -r requirements/static/ci/common.txt
    #   ansible-core
    #   etcd3-py
    #   moto
    #   paramiko
    #   pyopenssl
    #   secretstorage
    #   trustme
    #   vcert
distlib==0.4.0
    # via
    #   -c requirements/static/pkg/py3.14/linux.lock
    #   virtualenv
distro==1.9.0
    # via
    #   -c requirements/static/pkg/py3.14/linux.lock
    #   -r requirements/base.txt
    #   pytest-skip-markers
dnspython==2.8.0
    # via
    #   -r requirements/static/ci/common.txt
    #   python-etcd
docker==7.1.0
    # via -r requirements/pytest.txt
durationpy==0.10
    # via kubernetes
etcd3-py==0.1.6
    # via -r requirements/static/ci/common.txt
filelock==3.29.1
    # via
    #   -c requirements/static/pkg/py3.14/linux.lock
    #   -r requirements/base.txt
    #   -r requirements/static/ci/common.txt
    #   python-discovery
    #   virtualenv
flaky==3.8.1
    # via -r requirements/pytest.txt
frozenlist==1.8.0
    # via
    #   -c requirements/static/pkg/py3.14/linux.lock
    #   -r requirements/base.txt
    #   aiohttp
    #   aiosignal
genshi==0.7.11
    # via -r requirements/static/ci/common.txt
gitdb==4.0.12
    # via
    #   -c requirements/static/pkg/py3.14/linux.lock
    #   gitpython
gitpython==3.1.50
    # via
    #   -c requirements/static/pkg/py3.14/linux.lock
    #   -r requirements/base.txt
    #   -r requirements/static/ci/common.txt
googleapis-common-protos==1.75.0
    # via
    #   -c requirements/static/pkg/py3.14/linux.lock
    #   opentelemetry-exporter-otlp-proto-http
h11==0.16.0
    # via httpcore
hglib==2.6.2
    # via -r requirements/static/ci/linux.txt
httpcore==1.0.9
    # via
    #   httpx
    #   python-telegram-bot
httpx==0.28.1
    # via python-telegram-bot
idna==3.18
    # via
    #   -c requirements/static/pkg/py3.14/linux.lock
    #   -r requirements/base.txt
    #   anyio
    #   etcd3-py
    #   httpx
    #   requests
    #   trustme
    #   yarl
importlib-metadata==9.0.0
    # via
    #   -c requirements/static/pkg/py3.14/linux.lock
    #   -r requirements/base.txt
iniconfig==2.3.0
    # via pytest
invoke==2.2.1
    # via paramiko
jaraco-classes==3.4.0
    # via keyring
jaraco-collections==5.2.1
    # via
    #   -c requirements/static/pkg/py3.14/linux.lock
    #   cherrypy
jaraco-context==6.1.2
    # via
    #   -c requirements/static/pkg/py3.14/linux.lock
    #   -r requirements/base.txt
    #   jaraco-text
    #   keyring
jaraco-functools==4.4.0
    # via
    #   -c requirements/static/pkg/py3.14/linux.lock
    #   -r requirements/base.txt
    #   cheroot
    #   jaraco-text
    #   keyring
    #   tempora
jaraco-text==4.2.0
    # via
    #   -c requirements/static/pkg/py3.14/linux.lock
    #   -r requirements/base.txt
    #   jaraco-collections
jeepney==0.9.0
    # via
    #   keyring
    #   secretstorage
jinja2==3.1.6
    # via
    #   -c requirements/static/pkg/py3.14/linux.lock
    #   -r requirements/base.txt
    #   ansible-core
    #   junos-eznc
jmespath==1.1.0
    # via
    #   -c requirements/static/pkg/py3.14/linux.lock
    #   -r requirements/base.txt
    #   -r requirements/static/ci/common.txt
    #   boto3
    #   botocore
jsonschema==4.26.0
    # via -r requirements/static/ci/common.txt
jsonschema-specifications==2025.9.1
    # via jsonschema
junit-xml==1.9
    # via -r requirements/static/ci/common.txt
junos-eznc==2.7.1
    # via -r requirements/static/ci/common.txt
jxmlease==1.0.3
    # via -r requirements/static/ci/common.txt
kazoo==2.10.0
    # via -r requirements/static/ci/common.txt
keyring==25.7.0
    # via -r requirements/static/ci/common.txt
kubernetes==36.0.2
    # via -r requirements/static/ci/common.txt
libnacl==2.1.0
    # via -r requirements/static/ci/common.txt
looseversion==1.3.0
    # via
    #   -c requirements/static/pkg/py3.14/linux.lock
    #   -r requirements/base.txt
lxml==6.0.2
    # via
    #   junos-eznc
    #   ncclient
    #   xmldiff
mako==1.3.10
    # via -r requirements/static/ci/common.txt
markdown-it-py==4.2.0
    # via
    #   -c requirements/static/pkg/py3.14/linux.lock
    #   rich
markupsafe==3.0.3
    # via
    #   -c requirements/static/pkg/py3.14/linux.lock
    #   -r requirements/base.txt
    #   jinja2
    #   mako
    #   werkzeug
mdurl==0.1.2
    # via
    #   -c requirements/static/pkg/py3.14/linux.lock
    #   markdown-it-py
mercurial==7.2.2
    # via -r requirements/static/ci/linux.txt
mock==5.2.0
    # via -r requirements/pytest.txt
more-itertools==11.1.0
    # via
    #   -c requirements/static/pkg/py3.14/linux.lock
    #   -r requirements/base.txt
    #   -r requirements/pytest.txt
    #   cheroot
    #   cherrypy
    #   jaraco-classes
    #   jaraco-functools
    #   jaraco-text
moto==5.2.2
    # via -r requirements/static/ci/common.txt
msgpack==1.1.2
    # via
    #   -c requirements/static/pkg/py3.14/linux.lock
    #   -r requirements/base.txt
    #   pytest-salt-factories
multidict==6.7.0
    # via
    #   -c requirements/static/pkg/py3.14/linux.lock
    #   -r requirements/base.txt
    #   aiohttp
    #   yarl
ncclient==0.7.1
    # via
    #   -r requirements/static/ci/common.txt
    #   junos-eznc
oauthlib==3.3.1
    # via requests-oauthlib
opentelemetry-api==1.42.1
    # via
    #   -c requirements/static/pkg/py3.14/linux.lock
    #   -r requirements/base.txt
    #   opentelemetry-exporter-otlp-proto-http
    #   opentelemetry-exporter-prometheus
    #   opentelemetry-sdk
    #   opentelemetry-semantic-conventions
opentelemetry-exporter-otlp-proto-common==1.42.1
    # via
    #   -c requirements/static/pkg/py3.14/linux.lock
    #   opentelemetry-exporter-otlp-proto-http
opentelemetry-exporter-otlp-proto-http==1.42.1
    # via
    #   -c requirements/static/pkg/py3.14/linux.lock
    #   -r requirements/base.txt
opentelemetry-exporter-prometheus==0.63b1
    # via
    #   -c requirements/static/pkg/py3.14/linux.lock
    #   -r requirements/base.txt
opentelemetry-proto==1.42.1
    # via
    #   -c requirements/static/pkg/py3.14/linux.lock
    #   opentelemetry-exporter-otlp-proto-common
    #   opentelemetry-exporter-otlp-proto-http
opentelemetry-sdk==1.42.1
    # via
    #   -c requirements/static/pkg/py3.14/linux.lock
    #   -r requirements/base.txt
    #   opentelemetry-exporter-otlp-proto-http
    #   opentelemetry-exporter-prometheus
opentelemetry-semantic-conventions==0.63b1
    # via
    #   -c requirements/static/pkg/py3.14/linux.lock
    #   opentelemetry-sdk
oscrypto==1.3.0
    # via certvalidator
packaging==24.0
    # via
    #   -c requirements/static/pkg/py3.14/linux.lock
    #   -r requirements/base.txt
    #   ansible-core
    #   pytest
paramiko==5.0.0
    # via
    #   -r requirements/static/ci/common.txt
    #   ncclient
    #   scp
passlib==1.7.4
    # via -r requirements/static/ci/common.txt
pathspec==1.0.3
    # via yamllint
platformdirs==4.5.1
    # via
    #   -c requirements/static/pkg/py3.14/linux.lock
    #   python-discovery
    #   virtualenv
pluggy==1.6.0
    # via pytest
portend==3.2.1
    # via
    #   -c requirements/static/pkg/py3.14/linux.lock
    #   cherrypy
prometheus-client==0.25.0
    # via
    #   -c requirements/static/pkg/py3.14/linux.lock
    #   opentelemetry-exporter-prometheus
propcache==0.4.1
    # via
    #   -c requirements/static/pkg/py3.14/linux.lock
    #   aiohttp
    #   yarl
protobuf==6.33.6
    # via
    #   -c requirements/static/pkg/py3.14/linux.lock
    #   googleapis-common-protos
    #   opentelemetry-proto
psutil==7.2.2
    # via
    #   -c requirements/static/pkg/py3.14/linux.lock
    #   -r requirements/base.txt
    #   pytest-salt-factories
    #   pytest-shell-utilities
    #   pytest-system-statistics
py-cpuinfo==9.0.0
    # via pytest-benchmark
pyasn1==0.6.3
    # via
    #   -c requirements/static/pkg/py3.14/linux.lock
    #   -r requirements/base.txt
pycparser==3.0
    # via
    #   -c requirements/static/pkg/py3.14/linux.lock
    #   -r requirements/base.txt
    #   cffi
pycryptodomex==3.23.0
    # via
    #   -c requirements/static/pkg/py3.14/linux.lock
    #   -r requirements/base.txt
    #   -r requirements/static/ci/common.txt
pyfakefs==6.0.0
    # via -r requirements/pytest.txt
pygit2==1.19.2
    # via -r requirements/static/ci/linux.txt
pygments==2.20.0
    # via
    #   -c requirements/static/pkg/py3.14/linux.lock
    #   pytest
    #   rich
pyiface==0.0.11
    # via -r requirements/static/ci/linux.txt
pyinotify==0.9.6
    # via -r requirements/static/ci/common.txt
pyjwt==2.12.1
    # via twilio
pymysql==1.2.0
    # via -r requirements/static/ci/linux.txt
pynacl==1.6.2
    # via
    #   -r requirements/static/ci/common.txt
    #   paramiko
pyopenssl==26.2.0
    # via
    #   -c requirements/static/pkg/py3.14/linux.lock
    #   -r requirements/base.txt
    #   etcd3-py
pyparsing==3.3.2
    # via junos-eznc
pyserial==3.5
    # via junos-eznc
pytest==8.4.2
    # via
    #   -r requirements/pytest.txt
    #   pytest-benchmark
    #   pytest-custom-exit-code
    #   pytest-helpers-namespace
    #   pytest-salt-factories
    #   pytest-shell-utilities
    #   pytest-skip-markers
    #   pytest-subtests
    #   pytest-system-statistics
    #   pytest-timeout
pytest-benchmark==5.2.3
    # via -r requirements/pytest.txt
pytest-custom-exit-code==0.3.0
    # via -r requirements/pytest.txt
pytest-helpers-namespace==2021.12.29
    # via
    #   -r requirements/pytest.txt
    #   pytest-salt-factories
    #   pytest-shell-utilities
pytest-httpserver==1.1.3
    # via -r requirements/pytest.txt
pytest-salt-factories==1.0.5
    # via -r requirements/pytest.txt
pytest-shell-utilities==1.9.7
    # via
    #   -r requirements/pytest.txt
    #   pytest-salt-factories
pytest-skip-markers==1.5.2
    # via
    #   -r requirements/pytest.txt
    #   pytest-salt-factories
    #   pytest-shell-utilities
    #   pytest-system-statistics
pytest-subtests==0.15.0
    # via -r requirements/pytest.txt
pytest-system-statistics==1.0.2
    # via pytest-salt-factories
pytest-timeout==2.4.0
    # via -r requirements/pytest.txt
python-consul==1.1.0
    # via -r requirements/static/ci/linux.txt
python-dateutil==2.9.0.post0
    # via
    #   -c requirements/static/pkg/py3.14/linux.lock
    #   -r requirements/base.txt
    #   botocore
    #   croniter
    #   kubernetes
    #   tempora
    #   vcert
python-discovery==1.4.0
    # via
    #   -c requirements/static/pkg/py3.14/linux.lock
    #   virtualenv
python-etcd==0.4.5
    # via -r requirements/static/ci/common.txt
python-gnupg==0.5.6
    # via
    #   -c requirements/static/pkg/py3.14/linux.lock
    #   -r requirements/base.txt
python-telegram-bot==22.7
    # via -r requirements/static/ci/linux.txt
pyvmomi==9.0.0.0
    # via -r requirements/static/ci/common.txt
pyyaml==6.0.3
    # via
    #   -c requirements/static/pkg/py3.14/linux.lock
    #   -r requirements/base.txt
    #   ansible-core
    #   clustershell
    #   junos-eznc
    #   kubernetes
    #   pytest-salt-factories
    #   responses
    #   yamllint
    #   yamlordereddictloader
pyzmq==27.1.0
    # via
    #   -c requirements/static/pkg/py3.14/linux.lock
    #   -r requirements/zeromq.txt
    #   pytest-salt-factories
redis==7.4.0
    # via -r requirements/static/ci/linux.txt
referencing==0.37.0
    # via
    #   jsonschema
    #   jsonschema-specifications
requests==2.33.1
    # via
    #   -c requirements/static/pkg/py3.14/linux.lock
    #   -r requirements/base.txt
    #   apache-libcloud
    #   docker
    #   etcd3-py
    #   kubernetes
    #   moto
    #   opentelemetry-exporter-otlp-proto-http
    #   python-consul
    #   requests-oauthlib
    #   responses
    #   twilio
    #   vcert
    #   vultr
requests-oauthlib==2.0.0
    # via kubernetes
resolvelib==1.2.1
    # via ansible-core
responses==0.25.8
    # via moto
rfc3339-validator==0.1.4
    # via -r requirements/static/ci/common.txt
rfc3987==1.3.8
    # via -r requirements/static/ci/common.txt
rich==15.0.0
    # via
    #   -c requirements/static/pkg/py3.14/linux.lock
    #   typer
rpds-py==0.30.0
    # via
    #   jsonschema
    #   referencing
rpm-vercmp==0.1.2
    # via
    #   -c requirements/static/pkg/py3.14/linux.lock
    #   -r requirements/base.txt
s3transfer==0.18.0
    # via boto3
scp==0.15.0
    # via junos-eznc
secretstorage==3.5.0
    # via keyring
semantic-version==2.10.0
    # via etcd3-py
setproctitle==1.3.7
    # via
    #   -c requirements/static/pkg/py3.14/linux.lock
    #   -r requirements/base.txt
shellingham==1.5.4
    # via
    #   -c requirements/static/pkg/py3.14/linux.lock
    #   typer
six==1.17.0
    # via
    #   -c requirements/static/pkg/py3.14/linux.lock
    #   etcd3-py
    #   junit-xml
    #   junos-eznc
    #   kubernetes
    #   python-consul
    #   python-dateutil
    #   rfc3339-validator
    #   transitions
    #   vcert
slack-bolt==1.27.0
    # via -r requirements/static/ci/linux.txt
slack-sdk==3.39.0
    # via slack-bolt
smmap==5.0.2
    # via
    #   -c requirements/static/pkg/py3.14/linux.lock
    #   gitdb
sqlparse==0.5.5
    # via -r requirements/static/ci/common.txt
strict-rfc3339==0.7
    # via -r requirements/static/ci/common.txt
tempora==5.8.1
    # via
    #   -c requirements/static/pkg/py3.14/linux.lock
    #   portend
textfsm==2.1.0
    # via -r requirements/static/ci/common.txt
timelib==0.3.0
    # via
    #   -c requirements/static/pkg/py3.14/linux.lock
    #   -r requirements/base.txt
toml==0.10.2
    # via -r requirements/static/ci/common.txt
tornado==6.5.7
    # via
    #   -c requirements/static/pkg/py3.14/linux.lock
    #   -r requirements/base.txt
transitions==0.9.3
    # via junos-eznc
trustme==1.2.1
    # via -r requirements/pytest.txt
truststore==0.10.4
    # via
    #   -c requirements/static/pkg/py3.14/linux.lock
    #   -r requirements/base.txt
twilio==9.10.9
    # via -r requirements/static/ci/linux.txt
typer==0.26.7
    # via
    #   -c requirements/static/pkg/py3.14/linux.lock
    #   typer-slim
typer-slim==0.24.0
    # via
    #   -c requirements/static/pkg/py3.14/linux.lock
    #   jaraco-text
typing-extensions==4.15.0
    # via
    #   -c requirements/static/pkg/py3.14/linux.lock
    #   opentelemetry-api
    #   opentelemetry-exporter-otlp-proto-http
    #   opentelemetry-sdk
    #   opentelemetry-semantic-conventions
    #   pytest-system-statistics
urllib3==2.7.0
    # via
    #   -c requirements/static/pkg/py3.14/linux.lock
    #   -r requirements/base.txt
    #   botocore
    #   docker
    #   kubernetes
    #   python-etcd
    #   requests
    #   responses
vcert==0.9.1
    # via -r requirements/static/ci/common.txt
virtualenv==21.4.2
    # via
    #   -c requirements/static/pkg/py3.14/linux.lock
    #   -r requirements/base.txt
    #   -r requirements/static/ci/common.txt
    #   pytest-salt-factories
vultr==1.0.1
    # via
    #   -c requirements/static/pkg/py3.14/linux.lock
    #   -r requirements/base.txt
watchdog==6.0.0
    # via -r requirements/static/ci/common.txt
websocket-client==1.9.0
    # via
    #   -r requirements/static/ci/common.txt
    #   kubernetes
wempy==0.2.1
    # via -r requirements/static/ci/common.txt
werkzeug==3.1.8
    # via
    #   -r requirements/static/ci/common.txt
    #   moto
    #   pytest-httpserver
xmldiff==2.7.0
    # via -r requirements/static/ci/common.txt
xmltodict==1.0.2
    # via moto
xxhash==3.7.0
    # via
    #   -c requirements/static/pkg/py3.14/linux.lock
    #   -r requirements/base.txt
yamllint==1.38.0
    # via -r requirements/static/ci/linux.txt
yamlordereddictloader==0.4.2
    # via
    #   -r requirements/static/ci/common.txt
    #   junos-eznc
yarl==1.22.0
    # via
    #   -c requirements/static/pkg/py3.14/linux.lock
    #   aiohttp
zc-lockfile==4.0
    # via
    #   -c requirements/static/pkg/py3.14/linux.lock
    #   cherrypy
zipp==4.1.0
    # via
    #   -c requirements/static/pkg/py3.14/linux.lock
    #   -r requirements/base.txt
    #   importlib-metadata

# The following packages were excluded from the output:
# setuptools
