# This file was autogenerated by uv via the following command:
#    uv pip compile requirements/static/ci/lint.txt --python-platform=linux --python-version=3.13 --constraint requirements/constraints.txt --no-emit-index-url --unsafe-package=setuptools -c=requirements/static/ci/py3.13/linux.lock -c=requirements/static/pkg/py3.13/linux.lock -o=requirements/static/ci/py3.13/linux-lint.lock
astroid==3.1.0
    # via pylint
certifi==2026.6.17
    # via
    #   -c requirements/static/ci/py3.13/linux.lock
    #   -c requirements/static/pkg/py3.13/linux.lock
    #   requests
charset-normalizer==3.5.1
    # via
    #   -c requirements/static/ci/py3.13/linux.lock
    #   -c requirements/static/pkg/py3.13/linux.lock
    #   requests
dill==0.4.1
    # via pylint
docker==7.1.0
    # via
    #   -c requirements/static/ci/py3.13/linux.lock
    #   -r requirements/static/ci/lint.txt
idna==3.18
    # via
    #   -c requirements/static/ci/py3.13/linux.lock
    #   -c requirements/static/pkg/py3.13/linux.lock
    #   requests
isort==5.13.2
    # via pylint
mccabe==0.7.0
    # via pylint
platformdirs==4.5.1
    # via
    #   -c requirements/static/ci/py3.13/linux.lock
    #   -c requirements/static/pkg/py3.13/linux.lock
    #   pylint
pylint==3.1.1
    # via
    #   -r requirements/static/ci/lint.txt
    #   saltpylint
requests==2.34.2
    # via
    #   -c requirements/static/ci/py3.13/linux.lock
    #   -c requirements/static/pkg/py3.13/linux.lock
    #   docker
saltpylint==2024.2.5
    # via -r requirements/static/ci/lint.txt
toml==0.10.2
    # via
    #   -c requirements/static/ci/py3.13/linux.lock
    #   -r requirements/static/ci/lint.txt
tomlkit==0.15.1
    # via pylint
urllib3==2.7.0
    # via
    #   -c requirements/static/ci/py3.13/linux.lock
    #   -c requirements/static/pkg/py3.13/linux.lock
    #   docker
    #   requests
