# This file was autogenerated by uv via the following command:
#    uv pip compile requirements/base.txt requirements/zeromq.txt requirements/crypto.txt requirements/static/pkg/freebsd.txt --universal --python-version=3.12 --constraint requirements/constraints.txt --no-emit-index-url -o=requirements/static/pkg/py3.12/freebsd.lock
aiohappyeyeballs==2.6.1
    # via aiohttp
aiohttp==3.14.1
    # via -r requirements/base.txt
aiosignal==1.4.0
    # via aiohttp
annotated-doc==0.0.4
    # via typer
apache-libcloud==3.9.1
    # via -r requirements/base.txt
attrs==23.2.0
    # via aiohttp
certifi==2026.6.17
    # via
    #   -r requirements/base.txt
    #   requests
cffi==2.0.0
    # via
    #   -r requirements/base.txt
    #   clr-loader
    #   cryptography
    #   pyzmq
charset-normalizer==3.2.0
    # via requests
cheroot==11.1.2
    # via
    #   -r requirements/base.txt
    #   -r requirements/static/pkg/freebsd.txt
    #   cherrypy
cherrypy==18.10.0
    # via
    #   -r requirements/base.txt
    #   -r requirements/static/pkg/freebsd.txt
clr-loader==0.3.1 ; sys_platform == 'win32'
    # via pythonnet
colorama==0.4.6 ; sys_platform == 'win32'
    # via typer
croniter==6.2.2 ; sys_platform != 'win32'
    # via -r requirements/base.txt
cryptography==48.0.0
    # via
    #   -r requirements/base.txt
    #   -r requirements/static/pkg/freebsd.txt
    #   pyopenssl
distlib==0.4.0
    # via virtualenv
distro==1.9.0
    # via
    #   -r requirements/base.txt
    #   -r requirements/static/pkg/freebsd.txt
filelock==3.29.1
    # via
    #   -r requirements/base.txt
    #   python-discovery
    #   virtualenv
frozenlist==1.7.0
    # via
    #   -r requirements/base.txt
    #   aiohttp
    #   aiosignal
gitdb==4.0.12
    # via gitpython
gitpython==3.1.50
    # via -r requirements/base.txt
googleapis-common-protos==1.75.0
    # via opentelemetry-exporter-otlp-proto-http
idna==3.18
    # via
    #   -r requirements/base.txt
    #   requests
    #   yarl
importlib-metadata==9.0.0
    # via
    #   -r requirements/base.txt
    #   -r requirements/static/pkg/freebsd.txt
jaraco-collections==4.1.0
    # via cherrypy
jaraco-context==6.1.2
    # via
    #   -r requirements/base.txt
    #   jaraco-text
jaraco-functools==4.5.0
    # via
    #   -r requirements/base.txt
    #   cheroot
    #   jaraco-text
    #   tempora
jaraco-text==4.2.0
    # via
    #   -r requirements/base.txt
    #   jaraco-collections
jinja2==3.1.6
    # via -r requirements/base.txt
jmespath==1.1.0
    # via -r requirements/base.txt
looseversion==1.3.0
    # via -r requirements/base.txt
lxml==6.1.1 ; sys_platform == 'win32'
    # via -r requirements/base.txt
markdown-it-py==4.2.0
    # via
    #   -c requirements/constraints.txt
    #   rich
markupsafe==3.0.3
    # via
    #   -r requirements/base.txt
    #   jinja2
mdurl==0.1.2
    # via markdown-it-py
more-itertools==11.1.0
    # via
    #   -r requirements/base.txt
    #   cheroot
    #   cherrypy
    #   jaraco-functools
    #   jaraco-text
msgpack==1.1.2
    # via -r requirements/base.txt
multidict==6.7.1
    # via
    #   -r requirements/base.txt
    #   aiohttp
    #   yarl
opentelemetry-api==1.42.1
    # via
    #   -r requirements/base.txt
    #   opentelemetry-exporter-otlp-proto-http
    #   opentelemetry-exporter-prometheus
    #   opentelemetry-sdk
    #   opentelemetry-semantic-conventions
opentelemetry-exporter-otlp-proto-common==1.42.1
    # via opentelemetry-exporter-otlp-proto-http
opentelemetry-exporter-otlp-proto-http==1.42.1
    # via -r requirements/base.txt
opentelemetry-exporter-prometheus==0.63b1
    # via -r requirements/base.txt
opentelemetry-proto==1.42.1
    # via
    #   opentelemetry-exporter-otlp-proto-common
    #   opentelemetry-exporter-otlp-proto-http
opentelemetry-sdk==1.42.1
    # via
    #   -r requirements/base.txt
    #   opentelemetry-exporter-otlp-proto-http
    #   opentelemetry-exporter-prometheus
opentelemetry-semantic-conventions==0.63b1
    # via opentelemetry-sdk
packaging==24.0
    # via -r requirements/base.txt
platformdirs==4.5.1
    # via
    #   python-discovery
    #   virtualenv
portend==3.1.0
    # via cherrypy
prometheus-client==0.25.0
    # via opentelemetry-exporter-prometheus
propcache==0.3.2
    # via
    #   aiohttp
    #   yarl
protobuf==6.33.6
    # via
    #   googleapis-common-protos
    #   opentelemetry-proto
psutil==7.2.2
    # via -r requirements/base.txt
pyasn1==0.6.3
    # via -r requirements/base.txt
pycparser==3.0
    # via
    #   -r requirements/base.txt
    #   -r requirements/static/pkg/freebsd.txt
    #   cffi
pycryptodomex==3.23.0
    # via
    #   -r requirements/base.txt
    #   -r requirements/crypto.txt
pygments==2.20.0
    # via rich
pymssql==2.3.11 ; sys_platform == 'win32'
    # via -r requirements/base.txt
pyopenssl==26.2.0
    # via
    #   -r requirements/base.txt
    #   -r requirements/static/pkg/freebsd.txt
python-dateutil==2.9.0.post0
    # via
    #   -r requirements/base.txt
    #   -r requirements/static/pkg/freebsd.txt
    #   croniter
python-discovery==1.4.0
    # via virtualenv
python-gnupg==0.5.6
    # via
    #   -r requirements/base.txt
    #   -r requirements/static/pkg/freebsd.txt
pythonnet==3.1.0 ; sys_platform == 'win32'
    # via -r requirements/base.txt
pytz==2024.1
    # via tempora
pywin32==312 ; sys_platform == 'win32'
    # via
    #   -r requirements/base.txt
    #   wmi
pyyaml==6.0.3
    # via -r requirements/base.txt
pyzmq==27.1.0
    # via -r requirements/zeromq.txt
requests==2.33.1
    # via
    #   -r requirements/base.txt
    #   apache-libcloud
    #   opentelemetry-exporter-otlp-proto-http
    #   vultr
rich==15.0.0
    # via typer
rpm-vercmp==0.1.2 ; sys_platform == 'linux'
    # via -r requirements/base.txt
setproctitle==1.3.7
    # via
    #   -r requirements/base.txt
    #   -r requirements/static/pkg/freebsd.txt
setuptools==82.0.0
    # via
    #   -c requirements/constraints.txt
    #   zc-lockfile
shellingham==1.5.4
    # via typer
six==1.16.0
    # via python-dateutil
smmap==5.0.2
    # via gitdb
tempora==5.3.0
    # via portend
timelib==0.3.0
    # via
    #   -r requirements/base.txt
    #   -r requirements/static/pkg/freebsd.txt
tornado==6.5.7
    # via -r requirements/base.txt
truststore==0.10.4
    # via -r requirements/base.txt
typer==0.26.7
    # via typer-slim
typer-slim==0.24.0
    # via jaraco-text
typing-extensions==4.14.1
    # via
    #   aiohttp
    #   aiosignal
    #   opentelemetry-api
    #   opentelemetry-exporter-otlp-proto-http
    #   opentelemetry-sdk
    #   opentelemetry-semantic-conventions
    #   pyopenssl
urllib3==2.7.0
    # via
    #   -r requirements/base.txt
    #   requests
virtualenv==21.4.2
    # via -r requirements/base.txt
vultr==1.0.1
    # via -r requirements/base.txt
wmi==1.5.1 ; sys_platform == 'win32'
    # via -r requirements/base.txt
xmltodict==1.0.4 ; sys_platform == 'win32'
    # via -r requirements/base.txt
xxhash==3.7.0
    # via -r requirements/base.txt
yarl==1.20.1
    # via aiohttp
zc-lockfile==3.0.post1
    # via cherrypy
zipp==4.1.0
    # via
    #   -r requirements/base.txt
    #   importlib-metadata
